// !$*UTF8*$!
{
	archiveVersion = 1;
	classes = {
	};
	objectVersion = 55;
	objects = {

/* Begin PBXBuildFile section */
		5C307F7428CB945A007DEC73 /* NewToDoView.swift in Sources */ = {isa = PBXBuildFile; fileRef = 5C307F7328CB945A007DEC73 /* NewToDoView.swift */; };
		5C307F7628CB9B3A007DEC73 /* BackgroundView.swift in Sources */ = {isa = PBXBuildFile; fileRef = 5C307F7528CB9B3A007DEC73 /* BackgroundView.swift */; };
		5C307F7828CB9C49007DEC73 /* NoDataView.swift in Sources */ = {isa = PBXBuildFile; fileRef = 5C307F7728CB9C49007DEC73 /* NoDataView.swift */; };
		5C307F7A28CB9FFA007DEC73 /* ToDoListRow.swift in Sources */ = {isa = PBXBuildFile; fileRef = 5C307F7928CB9FFA007DEC73 /* ToDoListRow.swift */; };
		5C84F07428CF9AFD0047D90D /* Persistence.swift in Sources */ = {isa = PBXBuildFile; fileRef = 5C84F07328CF9AFD0047D90D /* Persistence.swift */; };
		5C84F07728CFA14B0047D90D /* ToDoList.xcdatamodeld in Sources */ = {isa = PBXBuildFile; fileRef = 5C84F07528CFA14B0047D90D /* ToDoList.xcdatamodeld */; };
		5C94322F28CAD0C300C3A873 /* SwiftUIToDoListApp.swift in Sources */ = {isa = PBXBuildFile; fileRef = 5C94322E28CAD0C300C3A873 /* SwiftUIToDoListApp.swift */; };
		5C94323128CAD0C300C3A873 /* ContentView.swift in Sources */ = {isa = PBXBuildFile; fileRef = 5C94323028CAD0C300C3A873 /* ContentView.swift */; };
		5C94323328CAD0C300C3A873 /* Assets.xcassets in Resources */ = {isa = PBXBuildFile; fileRef = 5C94323228CAD0C300C3A873 /* Assets.xcassets */; };
		5C94323628CAD0C300C3A873 /* Preview Assets.xcassets in Resources */ = {isa = PBXBuildFile; fileRef = 5C94323528CAD0C300C3A873 /* Preview Assets.xcassets */; };
		5C94323E28CAD10300C3A873 /* ToDoItem.swift in Sources */ = {isa = PBXBuildFile; fileRef = 5C94323D28CAD10300C3A873 /* ToDoItem.swift */; };
		5C94324228CAD50B00C3A873 /* CheckBoxStyle.swift in Sources */ = {isa = PBXBuildFile; fileRef = 5C94324128CAD50B00C3A873 /* CheckBoxStyle.swift */; };
/* End PBXBuildFile section */

/* Begin PBXFileReference section */
		5C307F7328CB945A007DEC73 /* NewToDoView.swift */ = {isa = PBXFileReference; lastKnownFileType = sourcecode.swift; path = NewToDoView.swift; sourceTree = "<group>"; };
		5C307F7528CB9B3A007DEC73 /* BackgroundView.swift */ = {isa = PBXFileReference; lastKnownFileType = sourcecode.swift; path = BackgroundView.swift; sourceTree = "<group>"; };
		5C307F7728CB9C49007DEC73 /* NoDataView.swift */ = {isa = PBXFileReference; lastKnownFileType = sourcecode.swift; path = NoDataView.swift; sourceTree = "<group>"; };
		5C307F7928CB9FFA007DEC73 /* ToDoListRow.swift */ = {isa = PBXFileReference; lastKnownFileType = sourcecode.swift; path = ToDoListRow.swift; sourceTree = "<group>"; };
		5C84F07328CF9AFD0047D90D /* Persistence.swift */ = {isa = PBXFileReference; lastKnownFileType = sourcecode.swift; path = Persistence.swift; sourceTree = "<group>"; };
		5C84F07628CFA14B0047D90D /* ToDoList.xcdatamodel */ = {isa = PBXFileReference; lastKnownFileType = wrapper.xcdatamodel; path = ToDoList.xcdatamodel; sourceTree = "<group>"; };
		5C94322B28CAD0C300C3A873 /* SwiftUIToDoList.app */ = {isa = PBXFileReference; explicitFileType = wrapper.application; includeInIndex = 0; path = SwiftUIToDoList.app; sourceTree = BUILT_PRODUCTS_DIR; };
		5C94322E28CAD0C300C3A873 /* SwiftUIToDoListApp.swift */ = {isa = PBXFileReference; lastKnownFileType = sourcecode.swift; path = SwiftUIToDoListApp.swift; sourceTree = "<group>"; };
		5C94323028CAD0C300C3A873 /* ContentView.swift */ = {isa = PBXFileReference; lastKnownFileType = sourcecode.swift; path = ContentView.swift; sourceTree = "<group>"; };
		5C94323228CAD0C300C3A873 /* Assets.xcassets */ = {isa = PBXFileReference; lastKnownFileType = folder.assetcatalog; path = Assets.xcassets; sourceTree = "<group>"; };
		5C94323528CAD0C300C3A873 /* Preview Assets.xcassets */ = {isa = PBXFileReference; lastKnownFileType = folder.assetcatalog; path = "Preview Assets.xcassets"; sourceTree = "<group>"; };
		5C94323D28CAD10300C3A873 /* ToDoItem.swift */ = {isa = PBXFileReference; lastKnownFileType = sourcecode.swift; path = ToDoItem.swift; sourceTree = "<group>"; };
		5C94324128CAD50B00C3A873 /* CheckBoxStyle.swift */ = {isa = PBXFileReference; lastKnownFileType = sourcecode.swift; path = CheckBoxStyle.swift; sourceTree = "<group>"; };
/* End PBXFileReference section */

/* Begin PBXFrameworksBuildPhase section */
		5C94322828CAD0C300C3A873 /* Frameworks */ = {
			isa = PBXFrameworksBuildPhase;
			buildActionMask = 2147483647;
			files = (
			);
			runOnlyForDeploymentPostprocessing = 0;
		};
/* End PBXFrameworksBuildPhase section */

/* Begin PBXGroup section */
		5C94322228CAD0C300C3A873 = {
			isa = PBXGroup;
			children = (
				5C94322D28CAD0C300C3A873 /* SwiftUIToDoList */,
				5C94322C28CAD0C300C3A873 /* Products */,
			);
			sourceTree = "<group>";
		};
		5C94322C28CAD0C300C3A873 /* Products */ = {
			isa = PBXGroup;
			children = (
				5C94322B28CAD0C300C3A873 /* SwiftUIToDoList.app */,
			);
			name = Products;
			sourceTree = "<group>";
		};
		5C94322D28CAD0C300C3A873 /* SwiftUIToDoList */ = {
			isa = PBXGroup;
			children = (
				5C94323F28CAD4E300C3A873 /* View */,
				5C94323C28CAD0F200C3A873 /* Model */,
				5C94322E28CAD0C300C3A873 /* SwiftUIToDoListApp.swift */,
				5C94323228CAD0C300C3A873 /* Assets.xcassets */,
				5C94323428CAD0C300C3A873 /* Preview Content */,
				5C84F07528CFA14B0047D90D /* ToDoList.xcdatamodeld */,
			);
			path = SwiftUIToDoList;
			sourceTree = "<group>";
		};
		5C94323428CAD0C300C3A873 /* Preview Content */ = {
			isa = PBXGroup;
			children = (
				5C94323528CAD0C300C3A873 /* Preview Assets.xcassets */,
			);
			path = "Preview Content";
			sourceTree = "<group>";
		};
		5C94323C28CAD0F200C3A873 /* Model */ = {
			isa = PBXGroup;
			children = (
				5C94323D28CAD10300C3A873 /* ToDoItem.swift */,
				5C84F07328CF9AFD0047D90D /* Persistence.swift */,
			);
			path = Model;
			sourceTree = "<group>";
		};
		5C94323F28CAD4E300C3A873 /* View */ = {
			isa = PBXGroup;
			children = (
				5C94324028CAD4EF00C3A873 /* Style */,
				5C307F7328CB945A007DEC73 /* NewToDoView.swift */,
				5C307F7528CB9B3A007DEC73 /* BackgroundView.swift */,
				5C307F7728CB9C49007DEC73 /* NoDataView.swift */,
				5C307F7928CB9FFA007DEC73 /* ToDoListRow.swift */,
				5C94323028CAD0C300C3A873 /* ContentView.swift */,
			);
			path = View;
			sourceTree = "<group>";
		};
		5C94324028CAD4EF00C3A873 /* Style */ = {
			isa = PBXGroup;
			children = (
				5C94324128CAD50B00C3A873 /* CheckBoxStyle.swift */,
			);
			path = Style;
			sourceTree = "<group>";
		};
/* End PBXGroup section */

/* Begin PBXNativeTarget section */
		5C94322A28CAD0C300C3A873 /* SwiftUIToDoList */ = {
			isa = PBXNativeTarget;
			buildConfigurationList = 5C94323928CAD0C300C3A873 /* Build configuration list for PBXNativeTarget "SwiftUIToDoList" */;
			buildPhases = (
				5C94322728CAD0C300C3A873 /* Sources */,
				5C94322828CAD0C300C3A873 /* Frameworks */,
				5C94322928CAD0C300C3A873 /* Resources */,
			);
			buildRules = (
			);
			dependencies = (
			);
			name = SwiftUIToDoList;
			productName = SwiftUIToDoList;
			productReference = 5C94322B28CAD0C300C3A873 /* SwiftUIToDoList.app */;
			productType = "com.apple.product-type.application";
		};
/* End PBXNativeTarget section */

/* Begin PBXProject section */
		5C94322328CAD0C300C3A873 /* Project object */ = {
			isa = PBXProject;
			attributes = {
				BuildIndependentTargetsInParallel = 1;
				LastSwiftUpdateCheck = 1340;
				LastUpgradeCheck = 1340;
				TargetAttributes = {
					5C94322A28CAD0C300C3A873 = {
						CreatedOnToolsVersion = 13.4.1;
					};
				};
			};
			buildConfigurationList = 5C94322628CAD0C300C3A873 /* Build configuration list for PBXProject "SwiftUIToDoList" */;
			compatibilityVersion = "Xcode 13.0";
			developmentRegion = en;
			hasScannedForEncodings = 0;
			knownRegions = (
				en,
				Base,
			);
			mainGroup = 5C94322228CAD0C300C3A873;
			productRefGroup = 5C94322C28CAD0C300C3A873 /* Products */;
			projectDirPath = "";
			projectRoot = "";
			targets = (
				5C94322A28CAD0C300C3A873 /* SwiftUIToDoList */,
			);
		};
/* End PBXProject section */

/* Begin PBXResourcesBuildPhase section */
		5C94322928CAD0C300C3A873 /* Resources */ = {
			isa = PBXResourcesBuildPhase;
			buildActionMask = 2147483647;
			files = (
				5C94323628CAD0C300C3A873 /* Preview Assets.xcassets in Resources */,
				5C94323328CAD0C300C3A873 /* Assets.xcassets in Resources */,
			);
			runOnlyForDeploymentPostprocessing = 0;
		};
/* End PBXResourcesBuildPhase section */

/* Begin PBXSourcesBuildPhase section */
		5C94322728CAD0C300C3A873 /* Sources */ = {
			isa = PBXSourcesBuildPhase;
			buildActionMask = 2147483647;
			files = (
				5C84F07428CF9AFD0047D90D /* Persistence.swift in Sources */,
				5C307F7628CB9B3A007DEC73 /* BackgroundView.swift in Sources */,
				5C307F7428CB945A007DEC73 /* NewToDoView.swift in Sources */,
				5C84F07728CFA14B0047D90D /* ToDoList.xcdatamodeld in Sources */,
				5C94323128CAD0C300C3A873 /* ContentView.swift in Sources */,
				5C307F7828CB9C49007DEC73 /* NoDataView.swift in Sources */,
				5C94322F28CAD0C300C3A873 /* SwiftUIToDoListApp.swift in Sources */,
				5C94324228CAD50B00C3A873 /* CheckBoxStyle.swift in Sources */,
				5C307F7A28CB9FFA007DEC73 /* ToDoListRow.swift in Sources */,
				5C94323E28CAD10300C3A873 /* ToDoItem.swift in Sources */,
			);
			runOnlyForDeploymentPostprocessing = 0;
		};
/* End PBXSourcesBuildPhase section */

/* Begin XCBuildConfiguration section */
		5C94323728CAD0C300C3A873 /* Debug */ = {
			isa = XCBuildConfiguration;
			buildSettings = {
				ALWAYS_SEARCH_USER_PATHS = NO;
				CLANG_ANALYZER_NONNULL = YES;
				CLANG_ANALYZER_NUMBER_OBJECT_CONVERSION = YES_AGGRESSIVE;
				CLANG_CXX_LANGUAGE_STANDARD = "gnu++17";
				CLANG_ENABLE_MODULES = YES;
				CLANG_ENABLE_OBJC_ARC = YES;
				CLANG_ENABLE_OBJC_WEAK = YES;
				CLANG_WARN_BLOCK_CAPTURE_AUTORELEASING = YES;
				CLANG_WARN_BOOL_CONVERSION = YES;
				CLANG_WARN_COMMA = YES;
				CLANG_WARN_CONSTANT_CONVERSION = YES;
				CLANG_WARN_DEPRECATED_OBJC_IMPLEMENTATIONS = YES;
				CLANG_WARN_DIRECT_OBJC_ISA_USAGE = YES_ERROR;
				CLANG_WARN_DOCUMENTATION_COMMENTS = YES;
				CLANG_WARN_EMPTY_BODY = YES;
				CLANG_WARN_ENUM_CONVERSION = YES;
				CLANG_WARN_INFINITE_RECURSION = YES;
				CLANG_WARN_INT_CONVERSION = YES;
				CLANG_WARN_NON_LITERAL_NULL_CONVERSION = YES;
				CLANG_WARN_OBJC_IMPLICIT_RETAIN_SELF = YES;
				CLANG_WARN_OBJC_LITERAL_CONVERSION = YES;
				CLANG_WARN_OBJC_ROOT_CLASS = YES_ERROR;
				CLANG_WARN_QUOTED_INCLUDE_IN_FRAMEWORK_HEADER = YES;
				CLANG_WARN_RANGE_LOOP_ANALYSIS = YES;
				CLANG_WARN_STRICT_PROTOTYPES = YES;
				CLANG_WARN_SUSPICIOUS_MOVE = YES;
				CLANG_WARN_UNGUARDED_AVAILABILITY = YES_AGGRESSIVE;
				CLANG_WARN_UNREACHABLE_CODE = YES;
				CLANG_WARN__DUPLICATE_METHOD_MATCH = YES;
				COPY_PHASE_STRIP = NO;
				DEBUG_INFORMATION_FORMAT = dwarf;
				ENABLE_STRICT_OBJC_MSGSEND = YES;
				ENABLE_TESTABILITY = YES;
				GCC_C_LANGUAGE_STANDARD = gnu11;
				GCC_DYNAMIC_NO_PIC = NO;
				GCC_NO_COMMON_BLOCKS = YES;
				GCC_OPTIMIZATION_LEVEL = 0;
				GCC_PREPROCESSOR_DEFINITIONS = (
					"DEBUG=1",
					"$(inherited)",
				);
				GCC_WARN_64_TO_32_BIT_CONVERSION = YES;
				GCC_WARN_ABOUT_RETURN_TYPE = YES_ERROR;
				GCC_WARN_UNDECLARED_SELECTOR = YES;
				GCC_WARN_UNINITIALIZED_AUTOS = YES_AGGRESSIVE;
				GCC_WARN_UNUSED_FUNCTION = YES;
				GCC_WARN_UNUSED_VARIABLE = YES;
				IPHONEOS_DEPLOYMENT_TARGET = 15.5;
				MTL_ENABLE_DEBUG_INFO = INCLUDE_SOURCE;
				MTL_FAST_MATH = YES;
				ONLY_ACTIVE_ARCH = YES;
				SDKROOT = iphoneos;
				SWIFT_ACTIVE_COMPILATION_CONDITIONS = DEBUG;
				SWIFT_OPTIMIZATION_LEVEL = "-Onone";
			};
			name = Debug;
		};
		5C94323828CAD0C300C3A873 /* Release */ = {
			isa = XCBuildConfiguration;
			buildSettings = {
				ALWAYS_SEARCH_USER_PATHS = NO;
				CLANG_ANALYZER_NONNULL = YES;
				CLANG_ANALYZER_NUMBER_OBJECT_CONVERSION = YES_AGGRESSIVE;
				CLANG_CXX_LANGUAGE_STANDARD = "gnu++17";
				CLANG_ENABLE_MODULES = YES;
				CLANG_ENABLE_OBJC_ARC = YES;
				CLANG_ENABLE_OBJC_WEAK = YES;
				CLANG_WARN_BLOCK_CAPTURE_AUTORELEASING = YES;
				CLANG_WARN_BOOL_CONVERSION = YES;
				CLANG_WARN_COMMA = YES;
				CLANG_WARN_CONSTANT_CONVERSION = YES;
				CLANG_WARN_DEPRECATED_OBJC_IMPLEMENTATIONS = YES;
				CLANG_WARN_DIRECT_OBJC_ISA_USAGE = YES_ERROR;
				CLANG_WARN_DOCUMENTATION_COMMENTS = YES;
				CLANG_WARN_EMPTY_BODY = YES;
				CLANG_WARN_ENUM_CONVERSION = YES;
				CLANG_WARN_INFINITE_RECURSION = YES;
				CLANG_WARN_INT_CONVERSION = YES;
				CLANG_WARN_NON_LITERAL_NULL_CONVERSION = YES;
				CLANG_WARN_OBJC_IMPLICIT_RETAIN_SELF = YES;
				CLANG_WARN_OBJC_LITERAL_CONVERSION = YES;
				CLANG_WARN_OBJC_ROOT_CLASS = YES_ERROR;
				CLANG_WARN_QUOTED_INCLUDE_IN_FRAMEWORK_HEADER = YES;
				CLANG_WARN_RANGE_LOOP_ANALYSIS = YES;
				CLANG_WARN_STRICT_PROTOTYPES = YES;
				CLANG_WARN_SUSPICIOUS_MOVE = YES;
				CLANG_WARN_UNGUARDED_AVAILABILITY = YES_AGGRESSIVE;
				CLANG_WARN_UNREACHABLE_CODE = YES;
				CLANG_WARN__DUPLICATE_METHOD_MATCH = YES;
				COPY_PHASE_STRIP = NO;
				DEBUG_INFORMATION_FORMAT = "dwarf-with-dsym";
				ENABLE_NS_ASSERTIONS = NO;
				ENABLE_STRICT_OBJC_MSGSEND = YES;
				GCC_C_LANGUAGE_STANDARD = gnu11;
				GCC_NO_COMMON_BLOCKS = YES;
				GCC_WARN_64_TO_32_BIT_CONVERSION = YES;
				GCC_WARN_ABOUT_RETURN_TYPE = YES_ERROR;
				GCC_WARN_UNDECLARED_SELECTOR = YES;
				GCC_WARN_UNINITIALIZED_AUTOS = YES_AGGRESSIVE;
				GCC_WARN_UNUSED_FUNCTION = YES;
				GCC_WARN_UNUSED_VARIABLE = YES;
				IPHONEOS_DEPLOYMENT_TARGET = 15.5;
				MTL_ENABLE_DEBUG_INFO = NO;
				MTL_FAST_MATH = YES;
				SDKROOT = iphoneos;
				SWIFT_COMPILATION_MODE = wholemodule;
				SWIFT_OPTIMIZATION_LEVEL = "-O";
				VALIDATE_PRODUCT = YES;
			};
			name = Release;
		};
		5C94323A28CAD0C300C3A873 /* Debug */ = {
			isa = XCBuildConfiguration;
			buildSettings = {
				ASSETCATALOG_COMPILER_APPICON_NAME = AppIcon;
				ASSETCATALOG_COMPILER_GLOBAL_ACCENT_COLOR_NAME = AccentColor;
				CODE_SIGN_STYLE = Automatic;
				CURRENT_PROJECT_VERSION = 1;
				DEVELOPMENT_ASSET_PATHS = "\"SwiftUIToDoList/Preview Content\"";
				DEVELOPMENT_TEAM = Q537G68YQ8;
				ENABLE_PREVIEWS = YES;
				GENERATE_INFOPLIST_FILE = YES;
				INFOPLIST_KEY_UIApplicationSceneManifest_Generation = YES;
				INFOPLIST_KEY_UIApplicationSupportsIndirectInputEvents = YES;
				INFOPLIST_KEY_UILaunchScreen_Generation = YES;
				INFOPLIST_KEY_UISupportedInterfaceOrientations_iPad = "UIInterfaceOrientationPortrait UIInterfaceOrientationPortraitUpsideDown UIInterfaceOrientationLandscapeLeft UIInterfaceOrientationLandscapeRight";
				INFOPLIST_KEY_UISupportedInterfaceOrientations_iPhone = "UIInterfaceOrientationPortrait UIInterfaceOrientationLandscapeLeft UIInterfaceOrientationLandscapeRight";
				LD_RUNPATH_SEARCH_PATHS = (
					"$(inherited)",
					"@executable_path/Frameworks",
				);
				MARKETING_VERSION = 1.0;
				PRODUCT_BUNDLE_IDENTIFIER = com.edgaradrian.mx.SwiftUIToDoList;
				PRODUCT_NAME = "$(TARGET_NAME)";
				SWIFT_EMIT_LOC_STRINGS = YES;
				SWIFT_VERSION = 5.0;
				TARGETED_DEVICE_FAMILY = "1,2";
			};
			name = Debug;
		};
		5C94323B28CAD0C300C3A873 /* Release */ = {
			isa = XCBuildConfiguration;
			buildSettings = {
				ASSETCATALOG_COMPILER_APPICON_NAME = AppIcon;
				ASSETCATALOG_COMPILER_GLOBAL_ACCENT_COLOR_NAME = AccentColor;
				CODE_SIGN_STYLE = Automatic;
				CURRENT_PROJECT_VERSION = 1;
				DEVELOPMENT_ASSET_PATHS = "\"SwiftUIToDoList/Preview Content\"";
				DEVELOPMENT_TEAM = Q537G68YQ8;
				ENABLE_PREVIEWS = YES;
				GENERATE_INFOPLIST_FILE = YES;
				INFOPLIST_KEY_UIApplicationSceneManifest_Generation = YES;
				INFOPLIST_KEY_UIApplicationSupportsIndirectInputEvents = YES;
				INFOPLIST_KEY_UILaunchScreen_Generation = YES;
				INFOPLIST_KEY_UISupportedInterfaceOrientations_iPad = "UIInterfaceOrientationPortrait UIInterfaceOrientationPortraitUpsideDown UIInterfaceOrientationLandscapeLeft UIInterfaceOrientationLandscapeRight";
				INFOPLIST_KEY_UISupportedInterfaceOrientations_iPhone = "UIInterfaceOrientationPortrait UIInterfaceOrientationLandscapeLeft UIInterfaceOrientationLandscapeRight";
				LD_RUNPATH_SEARCH_PATHS = (
					"$(inherited)",
					"@executable_path/Frameworks",
				);
				MARKETING_VERSION = 1.0;
				PRODUCT_BUNDLE_IDENTIFIER = com.edgaradrian.mx.SwiftUIToDoList;
				PRODUCT_NAME = "$(TARGET_NAME)";
				SWIFT_EMIT_LOC_STRINGS = YES;
				SWIFT_VERSION = 5.0;
				TARGETED_DEVICE_FAMILY = "1,2";
			};
			name = Release;
		};
/* End XCBuildConfiguration section */

/* Begin XCConfigurationList section */
		5C94322628CAD0C300C3A873 /* Build configuration list for PBXProject "SwiftUIToDoList" */ = {
			isa = XCConfigurationList;
			buildConfigurations = (
				5C94323728CAD0C300C3A873 /* Debug */,
				5C94323828CAD0C300C3A873 /* Release */,
			);
			defaultConfigurationIsVisible = 0;
			defaultConfigurationName = Release;
		};
		5C94323928CAD0C300C3A873 /* Build configuration list for PBXNativeTarget "SwiftUIToDoList" */ = {
			isa = XCConfigurationList;
			buildConfigurations = (
				5C94323A28CAD0C300C3A873 /* Debug */,
				5C94323B28CAD0C300C3A873 /* Release */,
			);
			defaultConfigurationIsVisible = 0;
			defaultConfigurationName = Release;
		};
/* End XCConfigurationList section */

/* Begin XCVersionGroup section */
		5C84F07528CFA14B0047D90D /* ToDoList.xcdatamodeld */ = {
			isa = XCVersionGroup;
			children = (
				5C84F07628CFA14B0047D90D /* ToDoList.xcdatamodel */,
			);
			currentVersion = 5C84F07628CFA14B0047D90D /* ToDoList.xcdatamodel */;
			path = ToDoList.xcdatamodeld;
			sourceTree = "<group>";
			versionGroupType = wrapper.xcdatamodel;
		};
/* End XCVersionGroup section */
	};
	rootObject = 5C94322328CAD0C300C3A873 /* Project object */;
}
