// !$*UTF8*$!
{
	archiveVersion = 1;
	classes = {
	};
	objectVersion = 50;
	objects = {

/* Begin PBXBuildFile section */
		1316DDA724832B4D00C61105 /* AppDelegate.swift in Sources */ = {isa = PBXBuildFile; fileRef = 1316DDA624832B4D00C61105 /* AppDelegate.swift */; };
		1316DDA924832B4D00C61105 /* SceneDelegate.swift in Sources */ = {isa = PBXBuildFile; fileRef = 1316DDA824832B4D00C61105 /* SceneDelegate.swift */; };
		1316DDAB24832B4D00C61105 /* ContentView.swift in Sources */ = {isa = PBXBuildFile; fileRef = 1316DDAA24832B4D00C61105 /* ContentView.swift */; };
		1316DDAD24832B4F00C61105 /* Assets.xcassets in Resources */ = {isa = PBXBuildFile; fileRef = 1316DDAC24832B4F00C61105 /* Assets.xcassets */; };
		1316DDB024832B4F00C61105 /* Preview Assets.xcassets in Resources */ = {isa = PBXBuildFile; fileRef = 1316DDAF24832B4F00C61105 /* Preview Assets.xcassets */; };
		1316DDB324832B4F00C61105 /* LaunchScreen.storyboard in Resources */ = {isa = PBXBuildFile; fileRef = 1316DDB124832B4F00C61105 /* LaunchScreen.storyboard */; };
/* End PBXBuildFile section */

/* Begin PBXFileReference section */
		1316DDA324832B4D00C61105 /* SwiftUIDiceExample.app */ = {isa = PBXFileReference; explicitFileType = wrapper.application; includeInIndex = 0; path = SwiftUIDiceExample.app; sourceTree = BUILT_PRODUCTS_DIR; };
		1316DDA624832B4D00C61105 /* AppDelegate.swift */ = {isa = PBXFileReference; lastKnownFileType = sourcecode.swift; path = AppDelegate.swift; sourceTree = "<group>"; };
		1316DDA824832B4D00C61105 /* SceneDelegate.swift */ = {isa = PBXFileReference; lastKnownFileType = sourcecode.swift; path = SceneDelegate.swift; sourceTree = "<group>"; };
		1316DDAA24832B4D00C61105 /* ContentView.swift */ = {isa = PBXFileReference; lastKnownFileType = sourcecode.swift; path = ContentView.swift; sourceTree = "<group>"; };
		1316DDAC24832B4F00C61105 /* Assets.xcassets */ = {isa = PBXFileReference; lastKnownFileType = folder.assetcatalog; path = Assets.xcassets; sourceTree = "<group>"; };
		1316DDAF24832B4F00C61105 /* Preview Assets.xcassets */ = {isa = PBXFileReference; lastKnownFileType = folder.assetcatalog; path = "Preview Assets.xcassets"; sourceTree = "<group>"; };
		1316DDB224832B4F00C61105 /* Base */ = {isa = PBXFileReference; lastKnownFileType = file.storyboard; name = Base; path = Base.lproj/LaunchScreen.storyboard; sourceTree = "<group>"; };
		1316DDB424832B4F00C61105 /* Info.plist */ = {isa = PBXFileReference; lastKnownFileType = text.plist.xml; path = Info.plist; sourceTree = "<group>"; };
/* End PBXFileReference section */

/* Begin PBXFrameworksBuildPhase section */
		1316DDA024832B4D00C61105 /* Frameworks */ = {
			isa = PBXFrameworksBuildPhase;
			buildActionMask = 2147483647;
			files = (
			);
			runOnlyForDeploymentPostprocessing = 0;
		};
/* End PBXFrameworksBuildPhase section */

/* Begin PBXGroup section */
		1316DD9A24832B4D00C61105 = {
			isa = PBXGroup;
			children = (
				1316DDA524832B4D00C61105 /* SwiftUIDiceExample */,
				1316DDA424832B4D00C61105 /* Products */,
			);
			sourceTree = "<group>";
		};
		1316DDA424832B4D00C61105 /* Products */ = {
			isa = PBXGroup;
			children = (
				1316DDA324832B4D00C61105 /* SwiftUIDiceExample.app */,
			);
			name = Products;
			sourceTree = "<group>";
		};
		1316DDA524832B4D00C61105 /* SwiftUIDiceExample */ = {
			isa = PBXGroup;
			children = (
				1316DDA624832B4D00C61105 /* AppDelegate.swift */,
				1316DDA824832B4D00C61105 /* SceneDelegate.swift */,
				1316DDAA24832B4D00C61105 /* ContentView.swift */,
				1316DDAC24832B4F00C61105 /* Assets.xcassets */,
				1316DDB124832B4F00C61105 /* LaunchScreen.storyboard */,
				1316DDB424832B4F00C61105 /* Info.plist */,
				1316DDAE24832B4F00C61105 /* Preview Content */,
			);
			path = SwiftUIDiceExample;
			sourceTree = "<group>";
		};
		1316DDAE24832B4F00C61105 /* Preview Content */ = {
			isa = PBXGroup;
			children = (
				1316DDAF24832B4F00C61105 /* Preview Assets.xcassets */,
			);
			path = "Preview Content";
			sourceTree = "<group>";
		};
/* End PBXGroup section */

/* Begin PBXNativeTarget section */
		1316DDA224832B4D00C61105 /* SwiftUIDiceExample */ = {
			isa = PBXNativeTarget;
			buildConfigurationList = 1316DDB724832B4F00C61105 /* Build configuration list for PBXNativeTarget "SwiftUIDiceExample" */;
			buildPhases = (
				1316DD9F24832B4D00C61105 /* Sources */,
				1316DDA024832B4D00C61105 /* Frameworks */,
				1316DDA124832B4D00C61105 /* Resources */,
			);
			buildRules = (
			);
			dependencies = (
			);
			name = SwiftUIDiceExample;
			productName = SwiftUIDiceExample;
			productReference = 1316DDA324832B4D00C61105 /* SwiftUIDiceExample.app */;
			productType = "com.apple.product-type.application";
		};
/* End PBXNativeTarget section */

/* Begin PBXProject section */
		1316DD9B24832B4D00C61105 /* Project object */ = {
			isa = PBXProject;
			attributes = {
				LastSwiftUpdateCheck = 1150;
				LastUpgradeCheck = 1150;
				ORGANIZATIONNAME = "Edgar Ruiz";
				TargetAttributes = {
					1316DDA224832B4D00C61105 = {
						CreatedOnToolsVersion = 11.5;
					};
				};
			};
			buildConfigurationList = 1316DD9E24832B4D00C61105 /* Build configuration list for PBXProject "SwiftUIDiceExample" */;
			compatibilityVersion = "Xcode 9.3";
			developmentRegion = en;
			hasScannedForEncodings = 0;
			knownRegions = (
				en,
				Base,
			);
			mainGroup = 1316DD9A24832B4D00C61105;
			productRefGroup = 1316DDA424832B4D00C61105 /* Products */;
			projectDirPath = "";
			projectRoot = "";
			targets = (
				1316DDA224832B4D00C61105 /* SwiftUIDiceExample */,
			);
		};
/* End PBXProject section */

/* Begin PBXResourcesBuildPhase section */
		1316DDA124832B4D00C61105 /* Resources */ = {
			isa = PBXResourcesBuildPhase;
			buildActionMask = 2147483647;
			files = (
				1316DDB324832B4F00C61105 /* LaunchScreen.storyboard in Resources */,
				1316DDB024832B4F00C61105 /* Preview Assets.xcassets in Resources */,
				1316DDAD24832B4F00C61105 /* Assets.xcassets in Resources */,
			);
			runOnlyForDeploymentPostprocessing = 0;
		};
/* End PBXResourcesBuildPhase section */

/* Begin PBXSourcesBuildPhase section */
		1316DD9F24832B4D00C61105 /* Sources */ = {
			isa = PBXSourcesBuildPhase;
			buildActionMask = 2147483647;
			files = (
				1316DDA724832B4D00C61105 /* AppDelegate.swift in Sources */,
				1316DDA924832B4D00C61105 /* SceneDelegate.swift in Sources */,
				1316DDAB24832B4D00C61105 /* ContentView.swift in Sources */,
			);
			runOnlyForDeploymentPostprocessing = 0;
		};
/* End PBXSourcesBuildPhase section */

/* Begin PBXVariantGroup section */
		1316DDB124832B4F00C61105 /* LaunchScreen.storyboard */ = {
			isa = PBXVariantGroup;
			children = (
				1316DDB224832B4F00C61105 /* Base */,
			);
			name = LaunchScreen.storyboard;
			sourceTree = "<group>";
		};
/* End PBXVariantGroup section */

/* Begin XCBuildConfiguration section */
		1316DDB524832B4F00C61105 /* Debug */ = {
			isa = XCBuildConfiguration;
			buildSettings = {
				ALWAYS_SEARCH_USER_PATHS = NO;
				CLANG_ANALYZER_NONNULL = YES;
				CLANG_ANALYZER_NUMBER_OBJECT_CONVERSION = YES_AGGRESSIVE;
				CLANG_CXX_LANGUAGE_STANDARD = "gnu++14";
				CLANG_CXX_LIBRARY = "libc++";
				CLANG_ENABLE_MODULES = YES;
				CLANG_ENABLE_OBJC_ARC = YES;
				CLANG_ENABLE_OBJC_WEAK = YES;
				CLANG_WARN_BLOCK_CAPTURE_AUTORELEASING = YES;
				CLANG_WARN_BOOL_CONVERSION = YES;
				CLANG_WARN_COMMA = YES;
				CLANG_WARN_CONSTANT_CONVERSION = YES;
				CLANG_WARN_DEPRECATED_OBJC_IMPLEMENTATIONS = YES;
				CLANG_WARN_DIRECT_OBJC_ISA_USAGE = YES_ERROR;
				CLANG_WARN_DOCUMENTATION_COMMENTS = YES;
				CLANG_WARN_EMPTY_BODY = YES;
				CLANG_WARN_ENUM_CONVERSION = YES;
				CLANG_WARN_INFINITE_RECURSION = YES;
				CLANG_WARN_INT_CONVERSION = YES;
				CLANG_WARN_NON_LITERAL_NULL_CONVERSION = YES;
				CLANG_WARN_OBJC_IMPLICIT_RETAIN_SELF = YES;
				CLANG_WARN_OBJC_LITERAL_CONVERSION = YES;
				CLANG_WARN_OBJC_ROOT_CLASS = YES_ERROR;
				CLANG_WARN_RANGE_LOOP_ANALYSIS = YES;
				CLANG_WARN_STRICT_PROTOTYPES = YES;
				CLANG_WARN_SUSPICIOUS_MOVE = YES;
				CLANG_WARN_UNGUARDED_AVAILABILITY = YES_AGGRESSIVE;
				CLANG_WARN_UNREACHABLE_CODE = YES;
				CLANG_WARN__DUPLICATE_METHOD_MATCH = YES;
				COPY_PHASE_STRIP = NO;
				DEBUG_INFORMATION_FORMAT = dwarf;
				ENABLE_STRICT_OBJC_MSGSEND = YES;
				ENABLE_TESTABILITY = YES;
				GCC_C_LANGUAGE_STANDARD = gnu11;
				GCC_DYNAMIC_NO_PIC = NO;
				GCC_NO_COMMON_BLOCKS = YES;
				GCC_OPTIMIZATION_LEVEL = 0;
				GCC_PREPROCESSOR_DEFINITIONS = (
					"DEBUG=1",
					"$(inherited)",
				);
				GCC_WARN_64_TO_32_BIT_CONVERSION = YES;
				GCC_WARN_ABOUT_RETURN_TYPE = YES_ERROR;
				GCC_WARN_UNDECLARED_SELECTOR = YES;
				GCC_WARN_UNINITIALIZED_AUTOS = YES_AGGRESSIVE;
				GCC_WARN_UNUSED_FUNCTION = YES;
				GCC_WARN_UNUSED_VARIABLE = YES;
				IPHONEOS_DEPLOYMENT_TARGET = 13.5;
				MTL_ENABLE_DEBUG_INFO = INCLUDE_SOURCE;
				MTL_FAST_MATH = YES;
				ONLY_ACTIVE_ARCH = YES;
				SDKROOT = iphoneos;
				SWIFT_ACTIVE_COMPILATION_CONDITIONS = DEBUG;
				SWIFT_OPTIMIZATION_LEVEL = "-Onone";
			};
			name = Debug;
		};
		1316DDB624832B4F00C61105 /* Release */ = {
			isa = XCBuildConfiguration;
			buildSettings = {
				ALWAYS_SEARCH_USER_PATHS = NO;
				CLANG_ANALYZER_NONNULL = YES;
				CLANG_ANALYZER_NUMBER_OBJECT_CONVERSION = YES_AGGRESSIVE;
				CLANG_CXX_LANGUAGE_STANDARD = "gnu++14";
				CLANG_CXX_LIBRARY = "libc++";
				CLANG_ENABLE_MODULES = YES;
				CLANG_ENABLE_OBJC_ARC = YES;
				CLANG_ENABLE_OBJC_WEAK = YES;
				CLANG_WARN_BLOCK_CAPTURE_AUTORELEASING = YES;
				CLANG_WARN_BOOL_CONVERSION = YES;
				CLANG_WARN_COMMA = YES;
				CLANG_WARN_CONSTANT_CONVERSION = YES;
				CLANG_WARN_DEPRECATED_OBJC_IMPLEMENTATIONS = YES;
				CLANG_WARN_DIRECT_OBJC_ISA_USAGE = YES_ERROR;
				CLANG_WARN_DOCUMENTATION_COMMENTS = YES;
				CLANG_WARN_EMPTY_BODY = YES;
				CLANG_WARN_ENUM_CONVERSION = YES;
				CLANG_WARN_INFINITE_RECURSION = YES;
				CLANG_WARN_INT_CONVERSION = YES;
				CLANG_WARN_NON_LITERAL_NULL_CONVERSION = YES;
				CLANG_WARN_OBJC_IMPLICIT_RETAIN_SELF = YES;
				CLANG_WARN_OBJC_LITERAL_CONVERSION = YES;
				CLANG_WARN_OBJC_ROOT_CLASS = YES_ERROR;
				CLANG_WARN_RANGE_LOOP_ANALYSIS = YES;
				CLANG_WARN_STRICT_PROTOTYPES = YES;
				CLANG_WARN_SUSPICIOUS_MOVE = YES;
				CLANG_WARN_UNGUARDED_AVAILABILITY = YES_AGGRESSIVE;
				CLANG_WARN_UNREACHABLE_CODE = YES;
				CLANG_WARN__DUPLICATE_METHOD_MATCH = YES;
				COPY_PHASE_STRIP = NO;
				DEBUG_INFORMATION_FORMAT = "dwarf-with-dsym";
				ENABLE_NS_ASSERTIONS = NO;
				ENABLE_STRICT_OBJC_MSGSEND = YES;
				GCC_C_LANGUAGE_STANDARD = gnu11;
				GCC_NO_COMMON_BLOCKS = YES;
				GCC_WARN_64_TO_32_BIT_CONVERSION = YES;
				GCC_WARN_ABOUT_RETURN_TYPE = YES_ERROR;
				GCC_WARN_UNDECLARED_SELECTOR = YES;
				GCC_WARN_UNINITIALIZED_AUTOS = YES_AGGRESSIVE;
				GCC_WARN_UNUSED_FUNCTION = YES;
				GCC_WARN_UNUSED_VARIABLE = YES;
				IPHONEOS_DEPLOYMENT_TARGET = 13.5;
				MTL_ENABLE_DEBUG_INFO = NO;
				MTL_FAST_MATH = YES;
				SDKROOT = iphoneos;
				SWIFT_COMPILATION_MODE = wholemodule;
				SWIFT_OPTIMIZATION_LEVEL = "-O";
				VALIDATE_PRODUCT = YES;
			};
			name = Release;
		};
		1316DDB824832B4F00C61105 /* Debug */ = {
			isa = XCBuildConfiguration;
			buildSettings = {
				ASSETCATALOG_COMPILER_APPICON_NAME = AppIcon;
				CODE_SIGN_STYLE = Automatic;
				DEVELOPMENT_ASSET_PATHS = "\"SwiftUIDiceExample/Preview Content\"";
				DEVELOPMENT_TEAM = Q537G68YQ8;
				ENABLE_PREVIEWS = YES;
				INFOPLIST_FILE = SwiftUIDiceExample/Info.plist;
				LD_RUNPATH_SEARCH_PATHS = (
					"$(inherited)",
					"@executable_path/Frameworks",
				);
				PRODUCT_BUNDLE_IDENTIFIER = com.edgaradrian.mx.SwiftUIDiceExample;
				PRODUCT_NAME = "$(TARGET_NAME)";
				SWIFT_VERSION = 5.0;
				TARGETED_DEVICE_FAMILY = "1,2";
			};
			name = Debug;
		};
		1316DDB924832B4F00C61105 /* Release */ = {
			isa = XCBuildConfiguration;
			buildSettings = {
				ASSETCATALOG_COMPILER_APPICON_NAME = AppIcon;
				CODE_SIGN_STYLE = Automatic;
				DEVELOPMENT_ASSET_PATHS = "\"SwiftUIDiceExample/Preview Content\"";
				DEVELOPMENT_TEAM = Q537G68YQ8;
				ENABLE_PREVIEWS = YES;
				INFOPLIST_FILE = SwiftUIDiceExample/Info.plist;
				LD_RUNPATH_SEARCH_PATHS = (
					"$(inherited)",
					"@executable_path/Frameworks",
				);
				PRODUCT_BUNDLE_IDENTIFIER = com.edgaradrian.mx.SwiftUIDiceExample;
				PRODUCT_NAME = "$(TARGET_NAME)";
				SWIFT_VERSION = 5.0;
				TARGETED_DEVICE_FAMILY = "1,2";
			};
			name = Release;
		};
/* End XCBuildConfiguration section */

/* Begin XCConfigurationList section */
		1316DD9E24832B4D00C61105 /* Build configuration list for PBXProject "SwiftUIDiceExample" */ = {
			isa = XCConfigurationList;
			buildConfigurations = (
				1316DDB524832B4F00C61105 /* Debug */,
				1316DDB624832B4F00C61105 /* Release */,
			);
			defaultConfigurationIsVisible = 0;
			defaultConfigurationName = Release;
		};
		1316DDB724832B4F00C61105 /* Build configuration list for PBXNativeTarget "SwiftUIDiceExample" */ = {
			isa = XCConfigurationList;
			buildConfigurations = (
				1316DDB824832B4F00C61105 /* Debug */,
				1316DDB924832B4F00C61105 /* Release */,
			);
			defaultConfigurationIsVisible = 0;
			defaultConfigurationName = Release;
		};
/* End XCConfigurationList section */
	};
	rootObject = 1316DD9B24832B4D00C61105 /* Project object */;
}
