// !$*UTF8*$!
{
	archiveVersion = 1;
	classes = {
	};
	objectVersion = 50;
	objects = {

/* Begin PBXBuildFile section */
		1378D9DA250719ED001B00D0 /* AppDelegate.swift in Sources */ = {isa = PBXBuildFile; fileRef = 1378D9D9250719ED001B00D0 /* AppDelegate.swift */; };
		1378D9DC250719ED001B00D0 /* SceneDelegate.swift in Sources */ = {isa = PBXBuildFile; fileRef = 1378D9DB250719ED001B00D0 /* SceneDelegate.swift */; };
		1378D9DE250719ED001B00D0 /* ViewController.swift in Sources */ = {isa = PBXBuildFile; fileRef = 1378D9DD250719ED001B00D0 /* ViewController.swift */; };
		1378D9E1250719ED001B00D0 /* Main.storyboard in Resources */ = {isa = PBXBuildFile; fileRef = 1378D9DF250719ED001B00D0 /* Main.storyboard */; };
		1378D9E3250719EE001B00D0 /* Assets.xcassets in Resources */ = {isa = PBXBuildFile; fileRef = 1378D9E2250719EE001B00D0 /* Assets.xcassets */; };
		1378D9E6250719EE001B00D0 /* LaunchScreen.storyboard in Resources */ = {isa = PBXBuildFile; fileRef = 1378D9E4250719EE001B00D0 /* LaunchScreen.storyboard */; };
		1378D9EE25071AEB001B00D0 /* Inceptionv3.mlmodel in Sources */ = {isa = PBXBuildFile; fileRef = 1378D9ED25071AEB001B00D0 /* Inceptionv3.mlmodel */; };
/* End PBXBuildFile section */

/* Begin PBXFileReference section */
		1378D9D6250719ED001B00D0 /* SeeFoodExample.app */ = {isa = PBXFileReference; explicitFileType = wrapper.application; includeInIndex = 0; path = SeeFoodExample.app; sourceTree = BUILT_PRODUCTS_DIR; };
		1378D9D9250719ED001B00D0 /* AppDelegate.swift */ = {isa = PBXFileReference; lastKnownFileType = sourcecode.swift; path = AppDelegate.swift; sourceTree = "<group>"; };
		1378D9DB250719ED001B00D0 /* SceneDelegate.swift */ = {isa = PBXFileReference; lastKnownFileType = sourcecode.swift; path = SceneDelegate.swift; sourceTree = "<group>"; };
		1378D9DD250719ED001B00D0 /* ViewController.swift */ = {isa = PBXFileReference; lastKnownFileType = sourcecode.swift; path = ViewController.swift; sourceTree = "<group>"; };
		1378D9E0250719ED001B00D0 /* Base */ = {isa = PBXFileReference; lastKnownFileType = file.storyboard; name = Base; path = Base.lproj/Main.storyboard; sourceTree = "<group>"; };
		1378D9E2250719EE001B00D0 /* Assets.xcassets */ = {isa = PBXFileReference; lastKnownFileType = folder.assetcatalog; path = Assets.xcassets; sourceTree = "<group>"; };
		1378D9E5250719EE001B00D0 /* Base */ = {isa = PBXFileReference; lastKnownFileType = file.storyboard; name = Base; path = Base.lproj/LaunchScreen.storyboard; sourceTree = "<group>"; };
		1378D9E7250719EE001B00D0 /* Info.plist */ = {isa = PBXFileReference; lastKnownFileType = text.plist.xml; path = Info.plist; sourceTree = "<group>"; };
		1378D9ED25071AEB001B00D0 /* Inceptionv3.mlmodel */ = {isa = PBXFileReference; lastKnownFileType = file.mlmodel; path = Inceptionv3.mlmodel; sourceTree = "<group>"; };
/* End PBXFileReference section */

/* Begin PBXFrameworksBuildPhase section */
		1378D9D3250719ED001B00D0 /* Frameworks */ = {
			isa = PBXFrameworksBuildPhase;
			buildActionMask = 2147483647;
			files = (
			);
			runOnlyForDeploymentPostprocessing = 0;
		};
/* End PBXFrameworksBuildPhase section */

/* Begin PBXGroup section */
		1378D9CD250719ED001B00D0 = {
			isa = PBXGroup;
			children = (
				1378D9D8250719ED001B00D0 /* SeeFoodExample */,
				1378D9D7250719ED001B00D0 /* Products */,
			);
			sourceTree = "<group>";
		};
		1378D9D7250719ED001B00D0 /* Products */ = {
			isa = PBXGroup;
			children = (
				1378D9D6250719ED001B00D0 /* SeeFoodExample.app */,
			);
			name = Products;
			sourceTree = "<group>";
		};
		1378D9D8250719ED001B00D0 /* SeeFoodExample */ = {
			isa = PBXGroup;
			children = (
				1378D9D9250719ED001B00D0 /* AppDelegate.swift */,
				1378D9DB250719ED001B00D0 /* SceneDelegate.swift */,
				1378D9DD250719ED001B00D0 /* ViewController.swift */,
				1378D9DF250719ED001B00D0 /* Main.storyboard */,
				1378D9E2250719EE001B00D0 /* Assets.xcassets */,
				1378D9E4250719EE001B00D0 /* LaunchScreen.storyboard */,
				1378D9E7250719EE001B00D0 /* Info.plist */,
				1378D9ED25071AEB001B00D0 /* Inceptionv3.mlmodel */,
			);
			path = SeeFoodExample;
			sourceTree = "<group>";
		};
/* End PBXGroup section */

/* Begin PBXNativeTarget section */
		1378D9D5250719ED001B00D0 /* SeeFoodExample */ = {
			isa = PBXNativeTarget;
			buildConfigurationList = 1378D9EA250719EE001B00D0 /* Build configuration list for PBXNativeTarget "SeeFoodExample" */;
			buildPhases = (
				1378D9D2250719ED001B00D0 /* Sources */,
				1378D9D3250719ED001B00D0 /* Frameworks */,
				1378D9D4250719ED001B00D0 /* Resources */,
			);
			buildRules = (
			);
			dependencies = (
			);
			name = SeeFoodExample;
			productName = SeeFoodExample;
			productReference = 1378D9D6250719ED001B00D0 /* SeeFoodExample.app */;
			productType = "com.apple.product-type.application";
		};
/* End PBXNativeTarget section */

/* Begin PBXProject section */
		1378D9CE250719ED001B00D0 /* Project object */ = {
			isa = PBXProject;
			attributes = {
				LastSwiftUpdateCheck = 1170;
				LastUpgradeCheck = 1170;
				ORGANIZATIONNAME = "Edgar Ruiz";
				TargetAttributes = {
					1378D9D5250719ED001B00D0 = {
						CreatedOnToolsVersion = 11.7;
					};
				};
			};
			buildConfigurationList = 1378D9D1250719ED001B00D0 /* Build configuration list for PBXProject "SeeFoodExample" */;
			compatibilityVersion = "Xcode 9.3";
			developmentRegion = en;
			hasScannedForEncodings = 0;
			knownRegions = (
				en,
				Base,
			);
			mainGroup = 1378D9CD250719ED001B00D0;
			productRefGroup = 1378D9D7250719ED001B00D0 /* Products */;
			projectDirPath = "";
			projectRoot = "";
			targets = (
				1378D9D5250719ED001B00D0 /* SeeFoodExample */,
			);
		};
/* End PBXProject section */

/* Begin PBXResourcesBuildPhase section */
		1378D9D4250719ED001B00D0 /* Resources */ = {
			isa = PBXResourcesBuildPhase;
			buildActionMask = 2147483647;
			files = (
				1378D9E6250719EE001B00D0 /* LaunchScreen.storyboard in Resources */,
				1378D9E3250719EE001B00D0 /* Assets.xcassets in Resources */,
				1378D9E1250719ED001B00D0 /* Main.storyboard in Resources */,
			);
			runOnlyForDeploymentPostprocessing = 0;
		};
/* End PBXResourcesBuildPhase section */

/* Begin PBXSourcesBuildPhase section */
		1378D9D2250719ED001B00D0 /* Sources */ = {
			isa = PBXSourcesBuildPhase;
			buildActionMask = 2147483647;
			files = (
				1378D9DE250719ED001B00D0 /* ViewController.swift in Sources */,
				1378D9EE25071AEB001B00D0 /* Inceptionv3.mlmodel in Sources */,
				1378D9DA250719ED001B00D0 /* AppDelegate.swift in Sources */,
				1378D9DC250719ED001B00D0 /* SceneDelegate.swift in Sources */,
			);
			runOnlyForDeploymentPostprocessing = 0;
		};
/* End PBXSourcesBuildPhase section */

/* Begin PBXVariantGroup section */
		1378D9DF250719ED001B00D0 /* Main.storyboard */ = {
			isa = PBXVariantGroup;
			children = (
				1378D9E0250719ED001B00D0 /* Base */,
			);
			name = Main.storyboard;
			sourceTree = "<group>";
		};
		1378D9E4250719EE001B00D0 /* LaunchScreen.storyboard */ = {
			isa = PBXVariantGroup;
			children = (
				1378D9E5250719EE001B00D0 /* Base */,
			);
			name = LaunchScreen.storyboard;
			sourceTree = "<group>";
		};
/* End PBXVariantGroup section */

/* Begin XCBuildConfiguration section */
		1378D9E8250719EE001B00D0 /* Debug */ = {
			isa = XCBuildConfiguration;
			buildSettings = {
				ALWAYS_SEARCH_USER_PATHS = NO;
				CLANG_ANALYZER_NONNULL = YES;
				CLANG_ANALYZER_NUMBER_OBJECT_CONVERSION = YES_AGGRESSIVE;
				CLANG_CXX_LANGUAGE_STANDARD = "gnu++14";
				CLANG_CXX_LIBRARY = "libc++";
				CLANG_ENABLE_MODULES = YES;
				CLANG_ENABLE_OBJC_ARC = YES;
				CLANG_ENABLE_OBJC_WEAK = YES;
				CLANG_WARN_BLOCK_CAPTURE_AUTORELEASING = YES;
				CLANG_WARN_BOOL_CONVERSION = YES;
				CLANG_WARN_COMMA = YES;
				CLANG_WARN_CONSTANT_CONVERSION = YES;
				CLANG_WARN_DEPRECATED_OBJC_IMPLEMENTATIONS = YES;
				CLANG_WARN_DIRECT_OBJC_ISA_USAGE = YES_ERROR;
				CLANG_WARN_DOCUMENTATION_COMMENTS = YES;
				CLANG_WARN_EMPTY_BODY = YES;
				CLANG_WARN_ENUM_CONVERSION = YES;
				CLANG_WARN_INFINITE_RECURSION = YES;
				CLANG_WARN_INT_CONVERSION = YES;
				CLANG_WARN_NON_LITERAL_NULL_CONVERSION = YES;
				CLANG_WARN_OBJC_IMPLICIT_RETAIN_SELF = YES;
				CLANG_WARN_OBJC_LITERAL_CONVERSION = YES;
				CLANG_WARN_OBJC_ROOT_CLASS = YES_ERROR;
				CLANG_WARN_RANGE_LOOP_ANALYSIS = YES;
				CLANG_WARN_STRICT_PROTOTYPES = YES;
				CLANG_WARN_SUSPICIOUS_MOVE = YES;
				CLANG_WARN_UNGUARDED_AVAILABILITY = YES_AGGRESSIVE;
				CLANG_WARN_UNREACHABLE_CODE = YES;
				CLANG_WARN__DUPLICATE_METHOD_MATCH = YES;
				COPY_PHASE_STRIP = NO;
				DEBUG_INFORMATION_FORMAT = dwarf;
				ENABLE_STRICT_OBJC_MSGSEND = YES;
				ENABLE_TESTABILITY = YES;
				GCC_C_LANGUAGE_STANDARD = gnu11;
				GCC_DYNAMIC_NO_PIC = NO;
				GCC_NO_COMMON_BLOCKS = YES;
				GCC_OPTIMIZATION_LEVEL = 0;
				GCC_PREPROCESSOR_DEFINITIONS = (
					"DEBUG=1",
					"$(inherited)",
				);
				GCC_WARN_64_TO_32_BIT_CONVERSION = YES;
				GCC_WARN_ABOUT_RETURN_TYPE = YES_ERROR;
				GCC_WARN_UNDECLARED_SELECTOR = YES;
				GCC_WARN_UNINITIALIZED_AUTOS = YES_AGGRESSIVE;
				GCC_WARN_UNUSED_FUNCTION = YES;
				GCC_WARN_UNUSED_VARIABLE = YES;
				IPHONEOS_DEPLOYMENT_TARGET = 13.7;
				MTL_ENABLE_DEBUG_INFO = INCLUDE_SOURCE;
				MTL_FAST_MATH = YES;
				ONLY_ACTIVE_ARCH = YES;
				SDKROOT = iphoneos;
				SWIFT_ACTIVE_COMPILATION_CONDITIONS = DEBUG;
				SWIFT_OPTIMIZATION_LEVEL = "-Onone";
			};
			name = Debug;
		};
		1378D9E9250719EE001B00D0 /* Release */ = {
			isa = XCBuildConfiguration;
			buildSettings = {
				ALWAYS_SEARCH_USER_PATHS = NO;
				CLANG_ANALYZER_NONNULL = YES;
				CLANG_ANALYZER_NUMBER_OBJECT_CONVERSION = YES_AGGRESSIVE;
				CLANG_CXX_LANGUAGE_STANDARD = "gnu++14";
				CLANG_CXX_LIBRARY = "libc++";
				CLANG_ENABLE_MODULES = YES;
				CLANG_ENABLE_OBJC_ARC = YES;
				CLANG_ENABLE_OBJC_WEAK = YES;
				CLANG_WARN_BLOCK_CAPTURE_AUTORELEASING = YES;
				CLANG_WARN_BOOL_CONVERSION = YES;
				CLANG_WARN_COMMA = YES;
				CLANG_WARN_CONSTANT_CONVERSION = YES;
				CLANG_WARN_DEPRECATED_OBJC_IMPLEMENTATIONS = YES;
				CLANG_WARN_DIRECT_OBJC_ISA_USAGE = YES_ERROR;
				CLANG_WARN_DOCUMENTATION_COMMENTS = YES;
				CLANG_WARN_EMPTY_BODY = YES;
				CLANG_WARN_ENUM_CONVERSION = YES;
				CLANG_WARN_INFINITE_RECURSION = YES;
				CLANG_WARN_INT_CONVERSION = YES;
				CLANG_WARN_NON_LITERAL_NULL_CONVERSION = YES;
				CLANG_WARN_OBJC_IMPLICIT_RETAIN_SELF = YES;
				CLANG_WARN_OBJC_LITERAL_CONVERSION = YES;
				CLANG_WARN_OBJC_ROOT_CLASS = YES_ERROR;
				CLANG_WARN_RANGE_LOOP_ANALYSIS = YES;
				CLANG_WARN_STRICT_PROTOTYPES = YES;
				CLANG_WARN_SUSPICIOUS_MOVE = YES;
				CLANG_WARN_UNGUARDED_AVAILABILITY = YES_AGGRESSIVE;
				CLANG_WARN_UNREACHABLE_CODE = YES;
				CLANG_WARN__DUPLICATE_METHOD_MATCH = YES;
				COPY_PHASE_STRIP = NO;
				DEBUG_INFORMATION_FORMAT = "dwarf-with-dsym";
				ENABLE_NS_ASSERTIONS = NO;
				ENABLE_STRICT_OBJC_MSGSEND = YES;
				GCC_C_LANGUAGE_STANDARD = gnu11;
				GCC_NO_COMMON_BLOCKS = YES;
				GCC_WARN_64_TO_32_BIT_CONVERSION = YES;
				GCC_WARN_ABOUT_RETURN_TYPE = YES_ERROR;
				GCC_WARN_UNDECLARED_SELECTOR = YES;
				GCC_WARN_UNINITIALIZED_AUTOS = YES_AGGRESSIVE;
				GCC_WARN_UNUSED_FUNCTION = YES;
				GCC_WARN_UNUSED_VARIABLE = YES;
				IPHONEOS_DEPLOYMENT_TARGET = 13.7;
				MTL_ENABLE_DEBUG_INFO = NO;
				MTL_FAST_MATH = YES;
				SDKROOT = iphoneos;
				SWIFT_COMPILATION_MODE = wholemodule;
				SWIFT_OPTIMIZATION_LEVEL = "-O";
				VALIDATE_PRODUCT = YES;
			};
			name = Release;
		};
		1378D9EB250719EE001B00D0 /* Debug */ = {
			isa = XCBuildConfiguration;
			buildSettings = {
				ASSETCATALOG_COMPILER_APPICON_NAME = AppIcon;
				CODE_SIGN_STYLE = Automatic;
				DEVELOPMENT_TEAM = Q537G68YQ8;
				INFOPLIST_FILE = SeeFoodExample/Info.plist;
				LD_RUNPATH_SEARCH_PATHS = (
					"$(inherited)",
					"@executable_path/Frameworks",
				);
				PRODUCT_BUNDLE_IDENTIFIER = com.edgaradrian.mx.SeeFoodExample;
				PRODUCT_NAME = "$(TARGET_NAME)";
				SWIFT_VERSION = 5.0;
				TARGETED_DEVICE_FAMILY = "1,2";
			};
			name = Debug;
		};
		1378D9EC250719EE001B00D0 /* Release */ = {
			isa = XCBuildConfiguration;
			buildSettings = {
				ASSETCATALOG_COMPILER_APPICON_NAME = AppIcon;
				CODE_SIGN_STYLE = Automatic;
				DEVELOPMENT_TEAM = Q537G68YQ8;
				INFOPLIST_FILE = SeeFoodExample/Info.plist;
				LD_RUNPATH_SEARCH_PATHS = (
					"$(inherited)",
					"@executable_path/Frameworks",
				);
				PRODUCT_BUNDLE_IDENTIFIER = com.edgaradrian.mx.SeeFoodExample;
				PRODUCT_NAME = "$(TARGET_NAME)";
				SWIFT_VERSION = 5.0;
				TARGETED_DEVICE_FAMILY = "1,2";
			};
			name = Release;
		};
/* End XCBuildConfiguration section */

/* Begin XCConfigurationList section */
		1378D9D1250719ED001B00D0 /* Build configuration list for PBXProject "SeeFoodExample" */ = {
			isa = XCConfigurationList;
			buildConfigurations = (
				1378D9E8250719EE001B00D0 /* Debug */,
				1378D9E9250719EE001B00D0 /* Release */,
			);
			defaultConfigurationIsVisible = 0;
			defaultConfigurationName = Release;
		};
		1378D9EA250719EE001B00D0 /* Build configuration list for PBXNativeTarget "SeeFoodExample" */ = {
			isa = XCConfigurationList;
			buildConfigurations = (
				1378D9EB250719EE001B00D0 /* Debug */,
				1378D9EC250719EE001B00D0 /* Release */,
			);
			defaultConfigurationIsVisible = 0;
			defaultConfigurationName = Release;
		};
/* End XCConfigurationList section */
	};
	rootObject = 1378D9CE250719ED001B00D0 /* Project object */;
}
