// !$*UTF8*$!
{
	archiveVersion = 1;
	classes = {
	};
	objectVersion = 50;
	objects = {

/* Begin PBXBuildFile section */
		1380FCC624D0CDEC004432A2 /* AppDelegate.swift in Sources */ = {isa = PBXBuildFile; fileRef = 1380FCC524D0CDEC004432A2 /* AppDelegate.swift */; };
		1380FCC824D0CDEC004432A2 /* SceneDelegate.swift in Sources */ = {isa = PBXBuildFile; fileRef = 1380FCC724D0CDEC004432A2 /* SceneDelegate.swift */; };
		1380FCCA24D0CDEC004432A2 /* ViewController.swift in Sources */ = {isa = PBXBuildFile; fileRef = 1380FCC924D0CDEC004432A2 /* ViewController.swift */; };
		1380FCCD24D0CDEC004432A2 /* Main.storyboard in Resources */ = {isa = PBXBuildFile; fileRef = 1380FCCB24D0CDEC004432A2 /* Main.storyboard */; };
		1380FCCF24D0CDEF004432A2 /* Assets.xcassets in Resources */ = {isa = PBXBuildFile; fileRef = 1380FCCE24D0CDEF004432A2 /* Assets.xcassets */; };
		1380FCD224D0CDEF004432A2 /* LaunchScreen.storyboard in Resources */ = {isa = PBXBuildFile; fileRef = 1380FCD024D0CDEF004432A2 /* LaunchScreen.storyboard */; };
		1380FCDA24D0D39F004432A2 /* DropDownButton.swift in Sources */ = {isa = PBXBuildFile; fileRef = 1380FCD924D0D39F004432A2 /* DropDownButton.swift */; };
		1380FCDC24D0E6F7004432A2 /* DropDownView.swift in Sources */ = {isa = PBXBuildFile; fileRef = 1380FCDB24D0E6F7004432A2 /* DropDownView.swift */; };
/* End PBXBuildFile section */

/* Begin PBXFileReference section */
		1380FCC224D0CDEC004432A2 /* DropDownMenuExample.app */ = {isa = PBXFileReference; explicitFileType = wrapper.application; includeInIndex = 0; path = DropDownMenuExample.app; sourceTree = BUILT_PRODUCTS_DIR; };
		1380FCC524D0CDEC004432A2 /* AppDelegate.swift */ = {isa = PBXFileReference; lastKnownFileType = sourcecode.swift; path = AppDelegate.swift; sourceTree = "<group>"; };
		1380FCC724D0CDEC004432A2 /* SceneDelegate.swift */ = {isa = PBXFileReference; lastKnownFileType = sourcecode.swift; path = SceneDelegate.swift; sourceTree = "<group>"; };
		1380FCC924D0CDEC004432A2 /* ViewController.swift */ = {isa = PBXFileReference; lastKnownFileType = sourcecode.swift; path = ViewController.swift; sourceTree = "<group>"; };
		1380FCCC24D0CDEC004432A2 /* Base */ = {isa = PBXFileReference; lastKnownFileType = file.storyboard; name = Base; path = Base.lproj/Main.storyboard; sourceTree = "<group>"; };
		1380FCCE24D0CDEF004432A2 /* Assets.xcassets */ = {isa = PBXFileReference; lastKnownFileType = folder.assetcatalog; path = Assets.xcassets; sourceTree = "<group>"; };
		1380FCD124D0CDEF004432A2 /* Base */ = {isa = PBXFileReference; lastKnownFileType = file.storyboard; name = Base; path = Base.lproj/LaunchScreen.storyboard; sourceTree = "<group>"; };
		1380FCD324D0CDEF004432A2 /* Info.plist */ = {isa = PBXFileReference; lastKnownFileType = text.plist.xml; path = Info.plist; sourceTree = "<group>"; };
		1380FCD924D0D39F004432A2 /* DropDownButton.swift */ = {isa = PBXFileReference; lastKnownFileType = sourcecode.swift; path = DropDownButton.swift; sourceTree = "<group>"; };
		1380FCDB24D0E6F7004432A2 /* DropDownView.swift */ = {isa = PBXFileReference; lastKnownFileType = sourcecode.swift; path = DropDownView.swift; sourceTree = "<group>"; };
/* End PBXFileReference section */

/* Begin PBXFrameworksBuildPhase section */
		1380FCBF24D0CDEC004432A2 /* Frameworks */ = {
			isa = PBXFrameworksBuildPhase;
			buildActionMask = 2147483647;
			files = (
			);
			runOnlyForDeploymentPostprocessing = 0;
		};
/* End PBXFrameworksBuildPhase section */

/* Begin PBXGroup section */
		1380FCB924D0CDEC004432A2 = {
			isa = PBXGroup;
			children = (
				1380FCC424D0CDEC004432A2 /* DropDownMenuExample */,
				1380FCC324D0CDEC004432A2 /* Products */,
			);
			sourceTree = "<group>";
		};
		1380FCC324D0CDEC004432A2 /* Products */ = {
			isa = PBXGroup;
			children = (
				1380FCC224D0CDEC004432A2 /* DropDownMenuExample.app */,
			);
			name = Products;
			sourceTree = "<group>";
		};
		1380FCC424D0CDEC004432A2 /* DropDownMenuExample */ = {
			isa = PBXGroup;
			children = (
				1380FCC524D0CDEC004432A2 /* AppDelegate.swift */,
				1380FCC724D0CDEC004432A2 /* SceneDelegate.swift */,
				1380FCC924D0CDEC004432A2 /* ViewController.swift */,
				1380FCCB24D0CDEC004432A2 /* Main.storyboard */,
				1380FCCE24D0CDEF004432A2 /* Assets.xcassets */,
				1380FCD024D0CDEF004432A2 /* LaunchScreen.storyboard */,
				1380FCD324D0CDEF004432A2 /* Info.plist */,
				1380FCD924D0D39F004432A2 /* DropDownButton.swift */,
				1380FCDB24D0E6F7004432A2 /* DropDownView.swift */,
			);
			path = DropDownMenuExample;
			sourceTree = "<group>";
		};
/* End PBXGroup section */

/* Begin PBXNativeTarget section */
		1380FCC124D0CDEC004432A2 /* DropDownMenuExample */ = {
			isa = PBXNativeTarget;
			buildConfigurationList = 1380FCD624D0CDEF004432A2 /* Build configuration list for PBXNativeTarget "DropDownMenuExample" */;
			buildPhases = (
				1380FCBE24D0CDEC004432A2 /* Sources */,
				1380FCBF24D0CDEC004432A2 /* Frameworks */,
				1380FCC024D0CDEC004432A2 /* Resources */,
			);
			buildRules = (
			);
			dependencies = (
			);
			name = DropDownMenuExample;
			productName = DropDownMenuExample;
			productReference = 1380FCC224D0CDEC004432A2 /* DropDownMenuExample.app */;
			productType = "com.apple.product-type.application";
		};
/* End PBXNativeTarget section */

/* Begin PBXProject section */
		1380FCBA24D0CDEC004432A2 /* Project object */ = {
			isa = PBXProject;
			attributes = {
				LastSwiftUpdateCheck = 1160;
				LastUpgradeCheck = 1160;
				ORGANIZATIONNAME = "Edgar Ruiz";
				TargetAttributes = {
					1380FCC124D0CDEC004432A2 = {
						CreatedOnToolsVersion = 11.6;
					};
				};
			};
			buildConfigurationList = 1380FCBD24D0CDEC004432A2 /* Build configuration list for PBXProject "DropDownMenuExample" */;
			compatibilityVersion = "Xcode 9.3";
			developmentRegion = en;
			hasScannedForEncodings = 0;
			knownRegions = (
				en,
				Base,
			);
			mainGroup = 1380FCB924D0CDEC004432A2;
			productRefGroup = 1380FCC324D0CDEC004432A2 /* Products */;
			projectDirPath = "";
			projectRoot = "";
			targets = (
				1380FCC124D0CDEC004432A2 /* DropDownMenuExample */,
			);
		};
/* End PBXProject section */

/* Begin PBXResourcesBuildPhase section */
		1380FCC024D0CDEC004432A2 /* Resources */ = {
			isa = PBXResourcesBuildPhase;
			buildActionMask = 2147483647;
			files = (
				1380FCD224D0CDEF004432A2 /* LaunchScreen.storyboard in Resources */,
				1380FCCF24D0CDEF004432A2 /* Assets.xcassets in Resources */,
				1380FCCD24D0CDEC004432A2 /* Main.storyboard in Resources */,
			);
			runOnlyForDeploymentPostprocessing = 0;
		};
/* End PBXResourcesBuildPhase section */

/* Begin PBXSourcesBuildPhase section */
		1380FCBE24D0CDEC004432A2 /* Sources */ = {
			isa = PBXSourcesBuildPhase;
			buildActionMask = 2147483647;
			files = (
				1380FCDA24D0D39F004432A2 /* DropDownButton.swift in Sources */,
				1380FCDC24D0E6F7004432A2 /* DropDownView.swift in Sources */,
				1380FCCA24D0CDEC004432A2 /* ViewController.swift in Sources */,
				1380FCC624D0CDEC004432A2 /* AppDelegate.swift in Sources */,
				1380FCC824D0CDEC004432A2 /* SceneDelegate.swift in Sources */,
			);
			runOnlyForDeploymentPostprocessing = 0;
		};
/* End PBXSourcesBuildPhase section */

/* Begin PBXVariantGroup section */
		1380FCCB24D0CDEC004432A2 /* Main.storyboard */ = {
			isa = PBXVariantGroup;
			children = (
				1380FCCC24D0CDEC004432A2 /* Base */,
			);
			name = Main.storyboard;
			sourceTree = "<group>";
		};
		1380FCD024D0CDEF004432A2 /* LaunchScreen.storyboard */ = {
			isa = PBXVariantGroup;
			children = (
				1380FCD124D0CDEF004432A2 /* Base */,
			);
			name = LaunchScreen.storyboard;
			sourceTree = "<group>";
		};
/* End PBXVariantGroup section */

/* Begin XCBuildConfiguration section */
		1380FCD424D0CDEF004432A2 /* Debug */ = {
			isa = XCBuildConfiguration;
			buildSettings = {
				ALWAYS_SEARCH_USER_PATHS = NO;
				CLANG_ANALYZER_NONNULL = YES;
				CLANG_ANALYZER_NUMBER_OBJECT_CONVERSION = YES_AGGRESSIVE;
				CLANG_CXX_LANGUAGE_STANDARD = "gnu++14";
				CLANG_CXX_LIBRARY = "libc++";
				CLANG_ENABLE_MODULES = YES;
				CLANG_ENABLE_OBJC_ARC = YES;
				CLANG_ENABLE_OBJC_WEAK = YES;
				CLANG_WARN_BLOCK_CAPTURE_AUTORELEASING = YES;
				CLANG_WARN_BOOL_CONVERSION = YES;
				CLANG_WARN_COMMA = YES;
				CLANG_WARN_CONSTANT_CONVERSION = YES;
				CLANG_WARN_DEPRECATED_OBJC_IMPLEMENTATIONS = YES;
				CLANG_WARN_DIRECT_OBJC_ISA_USAGE = YES_ERROR;
				CLANG_WARN_DOCUMENTATION_COMMENTS = YES;
				CLANG_WARN_EMPTY_BODY = YES;
				CLANG_WARN_ENUM_CONVERSION = YES;
				CLANG_WARN_INFINITE_RECURSION = YES;
				CLANG_WARN_INT_CONVERSION = YES;
				CLANG_WARN_NON_LITERAL_NULL_CONVERSION = YES;
				CLANG_WARN_OBJC_IMPLICIT_RETAIN_SELF = YES;
				CLANG_WARN_OBJC_LITERAL_CONVERSION = YES;
				CLANG_WARN_OBJC_ROOT_CLASS = YES_ERROR;
				CLANG_WARN_RANGE_LOOP_ANALYSIS = YES;
				CLANG_WARN_STRICT_PROTOTYPES = YES;
				CLANG_WARN_SUSPICIOUS_MOVE = YES;
				CLANG_WARN_UNGUARDED_AVAILABILITY = YES_AGGRESSIVE;
				CLANG_WARN_UNREACHABLE_CODE = YES;
				CLANG_WARN__DUPLICATE_METHOD_MATCH = YES;
				COPY_PHASE_STRIP = NO;
				DEBUG_INFORMATION_FORMAT = dwarf;
				ENABLE_STRICT_OBJC_MSGSEND = YES;
				ENABLE_TESTABILITY = YES;
				GCC_C_LANGUAGE_STANDARD = gnu11;
				GCC_DYNAMIC_NO_PIC = NO;
				GCC_NO_COMMON_BLOCKS = YES;
				GCC_OPTIMIZATION_LEVEL = 0;
				GCC_PREPROCESSOR_DEFINITIONS = (
					"DEBUG=1",
					"$(inherited)",
				);
				GCC_WARN_64_TO_32_BIT_CONVERSION = YES;
				GCC_WARN_ABOUT_RETURN_TYPE = YES_ERROR;
				GCC_WARN_UNDECLARED_SELECTOR = YES;
				GCC_WARN_UNINITIALIZED_AUTOS = YES_AGGRESSIVE;
				GCC_WARN_UNUSED_FUNCTION = YES;
				GCC_WARN_UNUSED_VARIABLE = YES;
				IPHONEOS_DEPLOYMENT_TARGET = 13.6;
				MTL_ENABLE_DEBUG_INFO = INCLUDE_SOURCE;
				MTL_FAST_MATH = YES;
				ONLY_ACTIVE_ARCH = YES;
				SDKROOT = iphoneos;
				SWIFT_ACTIVE_COMPILATION_CONDITIONS = DEBUG;
				SWIFT_OPTIMIZATION_LEVEL = "-Onone";
			};
			name = Debug;
		};
		1380FCD524D0CDEF004432A2 /* Release */ = {
			isa = XCBuildConfiguration;
			buildSettings = {
				ALWAYS_SEARCH_USER_PATHS = NO;
				CLANG_ANALYZER_NONNULL = YES;
				CLANG_ANALYZER_NUMBER_OBJECT_CONVERSION = YES_AGGRESSIVE;
				CLANG_CXX_LANGUAGE_STANDARD = "gnu++14";
				CLANG_CXX_LIBRARY = "libc++";
				CLANG_ENABLE_MODULES = YES;
				CLANG_ENABLE_OBJC_ARC = YES;
				CLANG_ENABLE_OBJC_WEAK = YES;
				CLANG_WARN_BLOCK_CAPTURE_AUTORELEASING = YES;
				CLANG_WARN_BOOL_CONVERSION = YES;
				CLANG_WARN_COMMA = YES;
				CLANG_WARN_CONSTANT_CONVERSION = YES;
				CLANG_WARN_DEPRECATED_OBJC_IMPLEMENTATIONS = YES;
				CLANG_WARN_DIRECT_OBJC_ISA_USAGE = YES_ERROR;
				CLANG_WARN_DOCUMENTATION_COMMENTS = YES;
				CLANG_WARN_EMPTY_BODY = YES;
				CLANG_WARN_ENUM_CONVERSION = YES;
				CLANG_WARN_INFINITE_RECURSION = YES;
				CLANG_WARN_INT_CONVERSION = YES;
				CLANG_WARN_NON_LITERAL_NULL_CONVERSION = YES;
				CLANG_WARN_OBJC_IMPLICIT_RETAIN_SELF = YES;
				CLANG_WARN_OBJC_LITERAL_CONVERSION = YES;
				CLANG_WARN_OBJC_ROOT_CLASS = YES_ERROR;
				CLANG_WARN_RANGE_LOOP_ANALYSIS = YES;
				CLANG_WARN_STRICT_PROTOTYPES = YES;
				CLANG_WARN_SUSPICIOUS_MOVE = YES;
				CLANG_WARN_UNGUARDED_AVAILABILITY = YES_AGGRESSIVE;
				CLANG_WARN_UNREACHABLE_CODE = YES;
				CLANG_WARN__DUPLICATE_METHOD_MATCH = YES;
				COPY_PHASE_STRIP = NO;
				DEBUG_INFORMATION_FORMAT = "dwarf-with-dsym";
				ENABLE_NS_ASSERTIONS = NO;
				ENABLE_STRICT_OBJC_MSGSEND = YES;
				GCC_C_LANGUAGE_STANDARD = gnu11;
				GCC_NO_COMMON_BLOCKS = YES;
				GCC_WARN_64_TO_32_BIT_CONVERSION = YES;
				GCC_WARN_ABOUT_RETURN_TYPE = YES_ERROR;
				GCC_WARN_UNDECLARED_SELECTOR = YES;
				GCC_WARN_UNINITIALIZED_AUTOS = YES_AGGRESSIVE;
				GCC_WARN_UNUSED_FUNCTION = YES;
				GCC_WARN_UNUSED_VARIABLE = YES;
				IPHONEOS_DEPLOYMENT_TARGET = 13.6;
				MTL_ENABLE_DEBUG_INFO = NO;
				MTL_FAST_MATH = YES;
				SDKROOT = iphoneos;
				SWIFT_COMPILATION_MODE = wholemodule;
				SWIFT_OPTIMIZATION_LEVEL = "-O";
				VALIDATE_PRODUCT = YES;
			};
			name = Release;
		};
		1380FCD724D0CDEF004432A2 /* Debug */ = {
			isa = XCBuildConfiguration;
			buildSettings = {
				ASSETCATALOG_COMPILER_APPICON_NAME = AppIcon;
				CODE_SIGN_STYLE = Automatic;
				DEVELOPMENT_TEAM = Q537G68YQ8;
				INFOPLIST_FILE = DropDownMenuExample/Info.plist;
				LD_RUNPATH_SEARCH_PATHS = (
					"$(inherited)",
					"@executable_path/Frameworks",
				);
				PRODUCT_BUNDLE_IDENTIFIER = com.edgaradrian.mx.DropDownMenuExample;
				PRODUCT_NAME = "$(TARGET_NAME)";
				SWIFT_VERSION = 5.0;
				TARGETED_DEVICE_FAMILY = "1,2";
			};
			name = Debug;
		};
		1380FCD824D0CDEF004432A2 /* Release */ = {
			isa = XCBuildConfiguration;
			buildSettings = {
				ASSETCATALOG_COMPILER_APPICON_NAME = AppIcon;
				CODE_SIGN_STYLE = Automatic;
				DEVELOPMENT_TEAM = Q537G68YQ8;
				INFOPLIST_FILE = DropDownMenuExample/Info.plist;
				LD_RUNPATH_SEARCH_PATHS = (
					"$(inherited)",
					"@executable_path/Frameworks",
				);
				PRODUCT_BUNDLE_IDENTIFIER = com.edgaradrian.mx.DropDownMenuExample;
				PRODUCT_NAME = "$(TARGET_NAME)";
				SWIFT_VERSION = 5.0;
				TARGETED_DEVICE_FAMILY = "1,2";
			};
			name = Release;
		};
/* End XCBuildConfiguration section */

/* Begin XCConfigurationList section */
		1380FCBD24D0CDEC004432A2 /* Build configuration list for PBXProject "DropDownMenuExample" */ = {
			isa = XCConfigurationList;
			buildConfigurations = (
				1380FCD424D0CDEF004432A2 /* Debug */,
				1380FCD524D0CDEF004432A2 /* Release */,
			);
			defaultConfigurationIsVisible = 0;
			defaultConfigurationName = Release;
		};
		1380FCD624D0CDEF004432A2 /* Build configuration list for PBXNativeTarget "DropDownMenuExample" */ = {
			isa = XCConfigurationList;
			buildConfigurations = (
				1380FCD724D0CDEF004432A2 /* Debug */,
				1380FCD824D0CDEF004432A2 /* Release */,
			);
			defaultConfigurationIsVisible = 0;
			defaultConfigurationName = Release;
		};
/* End XCConfigurationList section */
	};
	rootObject = 1380FCBA24D0CDEC004432A2 /* Project object */;
}
