// !$*UTF8*$!
{
	archiveVersion = 1;
	classes = {
	};
	objectVersion = 56;
	objects = {

/* Begin PBXBuildFile section */
		5C11546B28F9FF490082118B /* KeyboardAdaptive.swift in Sources */ = {isa = PBXBuildFile; fileRef = 5C11546A28F9FF490082118B /* KeyboardAdaptive.swift */; };
		5C11546D28FA00990082118B /* View+Extensions.swift in Sources */ = {isa = PBXBuildFile; fileRef = 5C11546C28FA00990082118B /* View+Extensions.swift */; };
		5C11546F28FA0B420082118B /* FormTextField.swift in Sources */ = {isa = PBXBuildFile; fileRef = 5C11546E28FA0B420082118B /* FormTextField.swift */; };
		5C11547128FA26470082118B /* FormDateField.swift in Sources */ = {isa = PBXBuildFile; fileRef = 5C11547028FA26470082118B /* FormDateField.swift */; };
		5C11547328FA324A0082118B /* FormTextEditor.swift in Sources */ = {isa = PBXBuildFile; fileRef = 5C11547228FA324A0082118B /* FormTextEditor.swift */; };
		5C4EBF73290C43DC001B262D /* HandleBar.swift in Sources */ = {isa = PBXBuildFile; fileRef = 5C4EBF72290C43DC001B262D /* HandleBar.swift */; };
		5CA499FC28FDF4E400E9CDE3 /* ValidationErrorText.swift in Sources */ = {isa = PBXBuildFile; fileRef = 5CA499FB28FDF4E400E9CDE3 /* ValidationErrorText.swift */; };
		5CA499FE28FDF6E500E9CDE3 /* TitleBar.swift in Sources */ = {isa = PBXBuildFile; fileRef = 5CA499FD28FDF6E500E9CDE3 /* TitleBar.swift */; };
		5CA49A0128FDF74600E9CDE3 /* DragState.swift in Sources */ = {isa = PBXBuildFile; fileRef = 5CA49A0028FDF74600E9CDE3 /* DragState.swift */; };
		5CBB3B4B28F87B940097B932 /* SwiftUIPersonalFinanceApp.swift in Sources */ = {isa = PBXBuildFile; fileRef = 5CBB3B4A28F87B940097B932 /* SwiftUIPersonalFinanceApp.swift */; };
		5CBB3B4D28F87B940097B932 /* ContentView.swift in Sources */ = {isa = PBXBuildFile; fileRef = 5CBB3B4C28F87B940097B932 /* ContentView.swift */; };
		5CBB3B4F28F87B960097B932 /* Assets.xcassets in Resources */ = {isa = PBXBuildFile; fileRef = 5CBB3B4E28F87B960097B932 /* Assets.xcassets */; };
		5CBB3B5228F87B960097B932 /* Preview Assets.xcassets in Resources */ = {isa = PBXBuildFile; fileRef = 5CBB3B5128F87B960097B932 /* Preview Assets.xcassets */; };
		5CBB3B5A28F87BE20097B932 /* PersonalFinanceStore.xcdatamodeld in Sources */ = {isa = PBXBuildFile; fileRef = 5CBB3B5828F87BE20097B932 /* PersonalFinanceStore.xcdatamodeld */; };
		5CBB3B5D28F87EB40097B932 /* Date+Extensions.swift in Sources */ = {isa = PBXBuildFile; fileRef = 5CBB3B5C28F87EB40097B932 /* Date+Extensions.swift */; };
		5CBB3B5F28F880B80097B932 /* NumberFormatter+Extensions.swift in Sources */ = {isa = PBXBuildFile; fileRef = 5CBB3B5E28F880B80097B932 /* NumberFormatter+Extensions.swift */; };
		5CBB3B6228F882CF0097B932 /* PaymentActivity.swift in Sources */ = {isa = PBXBuildFile; fileRef = 5CBB3B6128F882CF0097B932 /* PaymentActivity.swift */; };
		5CBB3B6428F8850F0097B932 /* Persistence.swift in Sources */ = {isa = PBXBuildFile; fileRef = 5CBB3B6328F8850F0097B932 /* Persistence.swift */; };
		5CBB3B6728F88B250097B932 /* BlankView.swift in Sources */ = {isa = PBXBuildFile; fileRef = 5CBB3B6628F88B250097B932 /* BlankView.swift */; };
/* End PBXBuildFile section */

/* Begin PBXFileReference section */
		5C11546A28F9FF490082118B /* KeyboardAdaptive.swift */ = {isa = PBXFileReference; lastKnownFileType = sourcecode.swift; path = KeyboardAdaptive.swift; sourceTree = "<group>"; };
		5C11546C28FA00990082118B /* View+Extensions.swift */ = {isa = PBXFileReference; lastKnownFileType = sourcecode.swift; path = "View+Extensions.swift"; sourceTree = "<group>"; };
		5C11546E28FA0B420082118B /* FormTextField.swift */ = {isa = PBXFileReference; lastKnownFileType = sourcecode.swift; path = FormTextField.swift; sourceTree = "<group>"; };
		5C11547028FA26470082118B /* FormDateField.swift */ = {isa = PBXFileReference; lastKnownFileType = sourcecode.swift; path = FormDateField.swift; sourceTree = "<group>"; };
		5C11547228FA324A0082118B /* FormTextEditor.swift */ = {isa = PBXFileReference; lastKnownFileType = sourcecode.swift; path = FormTextEditor.swift; sourceTree = "<group>"; };
		5C4EBF72290C43DC001B262D /* HandleBar.swift */ = {isa = PBXFileReference; lastKnownFileType = sourcecode.swift; path = HandleBar.swift; sourceTree = "<group>"; };
		5CA499FB28FDF4E400E9CDE3 /* ValidationErrorText.swift */ = {isa = PBXFileReference; lastKnownFileType = sourcecode.swift; path = ValidationErrorText.swift; sourceTree = "<group>"; };
		5CA499FD28FDF6E500E9CDE3 /* TitleBar.swift */ = {isa = PBXFileReference; lastKnownFileType = sourcecode.swift; path = TitleBar.swift; sourceTree = "<group>"; };
		5CA49A0028FDF74600E9CDE3 /* DragState.swift */ = {isa = PBXFileReference; lastKnownFileType = sourcecode.swift; path = DragState.swift; sourceTree = "<group>"; };
		5CBB3B4728F87B940097B932 /* SwiftUIPersonalFinance.app */ = {isa = PBXFileReference; explicitFileType = wrapper.application; includeInIndex = 0; path = SwiftUIPersonalFinance.app; sourceTree = BUILT_PRODUCTS_DIR; };
		5CBB3B4A28F87B940097B932 /* SwiftUIPersonalFinanceApp.swift */ = {isa = PBXFileReference; lastKnownFileType = sourcecode.swift; path = SwiftUIPersonalFinanceApp.swift; sourceTree = "<group>"; };
		5CBB3B4C28F87B940097B932 /* ContentView.swift */ = {isa = PBXFileReference; lastKnownFileType = sourcecode.swift; path = ContentView.swift; sourceTree = "<group>"; };
		5CBB3B4E28F87B960097B932 /* Assets.xcassets */ = {isa = PBXFileReference; lastKnownFileType = folder.assetcatalog; path = Assets.xcassets; sourceTree = "<group>"; };
		5CBB3B5128F87B960097B932 /* Preview Assets.xcassets */ = {isa = PBXFileReference; lastKnownFileType = folder.assetcatalog; path = "Preview Assets.xcassets"; sourceTree = "<group>"; };
		5CBB3B5928F87BE20097B932 /* PersonalFinanceStore.xcdatamodel */ = {isa = PBXFileReference; lastKnownFileType = wrapper.xcdatamodel; path = PersonalFinanceStore.xcdatamodel; sourceTree = "<group>"; };
		5CBB3B5C28F87EB40097B932 /* Date+Extensions.swift */ = {isa = PBXFileReference; lastKnownFileType = sourcecode.swift; path = "Date+Extensions.swift"; sourceTree = "<group>"; };
		5CBB3B5E28F880B80097B932 /* NumberFormatter+Extensions.swift */ = {isa = PBXFileReference; lastKnownFileType = sourcecode.swift; path = "NumberFormatter+Extensions.swift"; sourceTree = "<group>"; };
		5CBB3B6128F882CF0097B932 /* PaymentActivity.swift */ = {isa = PBXFileReference; lastKnownFileType = sourcecode.swift; path = PaymentActivity.swift; sourceTree = "<group>"; };
		5CBB3B6328F8850F0097B932 /* Persistence.swift */ = {isa = PBXFileReference; lastKnownFileType = sourcecode.swift; path = Persistence.swift; sourceTree = "<group>"; };
		5CBB3B6628F88B250097B932 /* BlankView.swift */ = {isa = PBXFileReference; lastKnownFileType = sourcecode.swift; path = BlankView.swift; sourceTree = "<group>"; };
/* End PBXFileReference section */

/* Begin PBXFrameworksBuildPhase section */
		5CBB3B4428F87B940097B932 /* Frameworks */ = {
			isa = PBXFrameworksBuildPhase;
			buildActionMask = 2147483647;
			files = (
			);
			runOnlyForDeploymentPostprocessing = 0;
		};
/* End PBXFrameworksBuildPhase section */

/* Begin PBXGroup section */
		5C11546928F9F1E10082118B /* ViewModifier */ = {
			isa = PBXGroup;
			children = (
				5C11546A28F9FF490082118B /* KeyboardAdaptive.swift */,
			);
			path = ViewModifier;
			sourceTree = "<group>";
		};
		5CA499FF28FDF73700E9CDE3 /* Enums */ = {
			isa = PBXGroup;
			children = (
				5CA49A0028FDF74600E9CDE3 /* DragState.swift */,
			);
			path = Enums;
			sourceTree = "<group>";
		};
		5CBB3B3E28F87B940097B932 = {
			isa = PBXGroup;
			children = (
				5CBB3B4928F87B940097B932 /* SwiftUIPersonalFinance */,
				5CBB3B4828F87B940097B932 /* Products */,
			);
			sourceTree = "<group>";
		};
		5CBB3B4828F87B940097B932 /* Products */ = {
			isa = PBXGroup;
			children = (
				5CBB3B4728F87B940097B932 /* SwiftUIPersonalFinance.app */,
			);
			name = Products;
			sourceTree = "<group>";
		};
		5CBB3B4928F87B940097B932 /* SwiftUIPersonalFinance */ = {
			isa = PBXGroup;
			children = (
				5CA499FF28FDF73700E9CDE3 /* Enums */,
				5C11546928F9F1E10082118B /* ViewModifier */,
				5CBB3B6528F88B0C0097B932 /* View */,
				5CBB3B6028F882B30097B932 /* Model */,
				5CBB3B5B28F87DE30097B932 /* Extension */,
				5CBB3B4A28F87B940097B932 /* SwiftUIPersonalFinanceApp.swift */,
				5CBB3B4C28F87B940097B932 /* ContentView.swift */,
				5CBB3B4E28F87B960097B932 /* Assets.xcassets */,
				5CBB3B5028F87B960097B932 /* Preview Content */,
				5CBB3B5828F87BE20097B932 /* PersonalFinanceStore.xcdatamodeld */,
			);
			path = SwiftUIPersonalFinance;
			sourceTree = "<group>";
		};
		5CBB3B5028F87B960097B932 /* Preview Content */ = {
			isa = PBXGroup;
			children = (
				5CBB3B5128F87B960097B932 /* Preview Assets.xcassets */,
			);
			path = "Preview Content";
			sourceTree = "<group>";
		};
		5CBB3B5B28F87DE30097B932 /* Extension */ = {
			isa = PBXGroup;
			children = (
				5CBB3B5C28F87EB40097B932 /* Date+Extensions.swift */,
				5CBB3B5E28F880B80097B932 /* NumberFormatter+Extensions.swift */,
				5C11546C28FA00990082118B /* View+Extensions.swift */,
			);
			path = Extension;
			sourceTree = "<group>";
		};
		5CBB3B6028F882B30097B932 /* Model */ = {
			isa = PBXGroup;
			children = (
				5CBB3B6128F882CF0097B932 /* PaymentActivity.swift */,
				5CBB3B6328F8850F0097B932 /* Persistence.swift */,
			);
			path = Model;
			sourceTree = "<group>";
		};
		5CBB3B6528F88B0C0097B932 /* View */ = {
			isa = PBXGroup;
			children = (
				5CBB3B6628F88B250097B932 /* BlankView.swift */,
				5C11546E28FA0B420082118B /* FormTextField.swift */,
				5C11547028FA26470082118B /* FormDateField.swift */,
				5C11547228FA324A0082118B /* FormTextEditor.swift */,
				5CA499FB28FDF4E400E9CDE3 /* ValidationErrorText.swift */,
				5CA499FD28FDF6E500E9CDE3 /* TitleBar.swift */,
				5C4EBF72290C43DC001B262D /* HandleBar.swift */,
			);
			path = View;
			sourceTree = "<group>";
		};
/* End PBXGroup section */

/* Begin PBXNativeTarget section */
		5CBB3B4628F87B940097B932 /* SwiftUIPersonalFinance */ = {
			isa = PBXNativeTarget;
			buildConfigurationList = 5CBB3B5528F87B960097B932 /* Build configuration list for PBXNativeTarget "SwiftUIPersonalFinance" */;
			buildPhases = (
				5CBB3B4328F87B940097B932 /* Sources */,
				5CBB3B4428F87B940097B932 /* Frameworks */,
				5CBB3B4528F87B940097B932 /* Resources */,
			);
			buildRules = (
			);
			dependencies = (
			);
			name = SwiftUIPersonalFinance;
			productName = SwiftUIPersonalFinance;
			productReference = 5CBB3B4728F87B940097B932 /* SwiftUIPersonalFinance.app */;
			productType = "com.apple.product-type.application";
		};
/* End PBXNativeTarget section */

/* Begin PBXProject section */
		5CBB3B3F28F87B940097B932 /* Project object */ = {
			isa = PBXProject;
			attributes = {
				BuildIndependentTargetsInParallel = 1;
				LastSwiftUpdateCheck = 1400;
				LastUpgradeCheck = 1400;
				TargetAttributes = {
					5CBB3B4628F87B940097B932 = {
						CreatedOnToolsVersion = 14.0.1;
					};
				};
			};
			buildConfigurationList = 5CBB3B4228F87B940097B932 /* Build configuration list for PBXProject "SwiftUIPersonalFinance" */;
			compatibilityVersion = "Xcode 14.0";
			developmentRegion = en;
			hasScannedForEncodings = 0;
			knownRegions = (
				en,
				Base,
			);
			mainGroup = 5CBB3B3E28F87B940097B932;
			productRefGroup = 5CBB3B4828F87B940097B932 /* Products */;
			projectDirPath = "";
			projectRoot = "";
			targets = (
				5CBB3B4628F87B940097B932 /* SwiftUIPersonalFinance */,
			);
		};
/* End PBXProject section */

/* Begin PBXResourcesBuildPhase section */
		5CBB3B4528F87B940097B932 /* Resources */ = {
			isa = PBXResourcesBuildPhase;
			buildActionMask = 2147483647;
			files = (
				5CBB3B5228F87B960097B932 /* Preview Assets.xcassets in Resources */,
				5CBB3B4F28F87B960097B932 /* Assets.xcassets in Resources */,
			);
			runOnlyForDeploymentPostprocessing = 0;
		};
/* End PBXResourcesBuildPhase section */

/* Begin PBXSourcesBuildPhase section */
		5CBB3B4328F87B940097B932 /* Sources */ = {
			isa = PBXSourcesBuildPhase;
			buildActionMask = 2147483647;
			files = (
				5CBB3B4D28F87B940097B932 /* ContentView.swift in Sources */,
				5C11547328FA324A0082118B /* FormTextEditor.swift in Sources */,
				5CA499FC28FDF4E400E9CDE3 /* ValidationErrorText.swift in Sources */,
				5CBB3B5F28F880B80097B932 /* NumberFormatter+Extensions.swift in Sources */,
				5C11546B28F9FF490082118B /* KeyboardAdaptive.swift in Sources */,
				5CBB3B5D28F87EB40097B932 /* Date+Extensions.swift in Sources */,
				5C11547128FA26470082118B /* FormDateField.swift in Sources */,
				5CA499FE28FDF6E500E9CDE3 /* TitleBar.swift in Sources */,
				5CBB3B6428F8850F0097B932 /* Persistence.swift in Sources */,
				5CA49A0128FDF74600E9CDE3 /* DragState.swift in Sources */,
				5CBB3B6228F882CF0097B932 /* PaymentActivity.swift in Sources */,
				5CBB3B6728F88B250097B932 /* BlankView.swift in Sources */,
				5CBB3B5A28F87BE20097B932 /* PersonalFinanceStore.xcdatamodeld in Sources */,
				5C11546D28FA00990082118B /* View+Extensions.swift in Sources */,
				5CBB3B4B28F87B940097B932 /* SwiftUIPersonalFinanceApp.swift in Sources */,
				5C11546F28FA0B420082118B /* FormTextField.swift in Sources */,
				5C4EBF73290C43DC001B262D /* HandleBar.swift in Sources */,
			);
			runOnlyForDeploymentPostprocessing = 0;
		};
/* End PBXSourcesBuildPhase section */

/* Begin XCBuildConfiguration section */
		5CBB3B5328F87B960097B932 /* Debug */ = {
			isa = XCBuildConfiguration;
			buildSettings = {
				ALWAYS_SEARCH_USER_PATHS = NO;
				CLANG_ANALYZER_NONNULL = YES;
				CLANG_ANALYZER_NUMBER_OBJECT_CONVERSION = YES_AGGRESSIVE;
				CLANG_CXX_LANGUAGE_STANDARD = "gnu++20";
				CLANG_ENABLE_MODULES = YES;
				CLANG_ENABLE_OBJC_ARC = YES;
				CLANG_ENABLE_OBJC_WEAK = YES;
				CLANG_WARN_BLOCK_CAPTURE_AUTORELEASING = YES;
				CLANG_WARN_BOOL_CONVERSION = YES;
				CLANG_WARN_COMMA = YES;
				CLANG_WARN_CONSTANT_CONVERSION = YES;
				CLANG_WARN_DEPRECATED_OBJC_IMPLEMENTATIONS = YES;
				CLANG_WARN_DIRECT_OBJC_ISA_USAGE = YES_ERROR;
				CLANG_WARN_DOCUMENTATION_COMMENTS = YES;
				CLANG_WARN_EMPTY_BODY = YES;
				CLANG_WARN_ENUM_CONVERSION = YES;
				CLANG_WARN_INFINITE_RECURSION = YES;
				CLANG_WARN_INT_CONVERSION = YES;
				CLANG_WARN_NON_LITERAL_NULL_CONVERSION = YES;
				CLANG_WARN_OBJC_IMPLICIT_RETAIN_SELF = YES;
				CLANG_WARN_OBJC_LITERAL_CONVERSION = YES;
				CLANG_WARN_OBJC_ROOT_CLASS = YES_ERROR;
				CLANG_WARN_QUOTED_INCLUDE_IN_FRAMEWORK_HEADER = YES;
				CLANG_WARN_RANGE_LOOP_ANALYSIS = YES;
				CLANG_WARN_STRICT_PROTOTYPES = YES;
				CLANG_WARN_SUSPICIOUS_MOVE = YES;
				CLANG_WARN_UNGUARDED_AVAILABILITY = YES_AGGRESSIVE;
				CLANG_WARN_UNREACHABLE_CODE = YES;
				CLANG_WARN__DUPLICATE_METHOD_MATCH = YES;
				COPY_PHASE_STRIP = NO;
				DEBUG_INFORMATION_FORMAT = dwarf;
				ENABLE_STRICT_OBJC_MSGSEND = YES;
				ENABLE_TESTABILITY = YES;
				GCC_C_LANGUAGE_STANDARD = gnu11;
				GCC_DYNAMIC_NO_PIC = NO;
				GCC_NO_COMMON_BLOCKS = YES;
				GCC_OPTIMIZATION_LEVEL = 0;
				GCC_PREPROCESSOR_DEFINITIONS = (
					"DEBUG=1",
					"$(inherited)",
				);
				GCC_WARN_64_TO_32_BIT_CONVERSION = YES;
				GCC_WARN_ABOUT_RETURN_TYPE = YES_ERROR;
				GCC_WARN_UNDECLARED_SELECTOR = YES;
				GCC_WARN_UNINITIALIZED_AUTOS = YES_AGGRESSIVE;
				GCC_WARN_UNUSED_FUNCTION = YES;
				GCC_WARN_UNUSED_VARIABLE = YES;
				IPHONEOS_DEPLOYMENT_TARGET = 16.0;
				MTL_ENABLE_DEBUG_INFO = INCLUDE_SOURCE;
				MTL_FAST_MATH = YES;
				ONLY_ACTIVE_ARCH = YES;
				SDKROOT = iphoneos;
				SWIFT_ACTIVE_COMPILATION_CONDITIONS = DEBUG;
				SWIFT_OPTIMIZATION_LEVEL = "-Onone";
			};
			name = Debug;
		};
		5CBB3B5428F87B960097B932 /* Release */ = {
			isa = XCBuildConfiguration;
			buildSettings = {
				ALWAYS_SEARCH_USER_PATHS = NO;
				CLANG_ANALYZER_NONNULL = YES;
				CLANG_ANALYZER_NUMBER_OBJECT_CONVERSION = YES_AGGRESSIVE;
				CLANG_CXX_LANGUAGE_STANDARD = "gnu++20";
				CLANG_ENABLE_MODULES = YES;
				CLANG_ENABLE_OBJC_ARC = YES;
				CLANG_ENABLE_OBJC_WEAK = YES;
				CLANG_WARN_BLOCK_CAPTURE_AUTORELEASING = YES;
				CLANG_WARN_BOOL_CONVERSION = YES;
				CLANG_WARN_COMMA = YES;
				CLANG_WARN_CONSTANT_CONVERSION = YES;
				CLANG_WARN_DEPRECATED_OBJC_IMPLEMENTATIONS = YES;
				CLANG_WARN_DIRECT_OBJC_ISA_USAGE = YES_ERROR;
				CLANG_WARN_DOCUMENTATION_COMMENTS = YES;
				CLANG_WARN_EMPTY_BODY = YES;
				CLANG_WARN_ENUM_CONVERSION = YES;
				CLANG_WARN_INFINITE_RECURSION = YES;
				CLANG_WARN_INT_CONVERSION = YES;
				CLANG_WARN_NON_LITERAL_NULL_CONVERSION = YES;
				CLANG_WARN_OBJC_IMPLICIT_RETAIN_SELF = YES;
				CLANG_WARN_OBJC_LITERAL_CONVERSION = YES;
				CLANG_WARN_OBJC_ROOT_CLASS = YES_ERROR;
				CLANG_WARN_QUOTED_INCLUDE_IN_FRAMEWORK_HEADER = YES;
				CLANG_WARN_RANGE_LOOP_ANALYSIS = YES;
				CLANG_WARN_STRICT_PROTOTYPES = YES;
				CLANG_WARN_SUSPICIOUS_MOVE = YES;
				CLANG_WARN_UNGUARDED_AVAILABILITY = YES_AGGRESSIVE;
				CLANG_WARN_UNREACHABLE_CODE = YES;
				CLANG_WARN__DUPLICATE_METHOD_MATCH = YES;
				COPY_PHASE_STRIP = NO;
				DEBUG_INFORMATION_FORMAT = "dwarf-with-dsym";
				ENABLE_NS_ASSERTIONS = NO;
				ENABLE_STRICT_OBJC_MSGSEND = YES;
				GCC_C_LANGUAGE_STANDARD = gnu11;
				GCC_NO_COMMON_BLOCKS = YES;
				GCC_WARN_64_TO_32_BIT_CONVERSION = YES;
				GCC_WARN_ABOUT_RETURN_TYPE = YES_ERROR;
				GCC_WARN_UNDECLARED_SELECTOR = YES;
				GCC_WARN_UNINITIALIZED_AUTOS = YES_AGGRESSIVE;
				GCC_WARN_UNUSED_FUNCTION = YES;
				GCC_WARN_UNUSED_VARIABLE = YES;
				IPHONEOS_DEPLOYMENT_TARGET = 16.0;
				MTL_ENABLE_DEBUG_INFO = NO;
				MTL_FAST_MATH = YES;
				SDKROOT = iphoneos;
				SWIFT_COMPILATION_MODE = wholemodule;
				SWIFT_OPTIMIZATION_LEVEL = "-O";
				VALIDATE_PRODUCT = YES;
			};
			name = Release;
		};
		5CBB3B5628F87B960097B932 /* Debug */ = {
			isa = XCBuildConfiguration;
			buildSettings = {
				ASSETCATALOG_COMPILER_APPICON_NAME = AppIcon;
				ASSETCATALOG_COMPILER_GLOBAL_ACCENT_COLOR_NAME = AccentColor;
				CODE_SIGN_STYLE = Automatic;
				CURRENT_PROJECT_VERSION = 1;
				DEVELOPMENT_ASSET_PATHS = "\"SwiftUIPersonalFinance/Preview Content\"";
				DEVELOPMENT_TEAM = Q537G68YQ8;
				ENABLE_PREVIEWS = YES;
				GENERATE_INFOPLIST_FILE = YES;
				INFOPLIST_KEY_UIApplicationSceneManifest_Generation = YES;
				INFOPLIST_KEY_UIApplicationSupportsIndirectInputEvents = YES;
				INFOPLIST_KEY_UILaunchScreen_Generation = YES;
				INFOPLIST_KEY_UISupportedInterfaceOrientations_iPad = "UIInterfaceOrientationPortrait UIInterfaceOrientationPortraitUpsideDown UIInterfaceOrientationLandscapeLeft UIInterfaceOrientationLandscapeRight";
				INFOPLIST_KEY_UISupportedInterfaceOrientations_iPhone = "UIInterfaceOrientationPortrait UIInterfaceOrientationLandscapeLeft UIInterfaceOrientationLandscapeRight";
				LD_RUNPATH_SEARCH_PATHS = (
					"$(inherited)",
					"@executable_path/Frameworks",
				);
				MARKETING_VERSION = 1.0;
				PRODUCT_BUNDLE_IDENTIFIER = com.edgaradrian.mx.SwiftUIPersonalFinance;
				PRODUCT_NAME = "$(TARGET_NAME)";
				SWIFT_EMIT_LOC_STRINGS = YES;
				SWIFT_VERSION = 5.0;
				TARGETED_DEVICE_FAMILY = "1,2";
			};
			name = Debug;
		};
		5CBB3B5728F87B960097B932 /* Release */ = {
			isa = XCBuildConfiguration;
			buildSettings = {
				ASSETCATALOG_COMPILER_APPICON_NAME = AppIcon;
				ASSETCATALOG_COMPILER_GLOBAL_ACCENT_COLOR_NAME = AccentColor;
				CODE_SIGN_STYLE = Automatic;
				CURRENT_PROJECT_VERSION = 1;
				DEVELOPMENT_ASSET_PATHS = "\"SwiftUIPersonalFinance/Preview Content\"";
				DEVELOPMENT_TEAM = Q537G68YQ8;
				ENABLE_PREVIEWS = YES;
				GENERATE_INFOPLIST_FILE = YES;
				INFOPLIST_KEY_UIApplicationSceneManifest_Generation = YES;
				INFOPLIST_KEY_UIApplicationSupportsIndirectInputEvents = YES;
				INFOPLIST_KEY_UILaunchScreen_Generation = YES;
				INFOPLIST_KEY_UISupportedInterfaceOrientations_iPad = "UIInterfaceOrientationPortrait UIInterfaceOrientationPortraitUpsideDown UIInterfaceOrientationLandscapeLeft UIInterfaceOrientationLandscapeRight";
				INFOPLIST_KEY_UISupportedInterfaceOrientations_iPhone = "UIInterfaceOrientationPortrait UIInterfaceOrientationLandscapeLeft UIInterfaceOrientationLandscapeRight";
				LD_RUNPATH_SEARCH_PATHS = (
					"$(inherited)",
					"@executable_path/Frameworks",
				);
				MARKETING_VERSION = 1.0;
				PRODUCT_BUNDLE_IDENTIFIER = com.edgaradrian.mx.SwiftUIPersonalFinance;
				PRODUCT_NAME = "$(TARGET_NAME)";
				SWIFT_EMIT_LOC_STRINGS = YES;
				SWIFT_VERSION = 5.0;
				TARGETED_DEVICE_FAMILY = "1,2";
			};
			name = Release;
		};
/* End XCBuildConfiguration section */

/* Begin XCConfigurationList section */
		5CBB3B4228F87B940097B932 /* Build configuration list for PBXProject "SwiftUIPersonalFinance" */ = {
			isa = XCConfigurationList;
			buildConfigurations = (
				5CBB3B5328F87B960097B932 /* Debug */,
				5CBB3B5428F87B960097B932 /* Release */,
			);
			defaultConfigurationIsVisible = 0;
			defaultConfigurationName = Release;
		};
		5CBB3B5528F87B960097B932 /* Build configuration list for PBXNativeTarget "SwiftUIPersonalFinance" */ = {
			isa = XCConfigurationList;
			buildConfigurations = (
				5CBB3B5628F87B960097B932 /* Debug */,
				5CBB3B5728F87B960097B932 /* Release */,
			);
			defaultConfigurationIsVisible = 0;
			defaultConfigurationName = Release;
		};
/* End XCConfigurationList section */

/* Begin XCVersionGroup section */
		5CBB3B5828F87BE20097B932 /* PersonalFinanceStore.xcdatamodeld */ = {
			isa = XCVersionGroup;
			children = (
				5CBB3B5928F87BE20097B932 /* PersonalFinanceStore.xcdatamodel */,
			);
			currentVersion = 5CBB3B5928F87BE20097B932 /* PersonalFinanceStore.xcdatamodel */;
			path = PersonalFinanceStore.xcdatamodeld;
			sourceTree = "<group>";
			versionGroupType = wrapper.xcdatamodel;
		};
/* End XCVersionGroup section */
	};
	rootObject = 5CBB3B3F28F87B940097B932 /* Project object */;
}
