// !$*UTF8*$!
{
	archiveVersion = 1;
	classes = {
	};
	objectVersion = 50;
	objects = {

/* Begin PBXBuildFile section */
		6D651A002591202D00B74F49 /* AddAccountScreen.swift in Sources */ = {isa = PBXBuildFile; fileRef = 6D6519FF2591202D00B74F49 /* AddAccountScreen.swift */; };
		6D70EAA125872CFA00EE3628 /* MVVMBankAppApp.swift in Sources */ = {isa = PBXBuildFile; fileRef = 6D70EAA025872CFA00EE3628 /* MVVMBankAppApp.swift */; };
		6D70EAA525872CFF00EE3628 /* Assets.xcassets in Resources */ = {isa = PBXBuildFile; fileRef = 6D70EAA425872CFF00EE3628 /* Assets.xcassets */; };
		6D70EAA825872CFF00EE3628 /* Preview Assets.xcassets in Resources */ = {isa = PBXBuildFile; fileRef = 6D70EAA725872CFF00EE3628 /* Preview Assets.xcassets */; };
		6D70EAB325872CFF00EE3628 /* MVVMBankAppTests.swift in Sources */ = {isa = PBXBuildFile; fileRef = 6D70EAB225872CFF00EE3628 /* MVVMBankAppTests.swift */; };
		6D70EABE25872CFF00EE3628 /* MVVMBankAppUITests.swift in Sources */ = {isa = PBXBuildFile; fileRef = 6D70EABD25872CFF00EE3628 /* MVVMBankAppUITests.swift */; };
		6D70EAD125872DEC00EE3628 /* Double+Extensions.swift in Sources */ = {isa = PBXBuildFile; fileRef = 6D70EAD025872DEC00EE3628 /* Double+Extensions.swift */; };
		6DA5776925881C5400B49B88 /* URL+Extensions.swift in Sources */ = {isa = PBXBuildFile; fileRef = 6DA5776825881C5400B49B88 /* URL+Extensions.swift */; };
		6DA5776E25881CEC00B49B88 /* View+Extensions.swift in Sources */ = {isa = PBXBuildFile; fileRef = 6DA5776D25881CEC00B49B88 /* View+Extensions.swift */; };
		6DA577742588228E00B49B88 /* Account.swift in Sources */ = {isa = PBXBuildFile; fileRef = 6DA577732588228E00B49B88 /* Account.swift */; };
		6DA5777D258825A400B49B88 /* AccountService.swift in Sources */ = {isa = PBXBuildFile; fileRef = 6DA5777C258825A400B49B88 /* AccountService.swift */; };
		6DA5778325884BBB00B49B88 /* AccountSummaryViewModel.swift in Sources */ = {isa = PBXBuildFile; fileRef = 6DA5778225884BBB00B49B88 /* AccountSummaryViewModel.swift */; };
		6DA63C09258C4C6C006FCE1B /* CreateAccountRequest.swift in Sources */ = {isa = PBXBuildFile; fileRef = 6DA63C08258C4C6C006FCE1B /* CreateAccountRequest.swift */; };
		6DA63C0E258C4E04006FCE1B /* CreateAccountResponse.swift in Sources */ = {isa = PBXBuildFile; fileRef = 6DA63C0D258C4E04006FCE1B /* CreateAccountResponse.swift */; };
		6DA63C13258C54F5006FCE1B /* AddAccountViewModel.swift in Sources */ = {isa = PBXBuildFile; fileRef = 6DA63C12258C54F5006FCE1B /* AddAccountViewModel.swift */; };
		6DC1EDDE259D0D08004B8475 /* TransferFunds.swift in Sources */ = {isa = PBXBuildFile; fileRef = 6DC1EDDD259D0D08004B8475 /* TransferFunds.swift */; };
		6DC1EDE3259D1012004B8475 /* TransferFundResponse.swift in Sources */ = {isa = PBXBuildFile; fileRef = 6DC1EDE2259D1012004B8475 /* TransferFundResponse.swift */; };
		6DF1E7CA25895B6700CCB5E2 /* AccountSummaryScreen.swift in Sources */ = {isa = PBXBuildFile; fileRef = 6DF1E7C925895B6700CCB5E2 /* AccountSummaryScreen.swift */; };
		6DF1E7D3258972E600CCB5E2 /* AccountListView.swift in Sources */ = {isa = PBXBuildFile; fileRef = 6DF1E7D2258972E600CCB5E2 /* AccountListView.swift */; };
/* End PBXBuildFile section */

/* Begin PBXContainerItemProxy section */
		6D70EAAF25872CFF00EE3628 /* PBXContainerItemProxy */ = {
			isa = PBXContainerItemProxy;
			containerPortal = 6D70EA9525872CF900EE3628 /* Project object */;
			proxyType = 1;
			remoteGlobalIDString = 6D70EA9C25872CF900EE3628;
			remoteInfo = MVVMBankApp;
		};
		6D70EABA25872CFF00EE3628 /* PBXContainerItemProxy */ = {
			isa = PBXContainerItemProxy;
			containerPortal = 6D70EA9525872CF900EE3628 /* Project object */;
			proxyType = 1;
			remoteGlobalIDString = 6D70EA9C25872CF900EE3628;
			remoteInfo = MVVMBankApp;
		};
/* End PBXContainerItemProxy section */

/* Begin PBXFileReference section */
		6D6519FF2591202D00B74F49 /* AddAccountScreen.swift */ = {isa = PBXFileReference; lastKnownFileType = sourcecode.swift; path = AddAccountScreen.swift; sourceTree = "<group>"; };
		6D70EA9D25872CFA00EE3628 /* MVVMBankApp.app */ = {isa = PBXFileReference; explicitFileType = wrapper.application; includeInIndex = 0; path = MVVMBankApp.app; sourceTree = BUILT_PRODUCTS_DIR; };
		6D70EAA025872CFA00EE3628 /* MVVMBankAppApp.swift */ = {isa = PBXFileReference; lastKnownFileType = sourcecode.swift; path = MVVMBankAppApp.swift; sourceTree = "<group>"; };
		6D70EAA425872CFF00EE3628 /* Assets.xcassets */ = {isa = PBXFileReference; lastKnownFileType = folder.assetcatalog; path = Assets.xcassets; sourceTree = "<group>"; };
		6D70EAA725872CFF00EE3628 /* Preview Assets.xcassets */ = {isa = PBXFileReference; lastKnownFileType = folder.assetcatalog; path = "Preview Assets.xcassets"; sourceTree = "<group>"; };
		6D70EAA925872CFF00EE3628 /* Info.plist */ = {isa = PBXFileReference; lastKnownFileType = text.plist.xml; path = Info.plist; sourceTree = "<group>"; };
		6D70EAAE25872CFF00EE3628 /* MVVMBankAppTests.xctest */ = {isa = PBXFileReference; explicitFileType = wrapper.cfbundle; includeInIndex = 0; path = MVVMBankAppTests.xctest; sourceTree = BUILT_PRODUCTS_DIR; };
		6D70EAB225872CFF00EE3628 /* MVVMBankAppTests.swift */ = {isa = PBXFileReference; lastKnownFileType = sourcecode.swift; path = MVVMBankAppTests.swift; sourceTree = "<group>"; };
		6D70EAB425872CFF00EE3628 /* Info.plist */ = {isa = PBXFileReference; lastKnownFileType = text.plist.xml; path = Info.plist; sourceTree = "<group>"; };
		6D70EAB925872CFF00EE3628 /* MVVMBankAppUITests.xctest */ = {isa = PBXFileReference; explicitFileType = wrapper.cfbundle; includeInIndex = 0; path = MVVMBankAppUITests.xctest; sourceTree = BUILT_PRODUCTS_DIR; };
		6D70EABD25872CFF00EE3628 /* MVVMBankAppUITests.swift */ = {isa = PBXFileReference; lastKnownFileType = sourcecode.swift; path = MVVMBankAppUITests.swift; sourceTree = "<group>"; };
		6D70EABF25872CFF00EE3628 /* Info.plist */ = {isa = PBXFileReference; lastKnownFileType = text.plist.xml; path = Info.plist; sourceTree = "<group>"; };
		6D70EAD025872DEC00EE3628 /* Double+Extensions.swift */ = {isa = PBXFileReference; lastKnownFileType = sourcecode.swift; path = "Double+Extensions.swift"; sourceTree = "<group>"; };
		6DA5776825881C5400B49B88 /* URL+Extensions.swift */ = {isa = PBXFileReference; lastKnownFileType = sourcecode.swift; path = "URL+Extensions.swift"; sourceTree = "<group>"; };
		6DA5776D25881CEC00B49B88 /* View+Extensions.swift */ = {isa = PBXFileReference; lastKnownFileType = sourcecode.swift; path = "View+Extensions.swift"; sourceTree = "<group>"; };
		6DA577732588228E00B49B88 /* Account.swift */ = {isa = PBXFileReference; lastKnownFileType = sourcecode.swift; path = Account.swift; sourceTree = "<group>"; };
		6DA5777C258825A400B49B88 /* AccountService.swift */ = {isa = PBXFileReference; lastKnownFileType = sourcecode.swift; path = AccountService.swift; sourceTree = "<group>"; };
		6DA5778225884BBB00B49B88 /* AccountSummaryViewModel.swift */ = {isa = PBXFileReference; lastKnownFileType = sourcecode.swift; path = AccountSummaryViewModel.swift; sourceTree = "<group>"; };
		6DA63C08258C4C6C006FCE1B /* CreateAccountRequest.swift */ = {isa = PBXFileReference; lastKnownFileType = sourcecode.swift; path = CreateAccountRequest.swift; sourceTree = "<group>"; };
		6DA63C0D258C4E04006FCE1B /* CreateAccountResponse.swift */ = {isa = PBXFileReference; lastKnownFileType = sourcecode.swift; path = CreateAccountResponse.swift; sourceTree = "<group>"; };
		6DA63C12258C54F5006FCE1B /* AddAccountViewModel.swift */ = {isa = PBXFileReference; lastKnownFileType = sourcecode.swift; path = AddAccountViewModel.swift; sourceTree = "<group>"; };
		6DC1EDDD259D0D08004B8475 /* TransferFunds.swift */ = {isa = PBXFileReference; lastKnownFileType = sourcecode.swift; path = TransferFunds.swift; sourceTree = "<group>"; };
		6DC1EDE2259D1012004B8475 /* TransferFundResponse.swift */ = {isa = PBXFileReference; lastKnownFileType = sourcecode.swift; path = TransferFundResponse.swift; sourceTree = "<group>"; };
		6DF1E7C925895B6700CCB5E2 /* AccountSummaryScreen.swift */ = {isa = PBXFileReference; lastKnownFileType = sourcecode.swift; path = AccountSummaryScreen.swift; sourceTree = "<group>"; };
		6DF1E7D2258972E600CCB5E2 /* AccountListView.swift */ = {isa = PBXFileReference; lastKnownFileType = sourcecode.swift; path = AccountListView.swift; sourceTree = "<group>"; };
/* End PBXFileReference section */

/* Begin PBXFrameworksBuildPhase section */
		6D70EA9A25872CF900EE3628 /* Frameworks */ = {
			isa = PBXFrameworksBuildPhase;
			buildActionMask = 2147483647;
			files = (
			);
			runOnlyForDeploymentPostprocessing = 0;
		};
		6D70EAAB25872CFF00EE3628 /* Frameworks */ = {
			isa = PBXFrameworksBuildPhase;
			buildActionMask = 2147483647;
			files = (
			);
			runOnlyForDeploymentPostprocessing = 0;
		};
		6D70EAB625872CFF00EE3628 /* Frameworks */ = {
			isa = PBXFrameworksBuildPhase;
			buildActionMask = 2147483647;
			files = (
			);
			runOnlyForDeploymentPostprocessing = 0;
		};
/* End PBXFrameworksBuildPhase section */

/* Begin PBXGroup section */
		6D70EA9425872CF900EE3628 = {
			isa = PBXGroup;
			children = (
				6D70EA9F25872CFA00EE3628 /* MVVMBankApp */,
				6D70EAB125872CFF00EE3628 /* MVVMBankAppTests */,
				6D70EABC25872CFF00EE3628 /* MVVMBankAppUITests */,
				6D70EA9E25872CFA00EE3628 /* Products */,
			);
			sourceTree = "<group>";
		};
		6D70EA9E25872CFA00EE3628 /* Products */ = {
			isa = PBXGroup;
			children = (
				6D70EA9D25872CFA00EE3628 /* MVVMBankApp.app */,
				6D70EAAE25872CFF00EE3628 /* MVVMBankAppTests.xctest */,
				6D70EAB925872CFF00EE3628 /* MVVMBankAppUITests.xctest */,
			);
			name = Products;
			sourceTree = "<group>";
		};
		6D70EA9F25872CFA00EE3628 /* MVVMBankApp */ = {
			isa = PBXGroup;
			children = (
				6DF1E7D1258972CF00CCB5E2 /* Views */,
				6DF1E7C825895B3600CCB5E2 /* Screens */,
				6DA5778125884B9100B49B88 /* View Models */,
				6DA5777B2588258900B49B88 /* Services */,
				6DA5777225881F7800B49B88 /* Models */,
				6D70EACF25872DD700EE3628 /* Extensions */,
				6D70EAA025872CFA00EE3628 /* MVVMBankAppApp.swift */,
				6D70EAA425872CFF00EE3628 /* Assets.xcassets */,
				6D70EAA925872CFF00EE3628 /* Info.plist */,
				6D70EAA625872CFF00EE3628 /* Preview Content */,
			);
			path = MVVMBankApp;
			sourceTree = "<group>";
		};
		6D70EAA625872CFF00EE3628 /* Preview Content */ = {
			isa = PBXGroup;
			children = (
				6D70EAA725872CFF00EE3628 /* Preview Assets.xcassets */,
			);
			path = "Preview Content";
			sourceTree = "<group>";
		};
		6D70EAB125872CFF00EE3628 /* MVVMBankAppTests */ = {
			isa = PBXGroup;
			children = (
				6D70EAB225872CFF00EE3628 /* MVVMBankAppTests.swift */,
				6D70EAB425872CFF00EE3628 /* Info.plist */,
			);
			path = MVVMBankAppTests;
			sourceTree = "<group>";
		};
		6D70EABC25872CFF00EE3628 /* MVVMBankAppUITests */ = {
			isa = PBXGroup;
			children = (
				6D70EABD25872CFF00EE3628 /* MVVMBankAppUITests.swift */,
				6D70EABF25872CFF00EE3628 /* Info.plist */,
			);
			path = MVVMBankAppUITests;
			sourceTree = "<group>";
		};
		6D70EACF25872DD700EE3628 /* Extensions */ = {
			isa = PBXGroup;
			children = (
				6D70EAD025872DEC00EE3628 /* Double+Extensions.swift */,
				6DA5776825881C5400B49B88 /* URL+Extensions.swift */,
				6DA5776D25881CEC00B49B88 /* View+Extensions.swift */,
			);
			path = Extensions;
			sourceTree = "<group>";
		};
		6DA5777225881F7800B49B88 /* Models */ = {
			isa = PBXGroup;
			children = (
				6DA577732588228E00B49B88 /* Account.swift */,
				6DA63C08258C4C6C006FCE1B /* CreateAccountRequest.swift */,
				6DA63C0D258C4E04006FCE1B /* CreateAccountResponse.swift */,
				6DC1EDDD259D0D08004B8475 /* TransferFunds.swift */,
				6DC1EDE2259D1012004B8475 /* TransferFundResponse.swift */,
			);
			path = Models;
			sourceTree = "<group>";
		};
		6DA5777B2588258900B49B88 /* Services */ = {
			isa = PBXGroup;
			children = (
				6DA5777C258825A400B49B88 /* AccountService.swift */,
			);
			path = Services;
			sourceTree = "<group>";
		};
		6DA5778125884B9100B49B88 /* View Models */ = {
			isa = PBXGroup;
			children = (
				6DA5778225884BBB00B49B88 /* AccountSummaryViewModel.swift */,
				6DA63C12258C54F5006FCE1B /* AddAccountViewModel.swift */,
			);
			path = "View Models";
			sourceTree = "<group>";
		};
		6DF1E7C825895B3600CCB5E2 /* Screens */ = {
			isa = PBXGroup;
			children = (
				6DF1E7C925895B6700CCB5E2 /* AccountSummaryScreen.swift */,
				6D6519FF2591202D00B74F49 /* AddAccountScreen.swift */,
			);
			path = Screens;
			sourceTree = "<group>";
		};
		6DF1E7D1258972CF00CCB5E2 /* Views */ = {
			isa = PBXGroup;
			children = (
				6DF1E7D2258972E600CCB5E2 /* AccountListView.swift */,
			);
			path = Views;
			sourceTree = "<group>";
		};
/* End PBXGroup section */

/* Begin PBXNativeTarget section */
		6D70EA9C25872CF900EE3628 /* MVVMBankApp */ = {
			isa = PBXNativeTarget;
			buildConfigurationList = 6D70EAC225872CFF00EE3628 /* Build configuration list for PBXNativeTarget "MVVMBankApp" */;
			buildPhases = (
				6D70EA9925872CF900EE3628 /* Sources */,
				6D70EA9A25872CF900EE3628 /* Frameworks */,
				6D70EA9B25872CF900EE3628 /* Resources */,
			);
			buildRules = (
			);
			dependencies = (
			);
			name = MVVMBankApp;
			productName = MVVMBankApp;
			productReference = 6D70EA9D25872CFA00EE3628 /* MVVMBankApp.app */;
			productType = "com.apple.product-type.application";
		};
		6D70EAAD25872CFF00EE3628 /* MVVMBankAppTests */ = {
			isa = PBXNativeTarget;
			buildConfigurationList = 6D70EAC525872CFF00EE3628 /* Build configuration list for PBXNativeTarget "MVVMBankAppTests" */;
			buildPhases = (
				6D70EAAA25872CFF00EE3628 /* Sources */,
				6D70EAAB25872CFF00EE3628 /* Frameworks */,
				6D70EAAC25872CFF00EE3628 /* Resources */,
			);
			buildRules = (
			);
			dependencies = (
				6D70EAB025872CFF00EE3628 /* PBXTargetDependency */,
			);
			name = MVVMBankAppTests;
			productName = MVVMBankAppTests;
			productReference = 6D70EAAE25872CFF00EE3628 /* MVVMBankAppTests.xctest */;
			productType = "com.apple.product-type.bundle.unit-test";
		};
		6D70EAB825872CFF00EE3628 /* MVVMBankAppUITests */ = {
			isa = PBXNativeTarget;
			buildConfigurationList = 6D70EAC825872CFF00EE3628 /* Build configuration list for PBXNativeTarget "MVVMBankAppUITests" */;
			buildPhases = (
				6D70EAB525872CFF00EE3628 /* Sources */,
				6D70EAB625872CFF00EE3628 /* Frameworks */,
				6D70EAB725872CFF00EE3628 /* Resources */,
			);
			buildRules = (
			);
			dependencies = (
				6D70EABB25872CFF00EE3628 /* PBXTargetDependency */,
			);
			name = MVVMBankAppUITests;
			productName = MVVMBankAppUITests;
			productReference = 6D70EAB925872CFF00EE3628 /* MVVMBankAppUITests.xctest */;
			productType = "com.apple.product-type.bundle.ui-testing";
		};
/* End PBXNativeTarget section */

/* Begin PBXProject section */
		6D70EA9525872CF900EE3628 /* Project object */ = {
			isa = PBXProject;
			attributes = {
				LastSwiftUpdateCheck = 1220;
				LastUpgradeCheck = 1220;
				TargetAttributes = {
					6D70EA9C25872CF900EE3628 = {
						CreatedOnToolsVersion = 12.2;
					};
					6D70EAAD25872CFF00EE3628 = {
						CreatedOnToolsVersion = 12.2;
						TestTargetID = 6D70EA9C25872CF900EE3628;
					};
					6D70EAB825872CFF00EE3628 = {
						CreatedOnToolsVersion = 12.2;
						TestTargetID = 6D70EA9C25872CF900EE3628;
					};
				};
			};
			buildConfigurationList = 6D70EA9825872CF900EE3628 /* Build configuration list for PBXProject "MVVMBankApp" */;
			compatibilityVersion = "Xcode 9.3";
			developmentRegion = en;
			hasScannedForEncodings = 0;
			knownRegions = (
				en,
				Base,
			);
			mainGroup = 6D70EA9425872CF900EE3628;
			productRefGroup = 6D70EA9E25872CFA00EE3628 /* Products */;
			projectDirPath = "";
			projectRoot = "";
			targets = (
				6D70EA9C25872CF900EE3628 /* MVVMBankApp */,
				6D70EAAD25872CFF00EE3628 /* MVVMBankAppTests */,
				6D70EAB825872CFF00EE3628 /* MVVMBankAppUITests */,
			);
		};
/* End PBXProject section */

/* Begin PBXResourcesBuildPhase section */
		6D70EA9B25872CF900EE3628 /* Resources */ = {
			isa = PBXResourcesBuildPhase;
			buildActionMask = 2147483647;
			files = (
				6D70EAA825872CFF00EE3628 /* Preview Assets.xcassets in Resources */,
				6D70EAA525872CFF00EE3628 /* Assets.xcassets in Resources */,
			);
			runOnlyForDeploymentPostprocessing = 0;
		};
		6D70EAAC25872CFF00EE3628 /* Resources */ = {
			isa = PBXResourcesBuildPhase;
			buildActionMask = 2147483647;
			files = (
			);
			runOnlyForDeploymentPostprocessing = 0;
		};
		6D70EAB725872CFF00EE3628 /* Resources */ = {
			isa = PBXResourcesBuildPhase;
			buildActionMask = 2147483647;
			files = (
			);
			runOnlyForDeploymentPostprocessing = 0;
		};
/* End PBXResourcesBuildPhase section */

/* Begin PBXSourcesBuildPhase section */
		6D70EA9925872CF900EE3628 /* Sources */ = {
			isa = PBXSourcesBuildPhase;
			buildActionMask = 2147483647;
			files = (
				6DF1E7D3258972E600CCB5E2 /* AccountListView.swift in Sources */,
				6DF1E7CA25895B6700CCB5E2 /* AccountSummaryScreen.swift in Sources */,
				6D70EAD125872DEC00EE3628 /* Double+Extensions.swift in Sources */,
				6DA5776925881C5400B49B88 /* URL+Extensions.swift in Sources */,
				6DA63C0E258C4E04006FCE1B /* CreateAccountResponse.swift in Sources */,
				6DC1EDDE259D0D08004B8475 /* TransferFunds.swift in Sources */,
				6DA5776E25881CEC00B49B88 /* View+Extensions.swift in Sources */,
				6DA63C13258C54F5006FCE1B /* AddAccountViewModel.swift in Sources */,
				6DA5777D258825A400B49B88 /* AccountService.swift in Sources */,
				6D70EAA125872CFA00EE3628 /* MVVMBankAppApp.swift in Sources */,
				6DA577742588228E00B49B88 /* Account.swift in Sources */,
				6D651A002591202D00B74F49 /* AddAccountScreen.swift in Sources */,
				6DC1EDE3259D1012004B8475 /* TransferFundResponse.swift in Sources */,
				6DA5778325884BBB00B49B88 /* AccountSummaryViewModel.swift in Sources */,
				6DA63C09258C4C6C006FCE1B /* CreateAccountRequest.swift in Sources */,
			);
			runOnlyForDeploymentPostprocessing = 0;
		};
		6D70EAAA25872CFF00EE3628 /* Sources */ = {
			isa = PBXSourcesBuildPhase;
			buildActionMask = 2147483647;
			files = (
				6D70EAB325872CFF00EE3628 /* MVVMBankAppTests.swift in Sources */,
			);
			runOnlyForDeploymentPostprocessing = 0;
		};
		6D70EAB525872CFF00EE3628 /* Sources */ = {
			isa = PBXSourcesBuildPhase;
			buildActionMask = 2147483647;
			files = (
				6D70EABE25872CFF00EE3628 /* MVVMBankAppUITests.swift in Sources */,
			);
			runOnlyForDeploymentPostprocessing = 0;
		};
/* End PBXSourcesBuildPhase section */

/* Begin PBXTargetDependency section */
		6D70EAB025872CFF00EE3628 /* PBXTargetDependency */ = {
			isa = PBXTargetDependency;
			target = 6D70EA9C25872CF900EE3628 /* MVVMBankApp */;
			targetProxy = 6D70EAAF25872CFF00EE3628 /* PBXContainerItemProxy */;
		};
		6D70EABB25872CFF00EE3628 /* PBXTargetDependency */ = {
			isa = PBXTargetDependency;
			target = 6D70EA9C25872CF900EE3628 /* MVVMBankApp */;
			targetProxy = 6D70EABA25872CFF00EE3628 /* PBXContainerItemProxy */;
		};
/* End PBXTargetDependency section */

/* Begin XCBuildConfiguration section */
		6D70EAC025872CFF00EE3628 /* Debug */ = {
			isa = XCBuildConfiguration;
			buildSettings = {
				ALWAYS_SEARCH_USER_PATHS = NO;
				CLANG_ANALYZER_NONNULL = YES;
				CLANG_ANALYZER_NUMBER_OBJECT_CONVERSION = YES_AGGRESSIVE;
				CLANG_CXX_LANGUAGE_STANDARD = "gnu++14";
				CLANG_CXX_LIBRARY = "libc++";
				CLANG_ENABLE_MODULES = YES;
				CLANG_ENABLE_OBJC_ARC = YES;
				CLANG_ENABLE_OBJC_WEAK = YES;
				CLANG_WARN_BLOCK_CAPTURE_AUTORELEASING = YES;
				CLANG_WARN_BOOL_CONVERSION = YES;
				CLANG_WARN_COMMA = YES;
				CLANG_WARN_CONSTANT_CONVERSION = YES;
				CLANG_WARN_DEPRECATED_OBJC_IMPLEMENTATIONS = YES;
				CLANG_WARN_DIRECT_OBJC_ISA_USAGE = YES_ERROR;
				CLANG_WARN_DOCUMENTATION_COMMENTS = YES;
				CLANG_WARN_EMPTY_BODY = YES;
				CLANG_WARN_ENUM_CONVERSION = YES;
				CLANG_WARN_INFINITE_RECURSION = YES;
				CLANG_WARN_INT_CONVERSION = YES;
				CLANG_WARN_NON_LITERAL_NULL_CONVERSION = YES;
				CLANG_WARN_OBJC_IMPLICIT_RETAIN_SELF = YES;
				CLANG_WARN_OBJC_LITERAL_CONVERSION = YES;
				CLANG_WARN_OBJC_ROOT_CLASS = YES_ERROR;
				CLANG_WARN_QUOTED_INCLUDE_IN_FRAMEWORK_HEADER = YES;
				CLANG_WARN_RANGE_LOOP_ANALYSIS = YES;
				CLANG_WARN_STRICT_PROTOTYPES = YES;
				CLANG_WARN_SUSPICIOUS_MOVE = YES;
				CLANG_WARN_UNGUARDED_AVAILABILITY = YES_AGGRESSIVE;
				CLANG_WARN_UNREACHABLE_CODE = YES;
				CLANG_WARN__DUPLICATE_METHOD_MATCH = YES;
				COPY_PHASE_STRIP = NO;
				DEBUG_INFORMATION_FORMAT = dwarf;
				ENABLE_STRICT_OBJC_MSGSEND = YES;
				ENABLE_TESTABILITY = YES;
				GCC_C_LANGUAGE_STANDARD = gnu11;
				GCC_DYNAMIC_NO_PIC = NO;
				GCC_NO_COMMON_BLOCKS = YES;
				GCC_OPTIMIZATION_LEVEL = 0;
				GCC_PREPROCESSOR_DEFINITIONS = (
					"DEBUG=1",
					"$(inherited)",
				);
				GCC_WARN_64_TO_32_BIT_CONVERSION = YES;
				GCC_WARN_ABOUT_RETURN_TYPE = YES_ERROR;
				GCC_WARN_UNDECLARED_SELECTOR = YES;
				GCC_WARN_UNINITIALIZED_AUTOS = YES_AGGRESSIVE;
				GCC_WARN_UNUSED_FUNCTION = YES;
				GCC_WARN_UNUSED_VARIABLE = YES;
				IPHONEOS_DEPLOYMENT_TARGET = 14.2;
				MTL_ENABLE_DEBUG_INFO = INCLUDE_SOURCE;
				MTL_FAST_MATH = YES;
				ONLY_ACTIVE_ARCH = YES;
				SDKROOT = iphoneos;
				SWIFT_ACTIVE_COMPILATION_CONDITIONS = DEBUG;
				SWIFT_OPTIMIZATION_LEVEL = "-Onone";
			};
			name = Debug;
		};
		6D70EAC125872CFF00EE3628 /* Release */ = {
			isa = XCBuildConfiguration;
			buildSettings = {
				ALWAYS_SEARCH_USER_PATHS = NO;
				CLANG_ANALYZER_NONNULL = YES;
				CLANG_ANALYZER_NUMBER_OBJECT_CONVERSION = YES_AGGRESSIVE;
				CLANG_CXX_LANGUAGE_STANDARD = "gnu++14";
				CLANG_CXX_LIBRARY = "libc++";
				CLANG_ENABLE_MODULES = YES;
				CLANG_ENABLE_OBJC_ARC = YES;
				CLANG_ENABLE_OBJC_WEAK = YES;
				CLANG_WARN_BLOCK_CAPTURE_AUTORELEASING = YES;
				CLANG_WARN_BOOL_CONVERSION = YES;
				CLANG_WARN_COMMA = YES;
				CLANG_WARN_CONSTANT_CONVERSION = YES;
				CLANG_WARN_DEPRECATED_OBJC_IMPLEMENTATIONS = YES;
				CLANG_WARN_DIRECT_OBJC_ISA_USAGE = YES_ERROR;
				CLANG_WARN_DOCUMENTATION_COMMENTS = YES;
				CLANG_WARN_EMPTY_BODY = YES;
				CLANG_WARN_ENUM_CONVERSION = YES;
				CLANG_WARN_INFINITE_RECURSION = YES;
				CLANG_WARN_INT_CONVERSION = YES;
				CLANG_WARN_NON_LITERAL_NULL_CONVERSION = YES;
				CLANG_WARN_OBJC_IMPLICIT_RETAIN_SELF = YES;
				CLANG_WARN_OBJC_LITERAL_CONVERSION = YES;
				CLANG_WARN_OBJC_ROOT_CLASS = YES_ERROR;
				CLANG_WARN_QUOTED_INCLUDE_IN_FRAMEWORK_HEADER = YES;
				CLANG_WARN_RANGE_LOOP_ANALYSIS = YES;
				CLANG_WARN_STRICT_PROTOTYPES = YES;
				CLANG_WARN_SUSPICIOUS_MOVE = YES;
				CLANG_WARN_UNGUARDED_AVAILABILITY = YES_AGGRESSIVE;
				CLANG_WARN_UNREACHABLE_CODE = YES;
				CLANG_WARN__DUPLICATE_METHOD_MATCH = YES;
				COPY_PHASE_STRIP = NO;
				DEBUG_INFORMATION_FORMAT = "dwarf-with-dsym";
				ENABLE_NS_ASSERTIONS = NO;
				ENABLE_STRICT_OBJC_MSGSEND = YES;
				GCC_C_LANGUAGE_STANDARD = gnu11;
				GCC_NO_COMMON_BLOCKS = YES;
				GCC_WARN_64_TO_32_BIT_CONVERSION = YES;
				GCC_WARN_ABOUT_RETURN_TYPE = YES_ERROR;
				GCC_WARN_UNDECLARED_SELECTOR = YES;
				GCC_WARN_UNINITIALIZED_AUTOS = YES_AGGRESSIVE;
				GCC_WARN_UNUSED_FUNCTION = YES;
				GCC_WARN_UNUSED_VARIABLE = YES;
				IPHONEOS_DEPLOYMENT_TARGET = 14.2;
				MTL_ENABLE_DEBUG_INFO = NO;
				MTL_FAST_MATH = YES;
				SDKROOT = iphoneos;
				SWIFT_COMPILATION_MODE = wholemodule;
				SWIFT_OPTIMIZATION_LEVEL = "-O";
				VALIDATE_PRODUCT = YES;
			};
			name = Release;
		};
		6D70EAC325872CFF00EE3628 /* Debug */ = {
			isa = XCBuildConfiguration;
			buildSettings = {
				ASSETCATALOG_COMPILER_APPICON_NAME = AppIcon;
				ASSETCATALOG_COMPILER_GLOBAL_ACCENT_COLOR_NAME = AccentColor;
				CODE_SIGN_STYLE = Automatic;
				DEVELOPMENT_ASSET_PATHS = "\"MVVMBankApp/Preview Content\"";
				DEVELOPMENT_TEAM = Q537G68YQ8;
				ENABLE_PREVIEWS = YES;
				INFOPLIST_FILE = MVVMBankApp/Info.plist;
				IPHONEOS_DEPLOYMENT_TARGET = 14.0;
				LD_RUNPATH_SEARCH_PATHS = (
					"$(inherited)",
					"@executable_path/Frameworks",
				);
				PRODUCT_BUNDLE_IDENTIFIER = com.edgaradrian.mx.MVVMBankApp;
				PRODUCT_NAME = "$(TARGET_NAME)";
				SWIFT_VERSION = 5.0;
				TARGETED_DEVICE_FAMILY = "1,2";
			};
			name = Debug;
		};
		6D70EAC425872CFF00EE3628 /* Release */ = {
			isa = XCBuildConfiguration;
			buildSettings = {
				ASSETCATALOG_COMPILER_APPICON_NAME = AppIcon;
				ASSETCATALOG_COMPILER_GLOBAL_ACCENT_COLOR_NAME = AccentColor;
				CODE_SIGN_STYLE = Automatic;
				DEVELOPMENT_ASSET_PATHS = "\"MVVMBankApp/Preview Content\"";
				DEVELOPMENT_TEAM = Q537G68YQ8;
				ENABLE_PREVIEWS = YES;
				INFOPLIST_FILE = MVVMBankApp/Info.plist;
				IPHONEOS_DEPLOYMENT_TARGET = 14.0;
				LD_RUNPATH_SEARCH_PATHS = (
					"$(inherited)",
					"@executable_path/Frameworks",
				);
				PRODUCT_BUNDLE_IDENTIFIER = com.edgaradrian.mx.MVVMBankApp;
				PRODUCT_NAME = "$(TARGET_NAME)";
				SWIFT_VERSION = 5.0;
				TARGETED_DEVICE_FAMILY = "1,2";
			};
			name = Release;
		};
		6D70EAC625872CFF00EE3628 /* Debug */ = {
			isa = XCBuildConfiguration;
			buildSettings = {
				ALWAYS_EMBED_SWIFT_STANDARD_LIBRARIES = YES;
				BUNDLE_LOADER = "$(TEST_HOST)";
				CODE_SIGN_STYLE = Automatic;
				DEVELOPMENT_TEAM = Q537G68YQ8;
				INFOPLIST_FILE = MVVMBankAppTests/Info.plist;
				IPHONEOS_DEPLOYMENT_TARGET = 14.0;
				LD_RUNPATH_SEARCH_PATHS = (
					"$(inherited)",
					"@executable_path/Frameworks",
					"@loader_path/Frameworks",
				);
				PRODUCT_BUNDLE_IDENTIFIER = com.edgaradrian.mx.MVVMBankAppTests;
				PRODUCT_NAME = "$(TARGET_NAME)";
				SWIFT_VERSION = 5.0;
				TARGETED_DEVICE_FAMILY = "1,2";
				TEST_HOST = "$(BUILT_PRODUCTS_DIR)/MVVMBankApp.app/MVVMBankApp";
			};
			name = Debug;
		};
		6D70EAC725872CFF00EE3628 /* Release */ = {
			isa = XCBuildConfiguration;
			buildSettings = {
				ALWAYS_EMBED_SWIFT_STANDARD_LIBRARIES = YES;
				BUNDLE_LOADER = "$(TEST_HOST)";
				CODE_SIGN_STYLE = Automatic;
				DEVELOPMENT_TEAM = Q537G68YQ8;
				INFOPLIST_FILE = MVVMBankAppTests/Info.plist;
				IPHONEOS_DEPLOYMENT_TARGET = 14.0;
				LD_RUNPATH_SEARCH_PATHS = (
					"$(inherited)",
					"@executable_path/Frameworks",
					"@loader_path/Frameworks",
				);
				PRODUCT_BUNDLE_IDENTIFIER = com.edgaradrian.mx.MVVMBankAppTests;
				PRODUCT_NAME = "$(TARGET_NAME)";
				SWIFT_VERSION = 5.0;
				TARGETED_DEVICE_FAMILY = "1,2";
				TEST_HOST = "$(BUILT_PRODUCTS_DIR)/MVVMBankApp.app/MVVMBankApp";
			};
			name = Release;
		};
		6D70EAC925872CFF00EE3628 /* Debug */ = {
			isa = XCBuildConfiguration;
			buildSettings = {
				ALWAYS_EMBED_SWIFT_STANDARD_LIBRARIES = YES;
				CODE_SIGN_STYLE = Automatic;
				DEVELOPMENT_TEAM = Q537G68YQ8;
				INFOPLIST_FILE = MVVMBankAppUITests/Info.plist;
				LD_RUNPATH_SEARCH_PATHS = (
					"$(inherited)",
					"@executable_path/Frameworks",
					"@loader_path/Frameworks",
				);
				PRODUCT_BUNDLE_IDENTIFIER = com.edgaradrian.mx.MVVMBankAppUITests;
				PRODUCT_NAME = "$(TARGET_NAME)";
				SWIFT_VERSION = 5.0;
				TARGETED_DEVICE_FAMILY = "1,2";
				TEST_TARGET_NAME = MVVMBankApp;
			};
			name = Debug;
		};
		6D70EACA25872CFF00EE3628 /* Release */ = {
			isa = XCBuildConfiguration;
			buildSettings = {
				ALWAYS_EMBED_SWIFT_STANDARD_LIBRARIES = YES;
				CODE_SIGN_STYLE = Automatic;
				DEVELOPMENT_TEAM = Q537G68YQ8;
				INFOPLIST_FILE = MVVMBankAppUITests/Info.plist;
				LD_RUNPATH_SEARCH_PATHS = (
					"$(inherited)",
					"@executable_path/Frameworks",
					"@loader_path/Frameworks",
				);
				PRODUCT_BUNDLE_IDENTIFIER = com.edgaradrian.mx.MVVMBankAppUITests;
				PRODUCT_NAME = "$(TARGET_NAME)";
				SWIFT_VERSION = 5.0;
				TARGETED_DEVICE_FAMILY = "1,2";
				TEST_TARGET_NAME = MVVMBankApp;
			};
			name = Release;
		};
/* End XCBuildConfiguration section */

/* Begin XCConfigurationList section */
		6D70EA9825872CF900EE3628 /* Build configuration list for PBXProject "MVVMBankApp" */ = {
			isa = XCConfigurationList;
			buildConfigurations = (
				6D70EAC025872CFF00EE3628 /* Debug */,
				6D70EAC125872CFF00EE3628 /* Release */,
			);
			defaultConfigurationIsVisible = 0;
			defaultConfigurationName = Release;
		};
		6D70EAC225872CFF00EE3628 /* Build configuration list for PBXNativeTarget "MVVMBankApp" */ = {
			isa = XCConfigurationList;
			buildConfigurations = (
				6D70EAC325872CFF00EE3628 /* Debug */,
				6D70EAC425872CFF00EE3628 /* Release */,
			);
			defaultConfigurationIsVisible = 0;
			defaultConfigurationName = Release;
		};
		6D70EAC525872CFF00EE3628 /* Build configuration list for PBXNativeTarget "MVVMBankAppTests" */ = {
			isa = XCConfigurationList;
			buildConfigurations = (
				6D70EAC625872CFF00EE3628 /* Debug */,
				6D70EAC725872CFF00EE3628 /* Release */,
			);
			defaultConfigurationIsVisible = 0;
			defaultConfigurationName = Release;
		};
		6D70EAC825872CFF00EE3628 /* Build configuration list for PBXNativeTarget "MVVMBankAppUITests" */ = {
			isa = XCConfigurationList;
			buildConfigurations = (
				6D70EAC925872CFF00EE3628 /* Debug */,
				6D70EACA25872CFF00EE3628 /* Release */,
			);
			defaultConfigurationIsVisible = 0;
			defaultConfigurationName = Release;
		};
/* End XCConfigurationList section */
	};
	rootObject = 6D70EA9525872CF900EE3628 /* Project object */;
}
