// !$*UTF8*$!
{
	archiveVersion = 1;
	classes = {
	};
	objectVersion = 55;
	objects = {

/* Begin PBXBuildFile section */
		1362D51A27B2B88F00695795 /* MyFirstBasicTemplateApp.swift in Sources */ = {isa = PBXBuildFile; fileRef = 1362D51927B2B88F00695795 /* MyFirstBasicTemplateApp.swift */; };
		1362D51C27B2B88F00695795 /* ContentView.swift in Sources */ = {isa = PBXBuildFile; fileRef = 1362D51B27B2B88F00695795 /* ContentView.swift */; };
		1362D51E27B2B89100695795 /* Assets.xcassets in Resources */ = {isa = PBXBuildFile; fileRef = 1362D51D27B2B89100695795 /* Assets.xcassets */; };
		1362D52127B2B89100695795 /* Preview Assets.xcassets in Resources */ = {isa = PBXBuildFile; fileRef = 1362D52027B2B89100695795 /* Preview Assets.xcassets */; };
		1362D52827B2CB7400695795 /* HeaderView.swift in Sources */ = {isa = PBXBuildFile; fileRef = 1362D52727B2CB7400695795 /* HeaderView.swift */; };
		1362D52A27B2D22700695795 /* Shapes.swift in Sources */ = {isa = PBXBuildFile; fileRef = 1362D52927B2D22700695795 /* Shapes.swift */; };
		1362D52C27B494FA00695795 /* SomeViewsPullIn.swift in Sources */ = {isa = PBXBuildFile; fileRef = 1362D52B27B494FA00695795 /* SomeViewsPullIn.swift */; };
		1362D52E27B49B6E00695795 /* SomeViewsPushOut.swift in Sources */ = {isa = PBXBuildFile; fileRef = 1362D52D27B49B6E00695795 /* SomeViewsPushOut.swift */; };
		1362D53027B5216900695795 /* VStack_Intro.swift in Sources */ = {isa = PBXBuildFile; fileRef = 1362D52F27B5216900695795 /* VStack_Intro.swift */; };
		1362D53227B5230B00695795 /* VStack_Nesting.swift in Sources */ = {isa = PBXBuildFile; fileRef = 1362D53127B5230B00695795 /* VStack_Nesting.swift */; };
		1362D53427B5259B00695795 /* VStack_Spacing.swift in Sources */ = {isa = PBXBuildFile; fileRef = 1362D53327B5259B00695795 /* VStack_Spacing.swift */; };
		1362D53627B5287500695795 /* VStack_Aligment.swift in Sources */ = {isa = PBXBuildFile; fileRef = 1362D53527B5287500695795 /* VStack_Aligment.swift */; };
		1362D53827B6C00000695795 /* LazyVStack_Intro.swift in Sources */ = {isa = PBXBuildFile; fileRef = 1362D53727B6C00000695795 /* LazyVStack_Intro.swift */; };
		1362D53A27B6CC9700695795 /* LazyVStack_Alignment.swift in Sources */ = {isa = PBXBuildFile; fileRef = 1362D53927B6CC9700695795 /* LazyVStack_Alignment.swift */; };
		1362D53C27B6ECAD00695795 /* LazyVStack_WithScrolling.swift in Sources */ = {isa = PBXBuildFile; fileRef = 1362D53B27B6ECAD00695795 /* LazyVStack_WithScrolling.swift */; };
		1362D53E27B6ED4800695795 /* LazyVStack_Player.swift in Sources */ = {isa = PBXBuildFile; fileRef = 1362D53D27B6ED4800695795 /* LazyVStack_Player.swift */; };
		1362D54027B6F9CE00695795 /* LazyVStack_HeaderView.swift in Sources */ = {isa = PBXBuildFile; fileRef = 1362D53F27B6F9CE00695795 /* LazyVStack_HeaderView.swift */; };
		1362D54327B7039200695795 /* HStack_Intro.swift in Sources */ = {isa = PBXBuildFile; fileRef = 1362D54227B7039200695795 /* HStack_Intro.swift */; };
		1362D54527B70A9800695795 /* HStack_Spacing.swift in Sources */ = {isa = PBXBuildFile; fileRef = 1362D54427B70A9800695795 /* HStack_Spacing.swift */; };
		1362D54727B84E3900695795 /* HStack_Alignment.swift in Sources */ = {isa = PBXBuildFile; fileRef = 1362D54627B84E3900695795 /* HStack_Alignment.swift */; };
		1392028827BE02730078A01D /* ZStack_Layering.swift in Sources */ = {isa = PBXBuildFile; fileRef = 1392028727BE02730078A01D /* ZStack_Layering.swift */; };
		1392028A27BE04FC0078A01D /* ZStack_Aligning.swift in Sources */ = {isa = PBXBuildFile; fileRef = 1392028927BE04FC0078A01D /* ZStack_Aligning.swift */; };
		1392028D27BE08010078A01D /* Spacer_Intro.swift in Sources */ = {isa = PBXBuildFile; fileRef = 1392028C27BE08010078A01D /* Spacer_Intro.swift */; };
		1392028F27BEB5990078A01D /* Spacer_MinimumLength.swift in Sources */ = {isa = PBXBuildFile; fileRef = 1392028E27BEB5990078A01D /* Spacer_MinimumLength.swift */; };
		1392029127BEB9670078A01D /* Spacer_RelativeSpacing.swift in Sources */ = {isa = PBXBuildFile; fileRef = 1392029027BEB9670078A01D /* Spacer_RelativeSpacing.swift */; };
		1392029427BEBE780078A01D /* GeometryReader_Intro.swift in Sources */ = {isa = PBXBuildFile; fileRef = 1392029327BEBE780078A01D /* GeometryReader_Intro.swift */; };
		1392029627BEBFCF0078A01D /* GeometryReader_Alignment.swift in Sources */ = {isa = PBXBuildFile; fileRef = 1392029527BEBFCF0078A01D /* GeometryReader_Alignment.swift */; };
		1392029827C0AFC10078A01D /* GeometryReader_Layers.swift in Sources */ = {isa = PBXBuildFile; fileRef = 1392029727C0AFC10078A01D /* GeometryReader_Layers.swift */; };
		1392029A27C0B1170078A01D /* GeometryReader_GettingSize.swift in Sources */ = {isa = PBXBuildFile; fileRef = 1392029927C0B1170078A01D /* GeometryReader_GettingSize.swift */; };
		1392029C27C0B3450078A01D /* GeometryReader_Positioning.swift in Sources */ = {isa = PBXBuildFile; fileRef = 1392029B27C0B3450078A01D /* GeometryReader_Positioning.swift */; };
		13E8EED727C2A7D000307F9A /* GeometryReader_GettingCoordinates.swift in Sources */ = {isa = PBXBuildFile; fileRef = 13E8EED627C2A7D000307F9A /* GeometryReader_GettingCoordinates.swift */; };
		13E8EED927C2ACC900307F9A /* GeometryReader_MinMidMax.swift in Sources */ = {isa = PBXBuildFile; fileRef = 13E8EED827C2ACC900307F9A /* GeometryReader_MinMidMax.swift */; };
		13E8EEDB27C2B51A00307F9A /* GeometryReader_SafeAreaInsets.swift in Sources */ = {isa = PBXBuildFile; fileRef = 13E8EEDA27C2B51A00307F9A /* GeometryReader_SafeAreaInsets.swift */; };
		13E8EEDE27C2B77800307F9A /* LazyHGrid_Intro.swift in Sources */ = {isa = PBXBuildFile; fileRef = 13E8EEDD27C2B77800307F9A /* LazyHGrid_Intro.swift */; };
		13E8EEE027C4ADC200307F9A /* LazyHGrid_ColumnSpacing.swift in Sources */ = {isa = PBXBuildFile; fileRef = 13E8EEDF27C4ADC200307F9A /* LazyHGrid_ColumnSpacing.swift */; };
		13E8EEE227C4AF3D00307F9A /* LazyHGrid_Rows.swift in Sources */ = {isa = PBXBuildFile; fileRef = 13E8EEE127C4AF3D00307F9A /* LazyHGrid_Rows.swift */; };
		13E8EEE427C4B0FA00307F9A /* LazyHGrid_FixedSize.swift in Sources */ = {isa = PBXBuildFile; fileRef = 13E8EEE327C4B0FA00307F9A /* LazyHGrid_FixedSize.swift */; };
		13E8EEE627C4B26F00307F9A /* LazyHGrid_FlexibleHeight.swift in Sources */ = {isa = PBXBuildFile; fileRef = 13E8EEE527C4B26F00307F9A /* LazyHGrid_FlexibleHeight.swift */; };
		13E8EEE827C4B49F00307F9A /* LazyHGrid_AdaptiveItems.swift in Sources */ = {isa = PBXBuildFile; fileRef = 13E8EEE727C4B49F00307F9A /* LazyHGrid_AdaptiveItems.swift */; };
		13E8EEEA27C4B6B400307F9A /* LazyHGrid_RowSpacing.swift in Sources */ = {isa = PBXBuildFile; fileRef = 13E8EEE927C4B6B400307F9A /* LazyHGrid_RowSpacing.swift */; };
		13E8EEEC27C4B85A00307F9A /* LazyHGrid_RowAndColumnSpacing.swift in Sources */ = {isa = PBXBuildFile; fileRef = 13E8EEEB27C4B85A00307F9A /* LazyHGrid_RowAndColumnSpacing.swift */; };
		13E8EEEE27C4BC5D00307F9A /* LazyHGrid_VerticalAlignment.swift in Sources */ = {isa = PBXBuildFile; fileRef = 13E8EEED27C4BC5D00307F9A /* LazyHGrid_VerticalAlignment.swift */; };
		13E8EEF127C4C18700307F9A /* LazyVGrid_Introduction.swift in Sources */ = {isa = PBXBuildFile; fileRef = 13E8EEF027C4C18700307F9A /* LazyVGrid_Introduction.swift */; };
		13E8EEF327C5965200307F9A /* LazyVGrid_RowSpacing.swift in Sources */ = {isa = PBXBuildFile; fileRef = 13E8EEF227C5965200307F9A /* LazyVGrid_RowSpacing.swift */; };
		13E8EEF527C5992F00307F9A /* LazyVGrid_Columns.swift in Sources */ = {isa = PBXBuildFile; fileRef = 13E8EEF427C5992F00307F9A /* LazyVGrid_Columns.swift */; };
		13E8EEF727C59BC000307F9A /* LazyVGrid_FixedSize.swift in Sources */ = {isa = PBXBuildFile; fileRef = 13E8EEF627C59BC000307F9A /* LazyVGrid_FixedSize.swift */; };
		13E8EEF927C59D9200307F9A /* LazyVGrid_FlexibleWidth.swift in Sources */ = {isa = PBXBuildFile; fileRef = 13E8EEF827C59D9200307F9A /* LazyVGrid_FlexibleWidth.swift */; };
		13E8EEFB27C5A0ED00307F9A /* LazyVGrid_AdaptiveWidth.swift in Sources */ = {isa = PBXBuildFile; fileRef = 13E8EEFA27C5A0ED00307F9A /* LazyVGrid_AdaptiveWidth.swift */; };
		13E8EEFD27C6199000307F9A /* LazyVGrid_ColumnSpacing.swift in Sources */ = {isa = PBXBuildFile; fileRef = 13E8EEFC27C6199000307F9A /* LazyVGrid_ColumnSpacing.swift */; };
		13E8EEFF27C61D5B00307F9A /* LazyVGrid_ColumnAndRowSpacing.swift in Sources */ = {isa = PBXBuildFile; fileRef = 13E8EEFE27C61D5B00307F9A /* LazyVGrid_ColumnAndRowSpacing.swift */; };
		13E8EF0127C622BA00307F9A /* LazyVGrid_HorizontalAlignment.swift in Sources */ = {isa = PBXBuildFile; fileRef = 13E8EF0027C622BA00307F9A /* LazyVGrid_HorizontalAlignment.swift */; };
		13E8EF0427C6268900307F9A /* ScrollViewReader_Intro.swift in Sources */ = {isa = PBXBuildFile; fileRef = 13E8EF0327C6268900307F9A /* ScrollViewReader_Intro.swift */; };
		13E8EF0627C6E74F00307F9A /* ScrollViewReader_Anchor.swift in Sources */ = {isa = PBXBuildFile; fileRef = 13E8EF0527C6E74F00307F9A /* ScrollViewReader_Anchor.swift */; };
		13E8EF0827C6EBB500307F9A /* ScrollViewReader_Animating.swift in Sources */ = {isa = PBXBuildFile; fileRef = 13E8EF0727C6EBB500307F9A /* ScrollViewReader_Animating.swift */; };
		13FB4D3327B8524500B0E8C9 /* HStack_TextAlignment.swift in Sources */ = {isa = PBXBuildFile; fileRef = 13FB4D3227B8524500B0E8C9 /* HStack_TextAlignment.swift */; };
		13FB4D3527B975AB00B0E8C9 /* DescView.swift in Sources */ = {isa = PBXBuildFile; fileRef = 13FB4D3427B975AB00B0E8C9 /* DescView.swift */; };
		13FB4D3727B9C8DC00B0E8C9 /* HStack_TextAlignment_FirstLast.swift in Sources */ = {isa = PBXBuildFile; fileRef = 13FB4D3627B9C8DC00B0E8C9 /* HStack_TextAlignment_FirstLast.swift */; };
		13FB4D3927BC7CD400B0E8C9 /* HStack_Customizing.swift in Sources */ = {isa = PBXBuildFile; fileRef = 13FB4D3827BC7CD400B0E8C9 /* HStack_Customizing.swift */; };
		13FB4D3C27BC873500B0E8C9 /* LazyHStack_Intro.swift in Sources */ = {isa = PBXBuildFile; fileRef = 13FB4D3B27BC873500B0E8C9 /* LazyHStack_Intro.swift */; };
		13FB4D3E27BC92A300B0E8C9 /* LazyHStack_Alignment.swift in Sources */ = {isa = PBXBuildFile; fileRef = 13FB4D3D27BC92A300B0E8C9 /* LazyHStack_Alignment.swift */; };
		13FB4D4027BC949200B0E8C9 /* LazyHStack_WithScrolling.swift in Sources */ = {isa = PBXBuildFile; fileRef = 13FB4D3F27BC949200B0E8C9 /* LazyHStack_WithScrolling.swift */; };
		13FB4D4327BC997900B0E8C9 /* ZStack_Intro.swift in Sources */ = {isa = PBXBuildFile; fileRef = 13FB4D4227BC997900B0E8C9 /* ZStack_Intro.swift */; };
		13FB4D4527BD65D000B0E8C9 /* ZStack_IgnoresSafeArea.swift in Sources */ = {isa = PBXBuildFile; fileRef = 13FB4D4427BD65D000B0E8C9 /* ZStack_IgnoresSafeArea.swift */; };
		13FB4D4727BD681400B0E8C9 /* ZStack_Background_Problem.swift in Sources */ = {isa = PBXBuildFile; fileRef = 13FB4D4627BD681400B0E8C9 /* ZStack_Background_Problem.swift */; };
		13FB4D4927BD695000B0E8C9 /* ZStack_BackgroundSolution.swift in Sources */ = {isa = PBXBuildFile; fileRef = 13FB4D4827BD694F00B0E8C9 /* ZStack_BackgroundSolution.swift */; };
/* End PBXBuildFile section */

/* Begin PBXFileReference section */
		1362D51627B2B88F00695795 /* MyFirstBasicTemplate.app */ = {isa = PBXFileReference; explicitFileType = wrapper.application; includeInIndex = 0; path = MyFirstBasicTemplate.app; sourceTree = BUILT_PRODUCTS_DIR; };
		1362D51927B2B88F00695795 /* MyFirstBasicTemplateApp.swift */ = {isa = PBXFileReference; lastKnownFileType = sourcecode.swift; path = MyFirstBasicTemplateApp.swift; sourceTree = "<group>"; };
		1362D51B27B2B88F00695795 /* ContentView.swift */ = {isa = PBXFileReference; lastKnownFileType = sourcecode.swift; path = ContentView.swift; sourceTree = "<group>"; };
		1362D51D27B2B89100695795 /* Assets.xcassets */ = {isa = PBXFileReference; lastKnownFileType = folder.assetcatalog; path = Assets.xcassets; sourceTree = "<group>"; };
		1362D52027B2B89100695795 /* Preview Assets.xcassets */ = {isa = PBXFileReference; lastKnownFileType = folder.assetcatalog; path = "Preview Assets.xcassets"; sourceTree = "<group>"; };
		1362D52727B2CB7400695795 /* HeaderView.swift */ = {isa = PBXFileReference; lastKnownFileType = sourcecode.swift; path = HeaderView.swift; sourceTree = "<group>"; };
		1362D52927B2D22700695795 /* Shapes.swift */ = {isa = PBXFileReference; lastKnownFileType = sourcecode.swift; path = Shapes.swift; sourceTree = "<group>"; };
		1362D52B27B494FA00695795 /* SomeViewsPullIn.swift */ = {isa = PBXFileReference; lastKnownFileType = sourcecode.swift; path = SomeViewsPullIn.swift; sourceTree = "<group>"; };
		1362D52D27B49B6E00695795 /* SomeViewsPushOut.swift */ = {isa = PBXFileReference; lastKnownFileType = sourcecode.swift; path = SomeViewsPushOut.swift; sourceTree = "<group>"; };
		1362D52F27B5216900695795 /* VStack_Intro.swift */ = {isa = PBXFileReference; lastKnownFileType = sourcecode.swift; path = VStack_Intro.swift; sourceTree = "<group>"; };
		1362D53127B5230B00695795 /* VStack_Nesting.swift */ = {isa = PBXFileReference; lastKnownFileType = sourcecode.swift; path = VStack_Nesting.swift; sourceTree = "<group>"; };
		1362D53327B5259B00695795 /* VStack_Spacing.swift */ = {isa = PBXFileReference; lastKnownFileType = sourcecode.swift; path = VStack_Spacing.swift; sourceTree = "<group>"; };
		1362D53527B5287500695795 /* VStack_Aligment.swift */ = {isa = PBXFileReference; lastKnownFileType = sourcecode.swift; path = VStack_Aligment.swift; sourceTree = "<group>"; };
		1362D53727B6C00000695795 /* LazyVStack_Intro.swift */ = {isa = PBXFileReference; lastKnownFileType = sourcecode.swift; path = LazyVStack_Intro.swift; sourceTree = "<group>"; };
		1362D53927B6CC9700695795 /* LazyVStack_Alignment.swift */ = {isa = PBXFileReference; lastKnownFileType = sourcecode.swift; path = LazyVStack_Alignment.swift; sourceTree = "<group>"; };
		1362D53B27B6ECAD00695795 /* LazyVStack_WithScrolling.swift */ = {isa = PBXFileReference; lastKnownFileType = sourcecode.swift; path = LazyVStack_WithScrolling.swift; sourceTree = "<group>"; };
		1362D53D27B6ED4800695795 /* LazyVStack_Player.swift */ = {isa = PBXFileReference; lastKnownFileType = sourcecode.swift; path = LazyVStack_Player.swift; sourceTree = "<group>"; };
		1362D53F27B6F9CE00695795 /* LazyVStack_HeaderView.swift */ = {isa = PBXFileReference; lastKnownFileType = sourcecode.swift; path = LazyVStack_HeaderView.swift; sourceTree = "<group>"; };
		1362D54227B7039200695795 /* HStack_Intro.swift */ = {isa = PBXFileReference; lastKnownFileType = sourcecode.swift; path = HStack_Intro.swift; sourceTree = "<group>"; };
		1362D54427B70A9800695795 /* HStack_Spacing.swift */ = {isa = PBXFileReference; lastKnownFileType = sourcecode.swift; path = HStack_Spacing.swift; sourceTree = "<group>"; };
		1362D54627B84E3900695795 /* HStack_Alignment.swift */ = {isa = PBXFileReference; lastKnownFileType = sourcecode.swift; path = HStack_Alignment.swift; sourceTree = "<group>"; };
		1392028727BE02730078A01D /* ZStack_Layering.swift */ = {isa = PBXFileReference; lastKnownFileType = sourcecode.swift; path = ZStack_Layering.swift; sourceTree = "<group>"; };
		1392028927BE04FC0078A01D /* ZStack_Aligning.swift */ = {isa = PBXFileReference; lastKnownFileType = sourcecode.swift; path = ZStack_Aligning.swift; sourceTree = "<group>"; };
		1392028C27BE08010078A01D /* Spacer_Intro.swift */ = {isa = PBXFileReference; lastKnownFileType = sourcecode.swift; path = Spacer_Intro.swift; sourceTree = "<group>"; };
		1392028E27BEB5990078A01D /* Spacer_MinimumLength.swift */ = {isa = PBXFileReference; lastKnownFileType = sourcecode.swift; path = Spacer_MinimumLength.swift; sourceTree = "<group>"; };
		1392029027BEB9670078A01D /* Spacer_RelativeSpacing.swift */ = {isa = PBXFileReference; lastKnownFileType = sourcecode.swift; path = Spacer_RelativeSpacing.swift; sourceTree = "<group>"; };
		1392029327BEBE780078A01D /* GeometryReader_Intro.swift */ = {isa = PBXFileReference; lastKnownFileType = sourcecode.swift; path = GeometryReader_Intro.swift; sourceTree = "<group>"; };
		1392029527BEBFCF0078A01D /* GeometryReader_Alignment.swift */ = {isa = PBXFileReference; lastKnownFileType = sourcecode.swift; path = GeometryReader_Alignment.swift; sourceTree = "<group>"; };
		1392029727C0AFC10078A01D /* GeometryReader_Layers.swift */ = {isa = PBXFileReference; lastKnownFileType = sourcecode.swift; path = GeometryReader_Layers.swift; sourceTree = "<group>"; };
		1392029927C0B1170078A01D /* GeometryReader_GettingSize.swift */ = {isa = PBXFileReference; lastKnownFileType = sourcecode.swift; path = GeometryReader_GettingSize.swift; sourceTree = "<group>"; };
		1392029B27C0B3450078A01D /* GeometryReader_Positioning.swift */ = {isa = PBXFileReference; lastKnownFileType = sourcecode.swift; path = GeometryReader_Positioning.swift; sourceTree = "<group>"; };
		13E8EED627C2A7D000307F9A /* GeometryReader_GettingCoordinates.swift */ = {isa = PBXFileReference; lastKnownFileType = sourcecode.swift; path = GeometryReader_GettingCoordinates.swift; sourceTree = "<group>"; };
		13E8EED827C2ACC900307F9A /* GeometryReader_MinMidMax.swift */ = {isa = PBXFileReference; lastKnownFileType = sourcecode.swift; path = GeometryReader_MinMidMax.swift; sourceTree = "<group>"; };
		13E8EEDA27C2B51A00307F9A /* GeometryReader_SafeAreaInsets.swift */ = {isa = PBXFileReference; lastKnownFileType = sourcecode.swift; path = GeometryReader_SafeAreaInsets.swift; sourceTree = "<group>"; };
		13E8EEDD27C2B77800307F9A /* LazyHGrid_Intro.swift */ = {isa = PBXFileReference; lastKnownFileType = sourcecode.swift; path = LazyHGrid_Intro.swift; sourceTree = "<group>"; };
		13E8EEDF27C4ADC200307F9A /* LazyHGrid_ColumnSpacing.swift */ = {isa = PBXFileReference; lastKnownFileType = sourcecode.swift; path = LazyHGrid_ColumnSpacing.swift; sourceTree = "<group>"; };
		13E8EEE127C4AF3D00307F9A /* LazyHGrid_Rows.swift */ = {isa = PBXFileReference; lastKnownFileType = sourcecode.swift; path = LazyHGrid_Rows.swift; sourceTree = "<group>"; };
		13E8EEE327C4B0FA00307F9A /* LazyHGrid_FixedSize.swift */ = {isa = PBXFileReference; lastKnownFileType = sourcecode.swift; path = LazyHGrid_FixedSize.swift; sourceTree = "<group>"; };
		13E8EEE527C4B26F00307F9A /* LazyHGrid_FlexibleHeight.swift */ = {isa = PBXFileReference; lastKnownFileType = sourcecode.swift; path = LazyHGrid_FlexibleHeight.swift; sourceTree = "<group>"; };
		13E8EEE727C4B49F00307F9A /* LazyHGrid_AdaptiveItems.swift */ = {isa = PBXFileReference; lastKnownFileType = sourcecode.swift; path = LazyHGrid_AdaptiveItems.swift; sourceTree = "<group>"; };
		13E8EEE927C4B6B400307F9A /* LazyHGrid_RowSpacing.swift */ = {isa = PBXFileReference; lastKnownFileType = sourcecode.swift; path = LazyHGrid_RowSpacing.swift; sourceTree = "<group>"; };
		13E8EEEB27C4B85A00307F9A /* LazyHGrid_RowAndColumnSpacing.swift */ = {isa = PBXFileReference; lastKnownFileType = sourcecode.swift; path = LazyHGrid_RowAndColumnSpacing.swift; sourceTree = "<group>"; };
		13E8EEED27C4BC5D00307F9A /* LazyHGrid_VerticalAlignment.swift */ = {isa = PBXFileReference; lastKnownFileType = sourcecode.swift; path = LazyHGrid_VerticalAlignment.swift; sourceTree = "<group>"; };
		13E8EEF027C4C18700307F9A /* LazyVGrid_Introduction.swift */ = {isa = PBXFileReference; lastKnownFileType = sourcecode.swift; path = LazyVGrid_Introduction.swift; sourceTree = "<group>"; };
		13E8EEF227C5965200307F9A /* LazyVGrid_RowSpacing.swift */ = {isa = PBXFileReference; lastKnownFileType = sourcecode.swift; path = LazyVGrid_RowSpacing.swift; sourceTree = "<group>"; };
		13E8EEF427C5992F00307F9A /* LazyVGrid_Columns.swift */ = {isa = PBXFileReference; lastKnownFileType = sourcecode.swift; path = LazyVGrid_Columns.swift; sourceTree = "<group>"; };
		13E8EEF627C59BC000307F9A /* LazyVGrid_FixedSize.swift */ = {isa = PBXFileReference; lastKnownFileType = sourcecode.swift; path = LazyVGrid_FixedSize.swift; sourceTree = "<group>"; };
		13E8EEF827C59D9200307F9A /* LazyVGrid_FlexibleWidth.swift */ = {isa = PBXFileReference; lastKnownFileType = sourcecode.swift; path = LazyVGrid_FlexibleWidth.swift; sourceTree = "<group>"; };
		13E8EEFA27C5A0ED00307F9A /* LazyVGrid_AdaptiveWidth.swift */ = {isa = PBXFileReference; lastKnownFileType = sourcecode.swift; path = LazyVGrid_AdaptiveWidth.swift; sourceTree = "<group>"; };
		13E8EEFC27C6199000307F9A /* LazyVGrid_ColumnSpacing.swift */ = {isa = PBXFileReference; lastKnownFileType = sourcecode.swift; path = LazyVGrid_ColumnSpacing.swift; sourceTree = "<group>"; };
		13E8EEFE27C61D5B00307F9A /* LazyVGrid_ColumnAndRowSpacing.swift */ = {isa = PBXFileReference; lastKnownFileType = sourcecode.swift; path = LazyVGrid_ColumnAndRowSpacing.swift; sourceTree = "<group>"; };
		13E8EF0027C622BA00307F9A /* LazyVGrid_HorizontalAlignment.swift */ = {isa = PBXFileReference; lastKnownFileType = sourcecode.swift; path = LazyVGrid_HorizontalAlignment.swift; sourceTree = "<group>"; };
		13E8EF0327C6268900307F9A /* ScrollViewReader_Intro.swift */ = {isa = PBXFileReference; lastKnownFileType = sourcecode.swift; path = ScrollViewReader_Intro.swift; sourceTree = "<group>"; };
		13E8EF0527C6E74F00307F9A /* ScrollViewReader_Anchor.swift */ = {isa = PBXFileReference; lastKnownFileType = sourcecode.swift; path = ScrollViewReader_Anchor.swift; sourceTree = "<group>"; };
		13E8EF0727C6EBB500307F9A /* ScrollViewReader_Animating.swift */ = {isa = PBXFileReference; lastKnownFileType = sourcecode.swift; path = ScrollViewReader_Animating.swift; sourceTree = "<group>"; };
		13FB4D3227B8524500B0E8C9 /* HStack_TextAlignment.swift */ = {isa = PBXFileReference; lastKnownFileType = sourcecode.swift; path = HStack_TextAlignment.swift; sourceTree = "<group>"; };
		13FB4D3427B975AB00B0E8C9 /* DescView.swift */ = {isa = PBXFileReference; lastKnownFileType = sourcecode.swift; path = DescView.swift; sourceTree = "<group>"; };
		13FB4D3627B9C8DC00B0E8C9 /* HStack_TextAlignment_FirstLast.swift */ = {isa = PBXFileReference; lastKnownFileType = sourcecode.swift; path = HStack_TextAlignment_FirstLast.swift; sourceTree = "<group>"; };
		13FB4D3827BC7CD400B0E8C9 /* HStack_Customizing.swift */ = {isa = PBXFileReference; lastKnownFileType = sourcecode.swift; path = HStack_Customizing.swift; sourceTree = "<group>"; };
		13FB4D3B27BC873500B0E8C9 /* LazyHStack_Intro.swift */ = {isa = PBXFileReference; lastKnownFileType = sourcecode.swift; path = LazyHStack_Intro.swift; sourceTree = "<group>"; };
		13FB4D3D27BC92A300B0E8C9 /* LazyHStack_Alignment.swift */ = {isa = PBXFileReference; lastKnownFileType = sourcecode.swift; path = LazyHStack_Alignment.swift; sourceTree = "<group>"; };
		13FB4D3F27BC949200B0E8C9 /* LazyHStack_WithScrolling.swift */ = {isa = PBXFileReference; lastKnownFileType = sourcecode.swift; path = LazyHStack_WithScrolling.swift; sourceTree = "<group>"; };
		13FB4D4227BC997900B0E8C9 /* ZStack_Intro.swift */ = {isa = PBXFileReference; lastKnownFileType = sourcecode.swift; path = ZStack_Intro.swift; sourceTree = "<group>"; };
		13FB4D4427BD65D000B0E8C9 /* ZStack_IgnoresSafeArea.swift */ = {isa = PBXFileReference; lastKnownFileType = sourcecode.swift; path = ZStack_IgnoresSafeArea.swift; sourceTree = "<group>"; };
		13FB4D4627BD681400B0E8C9 /* ZStack_Background_Problem.swift */ = {isa = PBXFileReference; lastKnownFileType = sourcecode.swift; path = ZStack_Background_Problem.swift; sourceTree = "<group>"; };
		13FB4D4827BD694F00B0E8C9 /* ZStack_BackgroundSolution.swift */ = {isa = PBXFileReference; lastKnownFileType = sourcecode.swift; path = ZStack_BackgroundSolution.swift; sourceTree = "<group>"; };
/* End PBXFileReference section */

/* Begin PBXFrameworksBuildPhase section */
		1362D51327B2B88F00695795 /* Frameworks */ = {
			isa = PBXFrameworksBuildPhase;
			buildActionMask = 2147483647;
			files = (
			);
			runOnlyForDeploymentPostprocessing = 0;
		};
/* End PBXFrameworksBuildPhase section */

/* Begin PBXGroup section */
		1362D50D27B2B88F00695795 = {
			isa = PBXGroup;
			children = (
				1362D51827B2B88F00695795 /* MyFirstBasicTemplate */,
				1362D51727B2B88F00695795 /* Products */,
			);
			sourceTree = "<group>";
		};
		1362D51727B2B88F00695795 /* Products */ = {
			isa = PBXGroup;
			children = (
				1362D51627B2B88F00695795 /* MyFirstBasicTemplate.app */,
			);
			name = Products;
			sourceTree = "<group>";
		};
		1362D51827B2B88F00695795 /* MyFirstBasicTemplate */ = {
			isa = PBXGroup;
			children = (
				13E8EF0227C6264400307F9A /* ScrollViewReader */,
				13E8EEEF27C4C15A00307F9A /* LazyVGrid */,
				13E8EEDC27C2B75D00307F9A /* LazyHGrid */,
				1392029227BEBCB20078A01D /* GeometryReader */,
				1392028B27BE07E60078A01D /* Spacer */,
				13FB4D4127BC995D00B0E8C9 /* ZStack */,
				13FB4D3A27BC871600B0E8C9 /* LazyHStack */,
				1362D54127B7037D00695795 /* HStack */,
				1362D51927B2B88F00695795 /* MyFirstBasicTemplateApp.swift */,
				1362D51B27B2B88F00695795 /* ContentView.swift */,
				1362D51D27B2B89100695795 /* Assets.xcassets */,
				1362D51F27B2B89100695795 /* Preview Content */,
				1362D52727B2CB7400695795 /* HeaderView.swift */,
				1362D52927B2D22700695795 /* Shapes.swift */,
				1362D52B27B494FA00695795 /* SomeViewsPullIn.swift */,
				1362D52D27B49B6E00695795 /* SomeViewsPushOut.swift */,
				1362D52F27B5216900695795 /* VStack_Intro.swift */,
				1362D53127B5230B00695795 /* VStack_Nesting.swift */,
				1362D53327B5259B00695795 /* VStack_Spacing.swift */,
				1362D53527B5287500695795 /* VStack_Aligment.swift */,
				1362D53727B6C00000695795 /* LazyVStack_Intro.swift */,
				1362D53927B6CC9700695795 /* LazyVStack_Alignment.swift */,
				1362D53B27B6ECAD00695795 /* LazyVStack_WithScrolling.swift */,
				1362D53D27B6ED4800695795 /* LazyVStack_Player.swift */,
				1362D53F27B6F9CE00695795 /* LazyVStack_HeaderView.swift */,
				13FB4D3427B975AB00B0E8C9 /* DescView.swift */,
			);
			path = MyFirstBasicTemplate;
			sourceTree = "<group>";
		};
		1362D51F27B2B89100695795 /* Preview Content */ = {
			isa = PBXGroup;
			children = (
				1362D52027B2B89100695795 /* Preview Assets.xcassets */,
			);
			path = "Preview Content";
			sourceTree = "<group>";
		};
		1362D54127B7037D00695795 /* HStack */ = {
			isa = PBXGroup;
			children = (
				1362D54227B7039200695795 /* HStack_Intro.swift */,
				1362D54427B70A9800695795 /* HStack_Spacing.swift */,
				1362D54627B84E3900695795 /* HStack_Alignment.swift */,
				13FB4D3227B8524500B0E8C9 /* HStack_TextAlignment.swift */,
				13FB4D3627B9C8DC00B0E8C9 /* HStack_TextAlignment_FirstLast.swift */,
				13FB4D3827BC7CD400B0E8C9 /* HStack_Customizing.swift */,
			);
			path = HStack;
			sourceTree = "<group>";
		};
		1392028B27BE07E60078A01D /* Spacer */ = {
			isa = PBXGroup;
			children = (
				1392028C27BE08010078A01D /* Spacer_Intro.swift */,
				1392028E27BEB5990078A01D /* Spacer_MinimumLength.swift */,
				1392029027BEB9670078A01D /* Spacer_RelativeSpacing.swift */,
			);
			path = Spacer;
			sourceTree = "<group>";
		};
		1392029227BEBCB20078A01D /* GeometryReader */ = {
			isa = PBXGroup;
			children = (
				1392029327BEBE780078A01D /* GeometryReader_Intro.swift */,
				1392029527BEBFCF0078A01D /* GeometryReader_Alignment.swift */,
				1392029727C0AFC10078A01D /* GeometryReader_Layers.swift */,
				1392029927C0B1170078A01D /* GeometryReader_GettingSize.swift */,
				1392029B27C0B3450078A01D /* GeometryReader_Positioning.swift */,
				13E8EED627C2A7D000307F9A /* GeometryReader_GettingCoordinates.swift */,
				13E8EED827C2ACC900307F9A /* GeometryReader_MinMidMax.swift */,
				13E8EEDA27C2B51A00307F9A /* GeometryReader_SafeAreaInsets.swift */,
			);
			path = GeometryReader;
			sourceTree = "<group>";
		};
		13E8EEDC27C2B75D00307F9A /* LazyHGrid */ = {
			isa = PBXGroup;
			children = (
				13E8EEDD27C2B77800307F9A /* LazyHGrid_Intro.swift */,
				13E8EEDF27C4ADC200307F9A /* LazyHGrid_ColumnSpacing.swift */,
				13E8EEE127C4AF3D00307F9A /* LazyHGrid_Rows.swift */,
				13E8EEE327C4B0FA00307F9A /* LazyHGrid_FixedSize.swift */,
				13E8EEE527C4B26F00307F9A /* LazyHGrid_FlexibleHeight.swift */,
				13E8EEE727C4B49F00307F9A /* LazyHGrid_AdaptiveItems.swift */,
				13E8EEE927C4B6B400307F9A /* LazyHGrid_RowSpacing.swift */,
				13E8EEEB27C4B85A00307F9A /* LazyHGrid_RowAndColumnSpacing.swift */,
				13E8EEED27C4BC5D00307F9A /* LazyHGrid_VerticalAlignment.swift */,
			);
			path = LazyHGrid;
			sourceTree = "<group>";
		};
		13E8EEEF27C4C15A00307F9A /* LazyVGrid */ = {
			isa = PBXGroup;
			children = (
				13E8EEF027C4C18700307F9A /* LazyVGrid_Introduction.swift */,
				13E8EEF227C5965200307F9A /* LazyVGrid_RowSpacing.swift */,
				13E8EEF427C5992F00307F9A /* LazyVGrid_Columns.swift */,
				13E8EEF627C59BC000307F9A /* LazyVGrid_FixedSize.swift */,
				13E8EEF827C59D9200307F9A /* LazyVGrid_FlexibleWidth.swift */,
				13E8EEFA27C5A0ED00307F9A /* LazyVGrid_AdaptiveWidth.swift */,
				13E8EEFC27C6199000307F9A /* LazyVGrid_ColumnSpacing.swift */,
				13E8EEFE27C61D5B00307F9A /* LazyVGrid_ColumnAndRowSpacing.swift */,
				13E8EF0027C622BA00307F9A /* LazyVGrid_HorizontalAlignment.swift */,
			);
			path = LazyVGrid;
			sourceTree = "<group>";
		};
		13E8EF0227C6264400307F9A /* ScrollViewReader */ = {
			isa = PBXGroup;
			children = (
				13E8EF0327C6268900307F9A /* ScrollViewReader_Intro.swift */,
				13E8EF0527C6E74F00307F9A /* ScrollViewReader_Anchor.swift */,
				13E8EF0727C6EBB500307F9A /* ScrollViewReader_Animating.swift */,
			);
			path = ScrollViewReader;
			sourceTree = "<group>";
		};
		13FB4D3A27BC871600B0E8C9 /* LazyHStack */ = {
			isa = PBXGroup;
			children = (
				13FB4D3B27BC873500B0E8C9 /* LazyHStack_Intro.swift */,
				13FB4D3D27BC92A300B0E8C9 /* LazyHStack_Alignment.swift */,
				13FB4D3F27BC949200B0E8C9 /* LazyHStack_WithScrolling.swift */,
			);
			path = LazyHStack;
			sourceTree = "<group>";
		};
		13FB4D4127BC995D00B0E8C9 /* ZStack */ = {
			isa = PBXGroup;
			children = (
				13FB4D4227BC997900B0E8C9 /* ZStack_Intro.swift */,
				13FB4D4427BD65D000B0E8C9 /* ZStack_IgnoresSafeArea.swift */,
				13FB4D4627BD681400B0E8C9 /* ZStack_Background_Problem.swift */,
				13FB4D4827BD694F00B0E8C9 /* ZStack_BackgroundSolution.swift */,
				1392028727BE02730078A01D /* ZStack_Layering.swift */,
				1392028927BE04FC0078A01D /* ZStack_Aligning.swift */,
			);
			path = ZStack;
			sourceTree = "<group>";
		};
/* End PBXGroup section */

/* Begin PBXNativeTarget section */
		1362D51527B2B88F00695795 /* MyFirstBasicTemplate */ = {
			isa = PBXNativeTarget;
			buildConfigurationList = 1362D52427B2B89100695795 /* Build configuration list for PBXNativeTarget "MyFirstBasicTemplate" */;
			buildPhases = (
				1362D51227B2B88F00695795 /* Sources */,
				1362D51327B2B88F00695795 /* Frameworks */,
				1362D51427B2B88F00695795 /* Resources */,
			);
			buildRules = (
			);
			dependencies = (
			);
			name = MyFirstBasicTemplate;
			productName = MyFirstBasicTemplate;
			productReference = 1362D51627B2B88F00695795 /* MyFirstBasicTemplate.app */;
			productType = "com.apple.product-type.application";
		};
/* End PBXNativeTarget section */

/* Begin PBXProject section */
		1362D50E27B2B88F00695795 /* Project object */ = {
			isa = PBXProject;
			attributes = {
				BuildIndependentTargetsInParallel = 1;
				LastSwiftUpdateCheck = 1320;
				LastUpgradeCheck = 1320;
				TargetAttributes = {
					1362D51527B2B88F00695795 = {
						CreatedOnToolsVersion = 13.2.1;
					};
				};
			};
			buildConfigurationList = 1362D51127B2B88F00695795 /* Build configuration list for PBXProject "MyFirstBasicTemplate" */;
			compatibilityVersion = "Xcode 13.0";
			developmentRegion = en;
			hasScannedForEncodings = 0;
			knownRegions = (
				en,
				Base,
			);
			mainGroup = 1362D50D27B2B88F00695795;
			productRefGroup = 1362D51727B2B88F00695795 /* Products */;
			projectDirPath = "";
			projectRoot = "";
			targets = (
				1362D51527B2B88F00695795 /* MyFirstBasicTemplate */,
			);
		};
/* End PBXProject section */

/* Begin PBXResourcesBuildPhase section */
		1362D51427B2B88F00695795 /* Resources */ = {
			isa = PBXResourcesBuildPhase;
			buildActionMask = 2147483647;
			files = (
				1362D52127B2B89100695795 /* Preview Assets.xcassets in Resources */,
				1362D51E27B2B89100695795 /* Assets.xcassets in Resources */,
			);
			runOnlyForDeploymentPostprocessing = 0;
		};
/* End PBXResourcesBuildPhase section */

/* Begin PBXSourcesBuildPhase section */
		1362D51227B2B88F00695795 /* Sources */ = {
			isa = PBXSourcesBuildPhase;
			buildActionMask = 2147483647;
			files = (
				13E8EEF727C59BC000307F9A /* LazyVGrid_FixedSize.swift in Sources */,
				1362D51C27B2B88F00695795 /* ContentView.swift in Sources */,
				1362D52E27B49B6E00695795 /* SomeViewsPushOut.swift in Sources */,
				13FB4D4927BD695000B0E8C9 /* ZStack_BackgroundSolution.swift in Sources */,
				13FB4D4327BC997900B0E8C9 /* ZStack_Intro.swift in Sources */,
				13E8EEF127C4C18700307F9A /* LazyVGrid_Introduction.swift in Sources */,
				13E8EEE027C4ADC200307F9A /* LazyHGrid_ColumnSpacing.swift in Sources */,
				13E8EEFB27C5A0ED00307F9A /* LazyVGrid_AdaptiveWidth.swift in Sources */,
				13E8EEEA27C4B6B400307F9A /* LazyHGrid_RowSpacing.swift in Sources */,
				13FB4D4027BC949200B0E8C9 /* LazyHStack_WithScrolling.swift in Sources */,
				13E8EEF527C5992F00307F9A /* LazyVGrid_Columns.swift in Sources */,
				13E8EEE227C4AF3D00307F9A /* LazyHGrid_Rows.swift in Sources */,
				13E8EED727C2A7D000307F9A /* GeometryReader_GettingCoordinates.swift in Sources */,
				1362D53E27B6ED4800695795 /* LazyVStack_Player.swift in Sources */,
				1392029627BEBFCF0078A01D /* GeometryReader_Alignment.swift in Sources */,
				13E8EEF927C59D9200307F9A /* LazyVGrid_FlexibleWidth.swift in Sources */,
				1362D53827B6C00000695795 /* LazyVStack_Intro.swift in Sources */,
				1362D54527B70A9800695795 /* HStack_Spacing.swift in Sources */,
				13E8EF0127C622BA00307F9A /* LazyVGrid_HorizontalAlignment.swift in Sources */,
				1362D53627B5287500695795 /* VStack_Aligment.swift in Sources */,
				1362D53227B5230B00695795 /* VStack_Nesting.swift in Sources */,
				13E8EEFD27C6199000307F9A /* LazyVGrid_ColumnSpacing.swift in Sources */,
				1362D54327B7039200695795 /* HStack_Intro.swift in Sources */,
				1362D53427B5259B00695795 /* VStack_Spacing.swift in Sources */,
				1392028827BE02730078A01D /* ZStack_Layering.swift in Sources */,
				13FB4D3E27BC92A300B0E8C9 /* LazyHStack_Alignment.swift in Sources */,
				1362D52C27B494FA00695795 /* SomeViewsPullIn.swift in Sources */,
				13FB4D3C27BC873500B0E8C9 /* LazyHStack_Intro.swift in Sources */,
				13E8EEF327C5965200307F9A /* LazyVGrid_RowSpacing.swift in Sources */,
				1362D53027B5216900695795 /* VStack_Intro.swift in Sources */,
				13E8EEE827C4B49F00307F9A /* LazyHGrid_AdaptiveItems.swift in Sources */,
				13E8EEEC27C4B85A00307F9A /* LazyHGrid_RowAndColumnSpacing.swift in Sources */,
				13FB4D3727B9C8DC00B0E8C9 /* HStack_TextAlignment_FirstLast.swift in Sources */,
				1392029C27C0B3450078A01D /* GeometryReader_Positioning.swift in Sources */,
				13E8EF0427C6268900307F9A /* ScrollViewReader_Intro.swift in Sources */,
				13E8EF0827C6EBB500307F9A /* ScrollViewReader_Animating.swift in Sources */,
				13FB4D3527B975AB00B0E8C9 /* DescView.swift in Sources */,
				1392029A27C0B1170078A01D /* GeometryReader_GettingSize.swift in Sources */,
				1362D53C27B6ECAD00695795 /* LazyVStack_WithScrolling.swift in Sources */,
				13E8EEDB27C2B51A00307F9A /* GeometryReader_SafeAreaInsets.swift in Sources */,
				1362D52827B2CB7400695795 /* HeaderView.swift in Sources */,
				13E8EEE427C4B0FA00307F9A /* LazyHGrid_FixedSize.swift in Sources */,
				1392029127BEB9670078A01D /* Spacer_RelativeSpacing.swift in Sources */,
				13FB4D4527BD65D000B0E8C9 /* ZStack_IgnoresSafeArea.swift in Sources */,
				13E8EEEE27C4BC5D00307F9A /* LazyHGrid_VerticalAlignment.swift in Sources */,
				1392028D27BE08010078A01D /* Spacer_Intro.swift in Sources */,
				1362D54727B84E3900695795 /* HStack_Alignment.swift in Sources */,
				13E8EEDE27C2B77800307F9A /* LazyHGrid_Intro.swift in Sources */,
				13E8EED927C2ACC900307F9A /* GeometryReader_MinMidMax.swift in Sources */,
				1362D51A27B2B88F00695795 /* MyFirstBasicTemplateApp.swift in Sources */,
				1392029827C0AFC10078A01D /* GeometryReader_Layers.swift in Sources */,
				1392029427BEBE780078A01D /* GeometryReader_Intro.swift in Sources */,
				1392028A27BE04FC0078A01D /* ZStack_Aligning.swift in Sources */,
				1362D54027B6F9CE00695795 /* LazyVStack_HeaderView.swift in Sources */,
				13E8EEFF27C61D5B00307F9A /* LazyVGrid_ColumnAndRowSpacing.swift in Sources */,
				1392028F27BEB5990078A01D /* Spacer_MinimumLength.swift in Sources */,
				13E8EEE627C4B26F00307F9A /* LazyHGrid_FlexibleHeight.swift in Sources */,
				13FB4D3927BC7CD400B0E8C9 /* HStack_Customizing.swift in Sources */,
				1362D52A27B2D22700695795 /* Shapes.swift in Sources */,
				13FB4D4727BD681400B0E8C9 /* ZStack_Background_Problem.swift in Sources */,
				1362D53A27B6CC9700695795 /* LazyVStack_Alignment.swift in Sources */,
				13FB4D3327B8524500B0E8C9 /* HStack_TextAlignment.swift in Sources */,
				13E8EF0627C6E74F00307F9A /* ScrollViewReader_Anchor.swift in Sources */,
			);
			runOnlyForDeploymentPostprocessing = 0;
		};
/* End PBXSourcesBuildPhase section */

/* Begin XCBuildConfiguration section */
		1362D52227B2B89100695795 /* Debug */ = {
			isa = XCBuildConfiguration;
			buildSettings = {
				ALWAYS_SEARCH_USER_PATHS = NO;
				CLANG_ANALYZER_NONNULL = YES;
				CLANG_ANALYZER_NUMBER_OBJECT_CONVERSION = YES_AGGRESSIVE;
				CLANG_CXX_LANGUAGE_STANDARD = "gnu++17";
				CLANG_CXX_LIBRARY = "libc++";
				CLANG_ENABLE_MODULES = YES;
				CLANG_ENABLE_OBJC_ARC = YES;
				CLANG_ENABLE_OBJC_WEAK = YES;
				CLANG_WARN_BLOCK_CAPTURE_AUTORELEASING = YES;
				CLANG_WARN_BOOL_CONVERSION = YES;
				CLANG_WARN_COMMA = YES;
				CLANG_WARN_CONSTANT_CONVERSION = YES;
				CLANG_WARN_DEPRECATED_OBJC_IMPLEMENTATIONS = YES;
				CLANG_WARN_DIRECT_OBJC_ISA_USAGE = YES_ERROR;
				CLANG_WARN_DOCUMENTATION_COMMENTS = YES;
				CLANG_WARN_EMPTY_BODY = YES;
				CLANG_WARN_ENUM_CONVERSION = YES;
				CLANG_WARN_INFINITE_RECURSION = YES;
				CLANG_WARN_INT_CONVERSION = YES;
				CLANG_WARN_NON_LITERAL_NULL_CONVERSION = YES;
				CLANG_WARN_OBJC_IMPLICIT_RETAIN_SELF = YES;
				CLANG_WARN_OBJC_LITERAL_CONVERSION = YES;
				CLANG_WARN_OBJC_ROOT_CLASS = YES_ERROR;
				CLANG_WARN_QUOTED_INCLUDE_IN_FRAMEWORK_HEADER = YES;
				CLANG_WARN_RANGE_LOOP_ANALYSIS = YES;
				CLANG_WARN_STRICT_PROTOTYPES = YES;
				CLANG_WARN_SUSPICIOUS_MOVE = YES;
				CLANG_WARN_UNGUARDED_AVAILABILITY = YES_AGGRESSIVE;
				CLANG_WARN_UNREACHABLE_CODE = YES;
				CLANG_WARN__DUPLICATE_METHOD_MATCH = YES;
				COPY_PHASE_STRIP = NO;
				DEBUG_INFORMATION_FORMAT = dwarf;
				ENABLE_STRICT_OBJC_MSGSEND = YES;
				ENABLE_TESTABILITY = YES;
				GCC_C_LANGUAGE_STANDARD = gnu11;
				GCC_DYNAMIC_NO_PIC = NO;
				GCC_NO_COMMON_BLOCKS = YES;
				GCC_OPTIMIZATION_LEVEL = 0;
				GCC_PREPROCESSOR_DEFINITIONS = (
					"DEBUG=1",
					"$(inherited)",
				);
				GCC_WARN_64_TO_32_BIT_CONVERSION = YES;
				GCC_WARN_ABOUT_RETURN_TYPE = YES_ERROR;
				GCC_WARN_UNDECLARED_SELECTOR = YES;
				GCC_WARN_UNINITIALIZED_AUTOS = YES_AGGRESSIVE;
				GCC_WARN_UNUSED_FUNCTION = YES;
				GCC_WARN_UNUSED_VARIABLE = YES;
				IPHONEOS_DEPLOYMENT_TARGET = 15.2;
				MTL_ENABLE_DEBUG_INFO = INCLUDE_SOURCE;
				MTL_FAST_MATH = YES;
				ONLY_ACTIVE_ARCH = YES;
				SDKROOT = iphoneos;
				SWIFT_ACTIVE_COMPILATION_CONDITIONS = DEBUG;
				SWIFT_OPTIMIZATION_LEVEL = "-Onone";
			};
			name = Debug;
		};
		1362D52327B2B89100695795 /* Release */ = {
			isa = XCBuildConfiguration;
			buildSettings = {
				ALWAYS_SEARCH_USER_PATHS = NO;
				CLANG_ANALYZER_NONNULL = YES;
				CLANG_ANALYZER_NUMBER_OBJECT_CONVERSION = YES_AGGRESSIVE;
				CLANG_CXX_LANGUAGE_STANDARD = "gnu++17";
				CLANG_CXX_LIBRARY = "libc++";
				CLANG_ENABLE_MODULES = YES;
				CLANG_ENABLE_OBJC_ARC = YES;
				CLANG_ENABLE_OBJC_WEAK = YES;
				CLANG_WARN_BLOCK_CAPTURE_AUTORELEASING = YES;
				CLANG_WARN_BOOL_CONVERSION = YES;
				CLANG_WARN_COMMA = YES;
				CLANG_WARN_CONSTANT_CONVERSION = YES;
				CLANG_WARN_DEPRECATED_OBJC_IMPLEMENTATIONS = YES;
				CLANG_WARN_DIRECT_OBJC_ISA_USAGE = YES_ERROR;
				CLANG_WARN_DOCUMENTATION_COMMENTS = YES;
				CLANG_WARN_EMPTY_BODY = YES;
				CLANG_WARN_ENUM_CONVERSION = YES;
				CLANG_WARN_INFINITE_RECURSION = YES;
				CLANG_WARN_INT_CONVERSION = YES;
				CLANG_WARN_NON_LITERAL_NULL_CONVERSION = YES;
				CLANG_WARN_OBJC_IMPLICIT_RETAIN_SELF = YES;
				CLANG_WARN_OBJC_LITERAL_CONVERSION = YES;
				CLANG_WARN_OBJC_ROOT_CLASS = YES_ERROR;
				CLANG_WARN_QUOTED_INCLUDE_IN_FRAMEWORK_HEADER = YES;
				CLANG_WARN_RANGE_LOOP_ANALYSIS = YES;
				CLANG_WARN_STRICT_PROTOTYPES = YES;
				CLANG_WARN_SUSPICIOUS_MOVE = YES;
				CLANG_WARN_UNGUARDED_AVAILABILITY = YES_AGGRESSIVE;
				CLANG_WARN_UNREACHABLE_CODE = YES;
				CLANG_WARN__DUPLICATE_METHOD_MATCH = YES;
				COPY_PHASE_STRIP = NO;
				DEBUG_INFORMATION_FORMAT = "dwarf-with-dsym";
				ENABLE_NS_ASSERTIONS = NO;
				ENABLE_STRICT_OBJC_MSGSEND = YES;
				GCC_C_LANGUAGE_STANDARD = gnu11;
				GCC_NO_COMMON_BLOCKS = YES;
				GCC_WARN_64_TO_32_BIT_CONVERSION = YES;
				GCC_WARN_ABOUT_RETURN_TYPE = YES_ERROR;
				GCC_WARN_UNDECLARED_SELECTOR = YES;
				GCC_WARN_UNINITIALIZED_AUTOS = YES_AGGRESSIVE;
				GCC_WARN_UNUSED_FUNCTION = YES;
				GCC_WARN_UNUSED_VARIABLE = YES;
				IPHONEOS_DEPLOYMENT_TARGET = 15.2;
				MTL_ENABLE_DEBUG_INFO = NO;
				MTL_FAST_MATH = YES;
				SDKROOT = iphoneos;
				SWIFT_COMPILATION_MODE = wholemodule;
				SWIFT_OPTIMIZATION_LEVEL = "-O";
				VALIDATE_PRODUCT = YES;
			};
			name = Release;
		};
		1362D52527B2B89100695795 /* Debug */ = {
			isa = XCBuildConfiguration;
			buildSettings = {
				ASSETCATALOG_COMPILER_APPICON_NAME = AppIcon;
				ASSETCATALOG_COMPILER_GLOBAL_ACCENT_COLOR_NAME = AccentColor;
				CODE_SIGN_STYLE = Automatic;
				CURRENT_PROJECT_VERSION = 1;
				DEVELOPMENT_ASSET_PATHS = "\"MyFirstBasicTemplate/Preview Content\"";
				DEVELOPMENT_TEAM = Q537G68YQ8;
				ENABLE_PREVIEWS = YES;
				GENERATE_INFOPLIST_FILE = YES;
				INFOPLIST_KEY_UIApplicationSceneManifest_Generation = YES;
				INFOPLIST_KEY_UIApplicationSupportsIndirectInputEvents = YES;
				INFOPLIST_KEY_UILaunchScreen_Generation = YES;
				INFOPLIST_KEY_UISupportedInterfaceOrientations_iPad = "UIInterfaceOrientationPortrait UIInterfaceOrientationPortraitUpsideDown UIInterfaceOrientationLandscapeLeft UIInterfaceOrientationLandscapeRight";
				INFOPLIST_KEY_UISupportedInterfaceOrientations_iPhone = "UIInterfaceOrientationPortrait UIInterfaceOrientationLandscapeLeft UIInterfaceOrientationLandscapeRight";
				LD_RUNPATH_SEARCH_PATHS = (
					"$(inherited)",
					"@executable_path/Frameworks",
				);
				MARKETING_VERSION = 1.0;
				PRODUCT_BUNDLE_IDENTIFIER = com.edgaradrian.MyFirstBasicTemplate;
				PRODUCT_NAME = "$(TARGET_NAME)";
				SWIFT_EMIT_LOC_STRINGS = YES;
				SWIFT_VERSION = 5.0;
				TARGETED_DEVICE_FAMILY = "1,2";
			};
			name = Debug;
		};
		1362D52627B2B89100695795 /* Release */ = {
			isa = XCBuildConfiguration;
			buildSettings = {
				ASSETCATALOG_COMPILER_APPICON_NAME = AppIcon;
				ASSETCATALOG_COMPILER_GLOBAL_ACCENT_COLOR_NAME = AccentColor;
				CODE_SIGN_STYLE = Automatic;
				CURRENT_PROJECT_VERSION = 1;
				DEVELOPMENT_ASSET_PATHS = "\"MyFirstBasicTemplate/Preview Content\"";
				DEVELOPMENT_TEAM = Q537G68YQ8;
				ENABLE_PREVIEWS = YES;
				GENERATE_INFOPLIST_FILE = YES;
				INFOPLIST_KEY_UIApplicationSceneManifest_Generation = YES;
				INFOPLIST_KEY_UIApplicationSupportsIndirectInputEvents = YES;
				INFOPLIST_KEY_UILaunchScreen_Generation = YES;
				INFOPLIST_KEY_UISupportedInterfaceOrientations_iPad = "UIInterfaceOrientationPortrait UIInterfaceOrientationPortraitUpsideDown UIInterfaceOrientationLandscapeLeft UIInterfaceOrientationLandscapeRight";
				INFOPLIST_KEY_UISupportedInterfaceOrientations_iPhone = "UIInterfaceOrientationPortrait UIInterfaceOrientationLandscapeLeft UIInterfaceOrientationLandscapeRight";
				LD_RUNPATH_SEARCH_PATHS = (
					"$(inherited)",
					"@executable_path/Frameworks",
				);
				MARKETING_VERSION = 1.0;
				PRODUCT_BUNDLE_IDENTIFIER = com.edgaradrian.MyFirstBasicTemplate;
				PRODUCT_NAME = "$(TARGET_NAME)";
				SWIFT_EMIT_LOC_STRINGS = YES;
				SWIFT_VERSION = 5.0;
				TARGETED_DEVICE_FAMILY = "1,2";
			};
			name = Release;
		};
/* End XCBuildConfiguration section */

/* Begin XCConfigurationList section */
		1362D51127B2B88F00695795 /* Build configuration list for PBXProject "MyFirstBasicTemplate" */ = {
			isa = XCConfigurationList;
			buildConfigurations = (
				1362D52227B2B89100695795 /* Debug */,
				1362D52327B2B89100695795 /* Release */,
			);
			defaultConfigurationIsVisible = 0;
			defaultConfigurationName = Release;
		};
		1362D52427B2B89100695795 /* Build configuration list for PBXNativeTarget "MyFirstBasicTemplate" */ = {
			isa = XCConfigurationList;
			buildConfigurations = (
				1362D52527B2B89100695795 /* Debug */,
				1362D52627B2B89100695795 /* Release */,
			);
			defaultConfigurationIsVisible = 0;
			defaultConfigurationName = Release;
		};
/* End XCConfigurationList section */
	};
	rootObject = 1362D50E27B2B88F00695795 /* Project object */;
}
